{
  "version": 4,
  "terraform_version": "1.1.8",
  "serial": 305,
  "lineage": "6aa92ad5-cf88-df53-9fe3-690c564585c7",
  "outputs": {},
  "resources": [
    {
      "mode": "data",
      "type": "aws_availability_zones",
      "name": "available",
      "provider": "provider[\"registry.terraform.io/hashicorp/aws\"]",
      "instances": [
        {
          "schema_version": 0,
          "attributes": {
            "all_availability_zones": null,
            "exclude_names": null,
            "exclude_zone_ids": null,
            "filter": null,
            "group_names": [
              "eu-west-3"
            ],
            "id": "eu-west-3",
            "names": [
              "eu-west-3a",
              "eu-west-3b",
              "eu-west-3c"
            ],
            "state": null,
            "zone_ids": [
              "euw3-az1",
              "euw3-az2",
              "euw3-az3"
            ]
          },
          "sensitive_attributes": []
        }
      ]
    },
    {
      "mode": "managed",
      "type": "aws_alb",
      "name": "api",
      "provider": "provider[\"registry.terraform.io/hashicorp/aws\"]",
      "instances": [
        {
          "schema_version": 0,
          "attributes": {
            "access_logs": [
              {
                "bucket": "",
                "enabled": false,
                "prefix": ""
              }
            ],
            "arn": "arn:aws:elasticloadbalancing:eu-west-3:339518963654:loadbalancer/app/6fire-ecs-alb-api/af778ed818d91003",
            "arn_suffix": "app/6fire-ecs-alb-api/af778ed818d91003",
            "customer_owned_ipv4_pool": "",
            "desync_mitigation_mode": "defensive",
            "dns_name": "6fire-ecs-alb-api-756683120.eu-west-3.elb.amazonaws.com",
            "drop_invalid_header_fields": false,
            "enable_cross_zone_load_balancing": null,
            "enable_deletion_protection": false,
            "enable_http2": true,
            "enable_waf_fail_open": false,
            "id": "arn:aws:elasticloadbalancing:eu-west-3:339518963654:loadbalancer/app/6fire-ecs-alb-api/af778ed818d91003",
            "idle_timeout": 60,
            "internal": false,
            "ip_address_type": "ipv4",
            "load_balancer_type": "application",
            "name": "6fire-ecs-alb-api",
            "name_prefix": null,
            "security_groups": [
              "sg-01e4d866c323a3293"
            ],
            "subnet_mapping": [
              {
                "allocation_id": "",
                "ipv6_address": "",
                "outpost_id": "",
                "private_ipv4_address": "",
                "subnet_id": "subnet-038b556a2f621cf6c"
              },
              {
                "allocation_id": "",
                "ipv6_address": "",
                "outpost_id": "",
                "private_ipv4_address": "",
                "subnet_id": "subnet-0922f2786df67e914"
              }
            ],
            "subnets": [
              "subnet-038b556a2f621cf6c",
              "subnet-0922f2786df67e914"
            ],
            "tags": {
              "project": "6fire"
            },
            "tags_all": {
              "project": "6fire"
            },
            "timeouts": null,
            "vpc_id": "vpc-034d17bd6a032c03e",
            "zone_id": "Z3Q77PNBQS71R4"
          },
          "sensitive_attributes": [],
          "private": "eyJlMmJmYjczMC1lY2FhLTExZTYtOGY4OC0zNDM2M2JjN2M0YzAiOnsiY3JlYXRlIjo2MDAwMDAwMDAwMDAsImRlbGV0ZSI6NjAwMDAwMDAwMDAwLCJ1cGRhdGUiOjYwMDAwMDAwMDAwMH19",
          "dependencies": [
            "aws_security_group.lb_api",
            "aws_subnet.public",
            "aws_vpc.main",
            "data.aws_availability_zones.available"
          ]
        }
      ]
    },
    {
      "mode": "managed",
      "type": "aws_alb",
      "name": "client",
      "provider": "provider[\"registry.terraform.io/hashicorp/aws\"]",
      "instances": [
        {
          "schema_version": 0,
          "attributes": {
            "access_logs": [
              {
                "bucket": "",
                "enabled": false,
                "prefix": ""
              }
            ],
            "arn": "arn:aws:elasticloadbalancing:eu-west-3:339518963654:loadbalancer/app/6fire-ecs-alb-client/fa6337550a6f723a",
            "arn_suffix": "app/6fire-ecs-alb-client/fa6337550a6f723a",
            "customer_owned_ipv4_pool": "",
            "desync_mitigation_mode": "defensive",
            "dns_name": "6fire-ecs-alb-client-1405815152.eu-west-3.elb.amazonaws.com",
            "drop_invalid_header_fields": false,
            "enable_cross_zone_load_balancing": null,
            "enable_deletion_protection": false,
            "enable_http2": true,
            "enable_waf_fail_open": false,
            "id": "arn:aws:elasticloadbalancing:eu-west-3:339518963654:loadbalancer/app/6fire-ecs-alb-client/fa6337550a6f723a",
            "idle_timeout": 60,
            "internal": false,
            "ip_address_type": "ipv4",
            "load_balancer_type": "application",
            "name": "6fire-ecs-alb-client",
            "name_prefix": null,
            "security_groups": [
              "sg-01e4d866c323a3293"
            ],
            "subnet_mapping": [
              {
                "allocation_id": "",
                "ipv6_address": "",
                "outpost_id": "",
                "private_ipv4_address": "",
                "subnet_id": "subnet-038b556a2f621cf6c"
              },
              {
                "allocation_id": "",
                "ipv6_address": "",
                "outpost_id": "",
                "private_ipv4_address": "",
                "subnet_id": "subnet-0922f2786df67e914"
              }
            ],
            "subnets": [
              "subnet-038b556a2f621cf6c",
              "subnet-0922f2786df67e914"
            ],
            "tags": {
              "project": "6fire"
            },
            "tags_all": {
              "project": "6fire"
            },
            "timeouts": null,
            "vpc_id": "vpc-034d17bd6a032c03e",
            "zone_id": "Z3Q77PNBQS71R4"
          },
          "sensitive_attributes": [],
          "private": "eyJlMmJmYjczMC1lY2FhLTExZTYtOGY4OC0zNDM2M2JjN2M0YzAiOnsiY3JlYXRlIjo2MDAwMDAwMDAwMDAsImRlbGV0ZSI6NjAwMDAwMDAwMDAwLCJ1cGRhdGUiOjYwMDAwMDAwMDAwMH19",
          "dependencies": [
            "aws_security_group.lb_api",
            "aws_subnet.public",
            "aws_vpc.main",
            "data.aws_availability_zones.available"
          ]
        }
      ]
    },
    {
      "mode": "managed",
      "type": "aws_alb",
      "name": "dashboard",
      "provider": "provider[\"registry.terraform.io/hashicorp/aws\"]",
      "instances": [
        {
          "schema_version": 0,
          "attributes": {
            "access_logs": [
              {
                "bucket": "",
                "enabled": false,
                "prefix": ""
              }
            ],
            "arn": "arn:aws:elasticloadbalancing:eu-west-3:339518963654:loadbalancer/app/6fire-ecs-alb-dashboard/c42d3388d7acb125",
            "arn_suffix": "app/6fire-ecs-alb-dashboard/c42d3388d7acb125",
            "customer_owned_ipv4_pool": "",
            "desync_mitigation_mode": "defensive",
            "dns_name": "6fire-ecs-alb-dashboard-1133431051.eu-west-3.elb.amazonaws.com",
            "drop_invalid_header_fields": false,
            "enable_cross_zone_load_balancing": null,
            "enable_deletion_protection": false,
            "enable_http2": true,
            "enable_waf_fail_open": false,
            "id": "arn:aws:elasticloadbalancing:eu-west-3:339518963654:loadbalancer/app/6fire-ecs-alb-dashboard/c42d3388d7acb125",
            "idle_timeout": 60,
            "internal": false,
            "ip_address_type": "ipv4",
            "load_balancer_type": "application",
            "name": "6fire-ecs-alb-dashboard",
            "name_prefix": null,
            "security_groups": [
              "sg-01e4d866c323a3293"
            ],
            "subnet_mapping": [
              {
                "allocation_id": "",
                "ipv6_address": "",
                "outpost_id": "",
                "private_ipv4_address": "",
                "subnet_id": "subnet-038b556a2f621cf6c"
              },
              {
                "allocation_id": "",
                "ipv6_address": "",
                "outpost_id": "",
                "private_ipv4_address": "",
                "subnet_id": "subnet-0922f2786df67e914"
              }
            ],
            "subnets": [
              "subnet-038b556a2f621cf6c",
              "subnet-0922f2786df67e914"
            ],
            "tags": {
              "project": "6fire"
            },
            "tags_all": {
              "project": "6fire"
            },
            "timeouts": null,
            "vpc_id": "vpc-034d17bd6a032c03e",
            "zone_id": "Z3Q77PNBQS71R4"
          },
          "sensitive_attributes": [],
          "private": "eyJlMmJmYjczMC1lY2FhLTExZTYtOGY4OC0zNDM2M2JjN2M0YzAiOnsiY3JlYXRlIjo2MDAwMDAwMDAwMDAsImRlbGV0ZSI6NjAwMDAwMDAwMDAwLCJ1cGRhdGUiOjYwMDAwMDAwMDAwMH19",
          "dependencies": [
            "aws_security_group.lb_api",
            "aws_subnet.public",
            "aws_vpc.main",
            "data.aws_availability_zones.available"
          ]
        }
      ]
    },
    {
      "mode": "managed",
      "type": "aws_alb_listener",
      "name": "api",
      "provider": "provider[\"registry.terraform.io/hashicorp/aws\"]",
      "instances": [
        {
          "schema_version": 0,
          "attributes": {
            "alpn_policy": null,
            "arn": "arn:aws:elasticloadbalancing:eu-west-3:339518963654:listener/app/6fire-ecs-alb-api/af778ed818d91003/a8c919d538bf2e56",
            "certificate_arn": null,
            "default_action": [
              {
                "authenticate_cognito": [],
                "authenticate_oidc": [],
                "fixed_response": [],
                "forward": [],
                "order": 1,
                "redirect": [],
                "target_group_arn": "arn:aws:elasticloadbalancing:eu-west-3:339518963654:targetgroup/6fire-ecs-alb-tg-api/7f25f5b3592343dc",
                "type": "forward"
              }
            ],
            "id": "arn:aws:elasticloadbalancing:eu-west-3:339518963654:listener/app/6fire-ecs-alb-api/af778ed818d91003/a8c919d538bf2e56",
            "load_balancer_arn": "arn:aws:elasticloadbalancing:eu-west-3:339518963654:loadbalancer/app/6fire-ecs-alb-api/af778ed818d91003",
            "port": 80,
            "protocol": "HTTP",
            "ssl_policy": "",
            "tags": {
              "project": "6fire"
            },
            "tags_all": {
              "project": "6fire"
            },
            "timeouts": null
          },
          "sensitive_attributes": [],
          "private": "eyJlMmJmYjczMC1lY2FhLTExZTYtOGY4OC0zNDM2M2JjN2M0YzAiOnsicmVhZCI6NjAwMDAwMDAwMDAwfX0=",
          "dependencies": [
            "aws_alb.api",
            "aws_alb_target_group.api",
            "aws_security_group.lb_api",
            "aws_subnet.public",
            "aws_vpc.main",
            "data.aws_availability_zones.available"
          ]
        }
      ]
    },
    {
      "mode": "managed",
      "type": "aws_alb_listener",
      "name": "client",
      "provider": "provider[\"registry.terraform.io/hashicorp/aws\"]",
      "instances": [
        {
          "schema_version": 0,
          "attributes": {
            "alpn_policy": null,
            "arn": "arn:aws:elasticloadbalancing:eu-west-3:339518963654:listener/app/6fire-ecs-alb-client/fa6337550a6f723a/615d401dc2d02150",
            "certificate_arn": null,
            "default_action": [
              {
                "authenticate_cognito": [],
                "authenticate_oidc": [],
                "fixed_response": [],
                "forward": [],
                "order": 1,
                "redirect": [],
                "target_group_arn": "arn:aws:elasticloadbalancing:eu-west-3:339518963654:targetgroup/6fire-ecs-alb-tg-client/6770cc4c6f42104d",
                "type": "forward"
              }
            ],
            "id": "arn:aws:elasticloadbalancing:eu-west-3:339518963654:listener/app/6fire-ecs-alb-client/fa6337550a6f723a/615d401dc2d02150",
            "load_balancer_arn": "arn:aws:elasticloadbalancing:eu-west-3:339518963654:loadbalancer/app/6fire-ecs-alb-client/fa6337550a6f723a",
            "port": 80,
            "protocol": "HTTP",
            "ssl_policy": "",
            "tags": {
              "project": "6fire"
            },
            "tags_all": {
              "project": "6fire"
            },
            "timeouts": null
          },
          "sensitive_attributes": [],
          "private": "eyJlMmJmYjczMC1lY2FhLTExZTYtOGY4OC0zNDM2M2JjN2M0YzAiOnsicmVhZCI6NjAwMDAwMDAwMDAwfX0=",
          "dependencies": [
            "aws_alb.client",
            "aws_alb_target_group.client",
            "aws_security_group.lb_api",
            "aws_subnet.public",
            "aws_vpc.main",
            "data.aws_availability_zones.available"
          ]
        }
      ]
    },
    {
      "mode": "managed",
      "type": "aws_alb_listener",
      "name": "dashboard",
      "provider": "provider[\"registry.terraform.io/hashicorp/aws\"]",
      "instances": [
        {
          "schema_version": 0,
          "attributes": {
            "alpn_policy": null,
            "arn": "arn:aws:elasticloadbalancing:eu-west-3:339518963654:listener/app/6fire-ecs-alb-dashboard/c42d3388d7acb125/c33809b72e0f6892",
            "certificate_arn": null,
            "default_action": [
              {
                "authenticate_cognito": [],
                "authenticate_oidc": [],
                "fixed_response": [],
                "forward": [],
                "order": 1,
                "redirect": [],
                "target_group_arn": "arn:aws:elasticloadbalancing:eu-west-3:339518963654:targetgroup/6fire-ecs-alb-tg-dashboard/931664e153ef919c",
                "type": "forward"
              }
            ],
            "id": "arn:aws:elasticloadbalancing:eu-west-3:339518963654:listener/app/6fire-ecs-alb-dashboard/c42d3388d7acb125/c33809b72e0f6892",
            "load_balancer_arn": "arn:aws:elasticloadbalancing:eu-west-3:339518963654:loadbalancer/app/6fire-ecs-alb-dashboard/c42d3388d7acb125",
            "port": 80,
            "protocol": "HTTP",
            "ssl_policy": "",
            "tags": {
              "project": "6fire"
            },
            "tags_all": {
              "project": "6fire"
            },
            "timeouts": null
          },
          "sensitive_attributes": [],
          "private": "eyJlMmJmYjczMC1lY2FhLTExZTYtOGY4OC0zNDM2M2JjN2M0YzAiOnsicmVhZCI6NjAwMDAwMDAwMDAwfX0=",
          "dependencies": [
            "aws_alb.dashboard",
            "aws_alb_target_group.dashboard",
            "aws_security_group.lb_api",
            "aws_subnet.public",
            "aws_vpc.main",
            "data.aws_availability_zones.available"
          ]
        }
      ]
    },
    {
      "mode": "managed",
      "type": "aws_alb_target_group",
      "name": "api",
      "provider": "provider[\"registry.terraform.io/hashicorp/aws\"]",
      "instances": [
        {
          "schema_version": 0,
          "attributes": {
            "arn": "arn:aws:elasticloadbalancing:eu-west-3:339518963654:targetgroup/6fire-ecs-alb-tg-api/7f25f5b3592343dc",
            "arn_suffix": "targetgroup/6fire-ecs-alb-tg-api/7f25f5b3592343dc",
            "connection_termination": false,
            "deregistration_delay": "300",
            "health_check": [
              {
                "enabled": true,
                "healthy_threshold": 5,
                "interval": 30,
                "matcher": "200",
                "path": "/",
                "port": "traffic-port",
                "protocol": "HTTP",
                "timeout": 5,
                "unhealthy_threshold": 2
              }
            ],
            "id": "arn:aws:elasticloadbalancing:eu-west-3:339518963654:targetgroup/6fire-ecs-alb-tg-api/7f25f5b3592343dc",
            "lambda_multi_value_headers_enabled": false,
            "load_balancing_algorithm_type": "round_robin",
            "name": "6fire-ecs-alb-tg-api",
            "name_prefix": null,
            "port": 80,
            "preserve_client_ip": null,
            "protocol": "HTTP",
            "protocol_version": "HTTP1",
            "proxy_protocol_v2": false,
            "slow_start": 0,
            "stickiness": [
              {
                "cookie_duration": 86400,
                "cookie_name": "",
                "enabled": false,
                "type": "lb_cookie"
              }
            ],
            "tags": {
              "project": "6fire"
            },
            "tags_all": {
              "project": "6fire"
            },
            "target_type": "ip",
            "vpc_id": "vpc-034d17bd6a032c03e"
          },
          "sensitive_attributes": [],
          "private": "bnVsbA==",
          "dependencies": [
            "aws_vpc.main"
          ]
        }
      ]
    },
    {
      "mode": "managed",
      "type": "aws_alb_target_group",
      "name": "client",
      "provider": "provider[\"registry.terraform.io/hashicorp/aws\"]",
      "instances": [
        {
          "schema_version": 0,
          "attributes": {
            "arn": "arn:aws:elasticloadbalancing:eu-west-3:339518963654:targetgroup/6fire-ecs-alb-tg-client/6770cc4c6f42104d",
            "arn_suffix": "targetgroup/6fire-ecs-alb-tg-client/6770cc4c6f42104d",
            "connection_termination": false,
            "deregistration_delay": "300",
            "health_check": [
              {
                "enabled": true,
                "healthy_threshold": 5,
                "interval": 30,
                "matcher": "200",
                "path": "/",
                "port": "traffic-port",
                "protocol": "HTTP",
                "timeout": 5,
                "unhealthy_threshold": 2
              }
            ],
            "id": "arn:aws:elasticloadbalancing:eu-west-3:339518963654:targetgroup/6fire-ecs-alb-tg-client/6770cc4c6f42104d",
            "lambda_multi_value_headers_enabled": false,
            "load_balancing_algorithm_type": "round_robin",
            "name": "6fire-ecs-alb-tg-client",
            "name_prefix": null,
            "port": 80,
            "preserve_client_ip": null,
            "protocol": "HTTP",
            "protocol_version": "HTTP1",
            "proxy_protocol_v2": false,
            "slow_start": 0,
            "stickiness": [
              {
                "cookie_duration": 86400,
                "cookie_name": "",
                "enabled": false,
                "type": "lb_cookie"
              }
            ],
            "tags": {
              "project": "6fire"
            },
            "tags_all": {
              "project": "6fire"
            },
            "target_type": "ip",
            "vpc_id": "vpc-034d17bd6a032c03e"
          },
          "sensitive_attributes": [],
          "private": "bnVsbA==",
          "dependencies": [
            "aws_vpc.main"
          ]
        }
      ]
    },
    {
      "mode": "managed",
      "type": "aws_alb_target_group",
      "name": "dashboard",
      "provider": "provider[\"registry.terraform.io/hashicorp/aws\"]",
      "instances": [
        {
          "schema_version": 0,
          "attributes": {
            "arn": "arn:aws:elasticloadbalancing:eu-west-3:339518963654:targetgroup/6fire-ecs-alb-tg-dashboard/931664e153ef919c",
            "arn_suffix": "targetgroup/6fire-ecs-alb-tg-dashboard/931664e153ef919c",
            "connection_termination": false,
            "deregistration_delay": "300",
            "health_check": [
              {
                "enabled": true,
                "healthy_threshold": 5,
                "interval": 30,
                "matcher": "200",
                "path": "/",
                "port": "traffic-port",
                "protocol": "HTTP",
                "timeout": 5,
                "unhealthy_threshold": 2
              }
            ],
            "id": "arn:aws:elasticloadbalancing:eu-west-3:339518963654:targetgroup/6fire-ecs-alb-tg-dashboard/931664e153ef919c",
            "lambda_multi_value_headers_enabled": false,
            "load_balancing_algorithm_type": "round_robin",
            "name": "6fire-ecs-alb-tg-dashboard",
            "name_prefix": null,
            "port": 80,
            "preserve_client_ip": null,
            "protocol": "HTTP",
            "protocol_version": "HTTP1",
            "proxy_protocol_v2": false,
            "slow_start": 0,
            "stickiness": [
              {
                "cookie_duration": 86400,
                "cookie_name": "",
                "enabled": false,
                "type": "lb_cookie"
              }
            ],
            "tags": {
              "project": "6fire"
            },
            "tags_all": {
              "project": "6fire"
            },
            "target_type": "ip",
            "vpc_id": "vpc-034d17bd6a032c03e"
          },
          "sensitive_attributes": [],
          "private": "bnVsbA==",
          "dependencies": [
            "aws_vpc.main"
          ]
        }
      ]
    },
    {
      "mode": "managed",
      "type": "aws_appautoscaling_policy",
      "name": "api_policy_cpu",
      "provider": "provider[\"registry.terraform.io/hashicorp/aws\"]",
      "instances": [
        {
          "schema_version": 0,
          "attributes": {
            "arn": "arn:aws:autoscaling:eu-west-3:339518963654:scalingPolicy:ad28af92-425e-4af2-a334-5cd53ea6f055:resource/ecs/service/6fire-ecs-cluster/6fire-ecs-service-api:policyName/dev-to-cpu",
            "id": "dev-to-cpu",
            "name": "dev-to-cpu",
            "policy_type": "TargetTrackingScaling",
            "resource_id": "service/6fire-ecs-cluster/6fire-ecs-service-api",
            "scalable_dimension": "ecs:service:DesiredCount",
            "service_namespace": "ecs",
            "step_scaling_policy_configuration": [],
            "target_tracking_scaling_policy_configuration": [
              {
                "customized_metric_specification": [],
                "disable_scale_in": false,
                "predefined_metric_specification": [
                  {
                    "predefined_metric_type": "ECSServiceAverageCPUUtilization",
                    "resource_label": ""
                  }
                ],
                "scale_in_cooldown": 60,
                "scale_out_cooldown": 60,
                "target_value": 80
              }
            ]
          },
          "sensitive_attributes": [],
          "private": "bnVsbA==",
          "dependencies": [
            "aws_alb_target_group.api",
            "aws_appautoscaling_target.api_autoscaling_target",
            "aws_cloudwatch_log_group.api",
            "aws_db_instance.default",
            "aws_db_subnet_group.main",
            "aws_ecr_repository.api",
            "aws_ecs_cluster.default",
            "aws_ecs_service.api",
            "aws_ecs_task_definition.api",
            "aws_efs_access_point.storage",
            "aws_efs_file_system.main",
            "aws_iam_role.ecs_task_role",
            "aws_iam_role.esc_execution_role",
            "aws_security_group.ecs_tasks",
            "aws_security_group.lb_api",
            "aws_security_group.rds_sg",
            "aws_security_group.storage",
            "aws_subnet.private",
            "aws_subnet.public",
            "aws_subnet.storage",
            "aws_vpc.main",
            "data.aws_availability_zones.available"
          ]
        }
      ]
    },
    {
      "mode": "managed",
      "type": "aws_appautoscaling_policy",
      "name": "api_policy_memory",
      "provider": "provider[\"registry.terraform.io/hashicorp/aws\"]",
      "instances": [
        {
          "schema_version": 0,
          "attributes": {
            "arn": "arn:aws:autoscaling:eu-west-3:339518963654:scalingPolicy:ad28af92-425e-4af2-a334-5cd53ea6f055:resource/ecs/service/6fire-ecs-cluster/6fire-ecs-service-api:policyName/dev-to-memory",
            "id": "dev-to-memory",
            "name": "dev-to-memory",
            "policy_type": "TargetTrackingScaling",
            "resource_id": "service/6fire-ecs-cluster/6fire-ecs-service-api",
            "scalable_dimension": "ecs:service:DesiredCount",
            "service_namespace": "ecs",
            "step_scaling_policy_configuration": [],
            "target_tracking_scaling_policy_configuration": [
              {
                "customized_metric_specification": [],
                "disable_scale_in": false,
                "predefined_metric_specification": [
                  {
                    "predefined_metric_type": "ECSServiceAverageMemoryUtilization",
                    "resource_label": ""
                  }
                ],
                "scale_in_cooldown": 60,
                "scale_out_cooldown": 60,
                "target_value": 80
              }
            ]
          },
          "sensitive_attributes": [],
          "private": "bnVsbA==",
          "dependencies": [
            "aws_alb_target_group.api",
            "aws_appautoscaling_target.api_autoscaling_target",
            "aws_cloudwatch_log_group.api",
            "aws_db_instance.default",
            "aws_db_subnet_group.main",
            "aws_ecr_repository.api",
            "aws_ecs_cluster.default",
            "aws_ecs_service.api",
            "aws_ecs_task_definition.api",
            "aws_efs_access_point.storage",
            "aws_efs_file_system.main",
            "aws_iam_role.ecs_task_role",
            "aws_iam_role.esc_execution_role",
            "aws_security_group.ecs_tasks",
            "aws_security_group.lb_api",
            "aws_security_group.rds_sg",
            "aws_security_group.storage",
            "aws_subnet.private",
            "aws_subnet.public",
            "aws_subnet.storage",
            "aws_vpc.main",
            "data.aws_availability_zones.available"
          ]
        }
      ]
    },
    {
      "mode": "managed",
      "type": "aws_appautoscaling_policy",
      "name": "client_policy_cpu",
      "provider": "provider[\"registry.terraform.io/hashicorp/aws\"]",
      "instances": [
        {
          "schema_version": 0,
          "attributes": {
            "arn": "arn:aws:autoscaling:eu-west-3:339518963654:scalingPolicy:44687e89-9513-4549-adec-717bc97d83fd:resource/ecs/service/6fire-ecs-cluster/6fire-ecs-service-client:policyName/dev-to-cpu",
            "id": "dev-to-cpu",
            "name": "dev-to-cpu",
            "policy_type": "TargetTrackingScaling",
            "resource_id": "service/6fire-ecs-cluster/6fire-ecs-service-client",
            "scalable_dimension": "ecs:service:DesiredCount",
            "service_namespace": "ecs",
            "step_scaling_policy_configuration": [],
            "target_tracking_scaling_policy_configuration": [
              {
                "customized_metric_specification": [],
                "disable_scale_in": false,
                "predefined_metric_specification": [
                  {
                    "predefined_metric_type": "ECSServiceAverageCPUUtilization",
                    "resource_label": ""
                  }
                ],
                "scale_in_cooldown": 60,
                "scale_out_cooldown": 60,
                "target_value": 80
              }
            ]
          },
          "sensitive_attributes": [],
          "private": "bnVsbA==",
          "dependencies": [
            "aws_alb.api",
            "aws_alb_target_group.client",
            "aws_appautoscaling_target.client_autoscaling_target",
            "aws_cloudwatch_log_group.client",
            "aws_ecr_repository.client",
            "aws_ecs_cluster.default",
            "aws_ecs_service.client",
            "aws_ecs_task_definition.client",
            "aws_iam_role.ecs_task_role",
            "aws_iam_role.esc_execution_role",
            "aws_security_group.ecs_tasks",
            "aws_security_group.lb_api",
            "aws_subnet.public",
            "aws_vpc.main",
            "data.aws_availability_zones.available"
          ]
        }
      ]
    },
    {
      "mode": "managed",
      "type": "aws_appautoscaling_policy",
      "name": "client_policy_memory",
      "provider": "provider[\"registry.terraform.io/hashicorp/aws\"]",
      "instances": [
        {
          "schema_version": 0,
          "attributes": {
            "arn": "arn:aws:autoscaling:eu-west-3:339518963654:scalingPolicy:44687e89-9513-4549-adec-717bc97d83fd:resource/ecs/service/6fire-ecs-cluster/6fire-ecs-service-client:policyName/dev-to-memory",
            "id": "dev-to-memory",
            "name": "dev-to-memory",
            "policy_type": "TargetTrackingScaling",
            "resource_id": "service/6fire-ecs-cluster/6fire-ecs-service-client",
            "scalable_dimension": "ecs:service:DesiredCount",
            "service_namespace": "ecs",
            "step_scaling_policy_configuration": [],
            "target_tracking_scaling_policy_configuration": [
              {
                "customized_metric_specification": [],
                "disable_scale_in": false,
                "predefined_metric_specification": [
                  {
                    "predefined_metric_type": "ECSServiceAverageMemoryUtilization",
                    "resource_label": ""
                  }
                ],
                "scale_in_cooldown": 60,
                "scale_out_cooldown": 60,
                "target_value": 80
              }
            ]
          },
          "sensitive_attributes": [],
          "private": "bnVsbA==",
          "dependencies": [
            "aws_alb.api",
            "aws_alb_target_group.client",
            "aws_appautoscaling_target.client_autoscaling_target",
            "aws_cloudwatch_log_group.client",
            "aws_ecr_repository.client",
            "aws_ecs_cluster.default",
            "aws_ecs_service.client",
            "aws_ecs_task_definition.client",
            "aws_iam_role.ecs_task_role",
            "aws_iam_role.esc_execution_role",
            "aws_security_group.ecs_tasks",
            "aws_security_group.lb_api",
            "aws_subnet.public",
            "aws_vpc.main",
            "data.aws_availability_zones.available"
          ]
        }
      ]
    },
    {
      "mode": "managed",
      "type": "aws_appautoscaling_policy",
      "name": "dashoard_policy_cpu",
      "provider": "provider[\"registry.terraform.io/hashicorp/aws\"]",
      "instances": [
        {
          "schema_version": 0,
          "attributes": {
            "arn": "arn:aws:autoscaling:eu-west-3:339518963654:scalingPolicy:87f42098-04d9-455f-8b2a-885c173f7b43:resource/ecs/service/6fire-ecs-cluster/6fire-ecs-service-dashboard:policyName/dev-to-cpu",
            "id": "dev-to-cpu",
            "name": "dev-to-cpu",
            "policy_type": "TargetTrackingScaling",
            "resource_id": "service/6fire-ecs-cluster/6fire-ecs-service-dashboard",
            "scalable_dimension": "ecs:service:DesiredCount",
            "service_namespace": "ecs",
            "step_scaling_policy_configuration": [],
            "target_tracking_scaling_policy_configuration": [
              {
                "customized_metric_specification": [],
                "disable_scale_in": false,
                "predefined_metric_specification": [
                  {
                    "predefined_metric_type": "ECSServiceAverageCPUUtilization",
                    "resource_label": ""
                  }
                ],
                "scale_in_cooldown": 60,
                "scale_out_cooldown": 60,
                "target_value": 80
              }
            ]
          },
          "sensitive_attributes": [],
          "private": "bnVsbA==",
          "dependencies": [
            "aws_alb.api",
            "aws_alb_target_group.dashboard",
            "aws_appautoscaling_target.dashboard_autoscaling_target",
            "aws_cloudwatch_log_group.dashboard",
            "aws_ecr_repository.dashboard",
            "aws_ecs_cluster.default",
            "aws_ecs_service.dashboard",
            "aws_ecs_task_definition.dashboard",
            "aws_iam_role.ecs_task_role",
            "aws_iam_role.esc_execution_role",
            "aws_security_group.ecs_tasks",
            "aws_security_group.lb_api",
            "aws_subnet.public",
            "aws_vpc.main",
            "data.aws_availability_zones.available"
          ]
        }
      ]
    },
    {
      "mode": "managed",
      "type": "aws_appautoscaling_policy",
      "name": "dashoard_policy_memory",
      "provider": "provider[\"registry.terraform.io/hashicorp/aws\"]",
      "instances": [
        {
          "schema_version": 0,
          "attributes": {
            "arn": "arn:aws:autoscaling:eu-west-3:339518963654:scalingPolicy:87f42098-04d9-455f-8b2a-885c173f7b43:resource/ecs/service/6fire-ecs-cluster/6fire-ecs-service-dashboard:policyName/dev-to-memory",
            "id": "dev-to-memory",
            "name": "dev-to-memory",
            "policy_type": "TargetTrackingScaling",
            "resource_id": "service/6fire-ecs-cluster/6fire-ecs-service-dashboard",
            "scalable_dimension": "ecs:service:DesiredCount",
            "service_namespace": "ecs",
            "step_scaling_policy_configuration": [],
            "target_tracking_scaling_policy_configuration": [
              {
                "customized_metric_specification": [],
                "disable_scale_in": false,
                "predefined_metric_specification": [
                  {
                    "predefined_metric_type": "ECSServiceAverageMemoryUtilization",
                    "resource_label": ""
                  }
                ],
                "scale_in_cooldown": 60,
                "scale_out_cooldown": 60,
                "target_value": 80
              }
            ]
          },
          "sensitive_attributes": [],
          "private": "bnVsbA==",
          "dependencies": [
            "aws_alb.api",
            "aws_alb_target_group.dashboard",
            "aws_appautoscaling_target.dashboard_autoscaling_target",
            "aws_cloudwatch_log_group.dashboard",
            "aws_ecr_repository.dashboard",
            "aws_ecs_cluster.default",
            "aws_ecs_service.dashboard",
            "aws_ecs_task_definition.dashboard",
            "aws_iam_role.ecs_task_role",
            "aws_iam_role.esc_execution_role",
            "aws_security_group.ecs_tasks",
            "aws_security_group.lb_api",
            "aws_subnet.public",
            "aws_vpc.main",
            "data.aws_availability_zones.available"
          ]
        }
      ]
    },
    {
      "mode": "managed",
      "type": "aws_appautoscaling_target",
      "name": "api_autoscaling_target",
      "provider": "provider[\"registry.terraform.io/hashicorp/aws\"]",
      "instances": [
        {
          "schema_version": 0,
          "attributes": {
            "id": "service/6fire-ecs-cluster/6fire-ecs-service-api",
            "max_capacity": 5,
            "min_capacity": 1,
            "resource_id": "service/6fire-ecs-cluster/6fire-ecs-service-api",
            "role_arn": "arn:aws:iam::339518963654:role/aws-service-role/ecs.application-autoscaling.amazonaws.com/AWSServiceRoleForApplicationAutoScaling_ECSService",
            "scalable_dimension": "ecs:service:DesiredCount",
            "service_namespace": "ecs"
          },
          "sensitive_attributes": [],
          "private": "bnVsbA==",
          "dependencies": [
            "aws_alb_target_group.api",
            "aws_cloudwatch_log_group.api",
            "aws_db_instance.default",
            "aws_db_subnet_group.main",
            "aws_ecr_repository.api",
            "aws_ecs_cluster.default",
            "aws_ecs_service.api",
            "aws_ecs_task_definition.api",
            "aws_efs_access_point.storage",
            "aws_efs_file_system.main",
            "aws_iam_role.ecs_task_role",
            "aws_iam_role.esc_execution_role",
            "aws_security_group.ecs_tasks",
            "aws_security_group.lb_api",
            "aws_security_group.rds_sg",
            "aws_security_group.storage",
            "aws_subnet.private",
            "aws_subnet.public",
            "aws_subnet.storage",
            "aws_vpc.main",
            "data.aws_availability_zones.available"
          ]
        }
      ]
    },
    {
      "mode": "managed",
      "type": "aws_appautoscaling_target",
      "name": "client_autoscaling_target",
      "provider": "provider[\"registry.terraform.io/hashicorp/aws\"]",
      "instances": [
        {
          "schema_version": 0,
          "attributes": {
            "id": "service/6fire-ecs-cluster/6fire-ecs-service-client",
            "max_capacity": 5,
            "min_capacity": 1,
            "resource_id": "service/6fire-ecs-cluster/6fire-ecs-service-client",
            "role_arn": "arn:aws:iam::339518963654:role/aws-service-role/ecs.application-autoscaling.amazonaws.com/AWSServiceRoleForApplicationAutoScaling_ECSService",
            "scalable_dimension": "ecs:service:DesiredCount",
            "service_namespace": "ecs"
          },
          "sensitive_attributes": [],
          "private": "bnVsbA==",
          "dependencies": [
            "aws_alb.api",
            "aws_alb_target_group.client",
            "aws_cloudwatch_log_group.client",
            "aws_ecr_repository.client",
            "aws_ecs_cluster.default",
            "aws_ecs_service.client",
            "aws_ecs_task_definition.client",
            "aws_iam_role.ecs_task_role",
            "aws_iam_role.esc_execution_role",
            "aws_security_group.ecs_tasks",
            "aws_security_group.lb_api",
            "aws_subnet.public",
            "aws_vpc.main",
            "data.aws_availability_zones.available"
          ]
        }
      ]
    },
    {
      "mode": "managed",
      "type": "aws_appautoscaling_target",
      "name": "dashboard_autoscaling_target",
      "provider": "provider[\"registry.terraform.io/hashicorp/aws\"]",
      "instances": [
        {
          "schema_version": 0,
          "attributes": {
            "id": "service/6fire-ecs-cluster/6fire-ecs-service-dashboard",
            "max_capacity": 5,
            "min_capacity": 1,
            "resource_id": "service/6fire-ecs-cluster/6fire-ecs-service-dashboard",
            "role_arn": "arn:aws:iam::339518963654:role/aws-service-role/ecs.application-autoscaling.amazonaws.com/AWSServiceRoleForApplicationAutoScaling_ECSService",
            "scalable_dimension": "ecs:service:DesiredCount",
            "service_namespace": "ecs"
          },
          "sensitive_attributes": [],
          "private": "bnVsbA==",
          "dependencies": [
            "aws_alb.api",
            "aws_alb_target_group.dashboard",
            "aws_cloudwatch_log_group.dashboard",
            "aws_ecr_repository.dashboard",
            "aws_ecs_cluster.default",
            "aws_ecs_service.dashboard",
            "aws_ecs_task_definition.dashboard",
            "aws_iam_role.ecs_task_role",
            "aws_iam_role.esc_execution_role",
            "aws_security_group.ecs_tasks",
            "aws_security_group.lb_api",
            "aws_subnet.public",
            "aws_vpc.main",
            "data.aws_availability_zones.available"
          ]
        }
      ]
    },
    {
      "mode": "managed",
      "type": "aws_cloudwatch_log_group",
      "name": "api",
      "provider": "provider[\"registry.terraform.io/hashicorp/aws\"]",
      "instances": [
        {
          "schema_version": 0,
          "attributes": {
            "arn": "arn:aws:logs:eu-west-3:339518963654:log-group:6fire-api",
            "id": "6fire-api",
            "kms_key_id": "",
            "name": "6fire-api",
            "name_prefix": null,
            "retention_in_days": 0,
            "tags": {},
            "tags_all": {}
          },
          "sensitive_attributes": [],
          "private": "bnVsbA=="
        }
      ]
    },
    {
      "mode": "managed",
      "type": "aws_cloudwatch_log_group",
      "name": "client",
      "provider": "provider[\"registry.terraform.io/hashicorp/aws\"]",
      "instances": [
        {
          "schema_version": 0,
          "attributes": {
            "arn": "arn:aws:logs:eu-west-3:339518963654:log-group:6fire-client",
            "id": "6fire-client",
            "kms_key_id": "",
            "name": "6fire-client",
            "name_prefix": null,
            "retention_in_days": 0,
            "tags": {},
            "tags_all": {}
          },
          "sensitive_attributes": [],
          "private": "bnVsbA=="
        }
      ]
    },
    {
      "mode": "managed",
      "type": "aws_cloudwatch_log_group",
      "name": "dashboard",
      "provider": "provider[\"registry.terraform.io/hashicorp/aws\"]",
      "instances": [
        {
          "schema_version": 0,
          "attributes": {
            "arn": "arn:aws:logs:eu-west-3:339518963654:log-group:6fire-dashboard",
            "id": "6fire-dashboard",
            "kms_key_id": "",
            "name": "6fire-dashboard",
            "name_prefix": null,
            "retention_in_days": 0,
            "tags": {},
            "tags_all": {}
          },
          "sensitive_attributes": [],
          "private": "bnVsbA=="
        }
      ]
    },
    {
      "mode": "managed",
      "type": "aws_db_instance",
      "name": "default",
      "provider": "provider[\"registry.terraform.io/hashicorp/aws\"]",
      "instances": [
        {
          "schema_version": 1,
          "attributes": {
            "address": "rds-6fire-backend.cteb0vg4smt6.eu-west-3.rds.amazonaws.com",
            "allocated_storage": 15,
            "allow_major_version_upgrade": null,
            "apply_immediately": null,
            "arn": "arn:aws:rds:eu-west-3:339518963654:db:rds-6fire-backend",
            "auto_minor_version_upgrade": true,
            "availability_zone": "eu-west-3a",
            "backup_retention_period": 0,
            "backup_window": "10:21-10:51",
            "ca_cert_identifier": "rds-ca-2019",
            "character_set_name": "",
            "copy_tags_to_snapshot": false,
            "customer_owned_ip_enabled": false,
            "db_subnet_group_name": "rds-6fire-cluster",
            "delete_automated_backups": true,
            "deletion_protection": false,
            "domain": "",
            "domain_iam_role_name": "",
            "enabled_cloudwatch_logs_exports": [],
            "endpoint": "rds-6fire-backend.cteb0vg4smt6.eu-west-3.rds.amazonaws.com:5432",
            "engine": "postgres",
            "engine_version": "13.4",
            "engine_version_actual": "13.4",
            "final_snapshot_identifier": null,
            "hosted_zone_id": "ZMESEXB7ZGGQ3",
            "iam_database_authentication_enabled": false,
            "id": "rds-6fire-backend",
            "identifier": "rds-6fire-backend",
            "identifier_prefix": null,
            "instance_class": "db.t3.small",
            "iops": 0,
            "kms_key_id": "",
            "latest_restorable_time": "0001-01-01T00:00:00Z",
            "license_model": "postgresql-license",
            "maintenance_window": "wed:05:25-wed:05:55",
            "max_allocated_storage": 0,
            "monitoring_interval": 0,
            "monitoring_role_arn": "",
            "multi_az": false,
            "name": "db6fire",
            "nchar_character_set_name": "",
            "option_group_name": "default:postgres-13",
            "parameter_group_name": "default.postgres13",
            "password": "postgres",
            "performance_insights_enabled": false,
            "performance_insights_kms_key_id": "",
            "performance_insights_retention_period": 0,
            "port": 5432,
            "publicly_accessible": true,
            "replica_mode": "",
            "replicas": [],
            "replicate_source_db": "",
            "resource_id": "db-F5D4QSKO6VWBB7DVB7GC4QZLVQ",
            "restore_to_point_in_time": [],
            "s3_import": [],
            "security_group_names": [],
            "skip_final_snapshot": true,
            "snapshot_identifier": null,
            "status": "available",
            "storage_encrypted": false,
            "storage_type": "gp2",
            "tags": {
              "project": "6fire"
            },
            "tags_all": {
              "project": "6fire"
            },
            "timeouts": null,
            "timezone": "",
            "username": "postgres",
            "vpc_security_group_ids": [
              "sg-015a69d0bedce18e7"
            ]
          },
          "sensitive_attributes": [],
          "private": "eyJlMmJmYjczMC1lY2FhLTExZTYtOGY4OC0zNDM2M2JjN2M0YzAiOnsiY3JlYXRlIjoyNDAwMDAwMDAwMDAwLCJkZWxldGUiOjM2MDAwMDAwMDAwMDAsInVwZGF0ZSI6NDgwMDAwMDAwMDAwMH0sInNjaGVtYV92ZXJzaW9uIjoiMSJ9",
          "dependencies": [
            "aws_db_subnet_group.main",
            "aws_security_group.rds_sg",
            "aws_subnet.private",
            "aws_vpc.main",
            "data.aws_availability_zones.available"
          ]
        }
      ]
    },
    {
      "mode": "managed",
      "type": "aws_db_subnet_group",
      "name": "main",
      "provider": "provider[\"registry.terraform.io/hashicorp/aws\"]",
      "instances": [
        {
          "schema_version": 0,
          "attributes": {
            "arn": "arn:aws:rds:eu-west-3:339518963654:subgrp:rds-6fire-cluster",
            "description": "6fire-backend-vpc",
            "id": "rds-6fire-cluster",
            "name": "rds-6fire-cluster",
            "name_prefix": null,
            "subnet_ids": [
              "subnet-09240d8880b31dd26",
              "subnet-0b3a71a2b2cc27a9c"
            ],
            "tags": {
              "project": "6fire"
            },
            "tags_all": {
              "project": "6fire"
            }
          },
          "sensitive_attributes": [],
          "private": "bnVsbA==",
          "dependencies": [
            "aws_subnet.private",
            "aws_vpc.main",
            "data.aws_availability_zones.available"
          ]
        }
      ]
    },
    {
      "mode": "managed",
      "type": "aws_ecr_repository",
      "name": "api",
      "provider": "provider[\"registry.terraform.io/hashicorp/aws\"]",
      "instances": [
        {
          "schema_version": 0,
          "attributes": {
            "arn": "arn:aws:ecr:eu-west-3:339518963654:repository/6fire-api",
            "encryption_configuration": [
              {
                "encryption_type": "AES256",
                "kms_key": ""
              }
            ],
            "id": "6fire-api",
            "image_scanning_configuration": [
              {
                "scan_on_push": false
              }
            ],
            "image_tag_mutability": "MUTABLE",
            "name": "6fire-api",
            "registry_id": "339518963654",
            "repository_url": "339518963654.dkr.ecr.eu-west-3.amazonaws.com/6fire-api",
            "tags": {
              "project": "6fire"
            },
            "tags_all": {
              "project": "6fire"
            },
            "timeouts": null
          },
          "sensitive_attributes": [],
          "private": "eyJlMmJmYjczMC1lY2FhLTExZTYtOGY4OC0zNDM2M2JjN2M0YzAiOnsiZGVsZXRlIjoxMjAwMDAwMDAwMDAwfX0="
        }
      ]
    },
    {
      "mode": "managed",
      "type": "aws_ecr_repository",
      "name": "client",
      "provider": "provider[\"registry.terraform.io/hashicorp/aws\"]",
      "instances": [
        {
          "schema_version": 0,
          "attributes": {
            "arn": "arn:aws:ecr:eu-west-3:339518963654:repository/6fire-client",
            "encryption_configuration": [
              {
                "encryption_type": "AES256",
                "kms_key": ""
              }
            ],
            "id": "6fire-client",
            "image_scanning_configuration": [
              {
                "scan_on_push": false
              }
            ],
            "image_tag_mutability": "MUTABLE",
            "name": "6fire-client",
            "registry_id": "339518963654",
            "repository_url": "339518963654.dkr.ecr.eu-west-3.amazonaws.com/6fire-client",
            "tags": {
              "project": "6fire"
            },
            "tags_all": {
              "project": "6fire"
            },
            "timeouts": null
          },
          "sensitive_attributes": [],
          "private": "eyJlMmJmYjczMC1lY2FhLTExZTYtOGY4OC0zNDM2M2JjN2M0YzAiOnsiZGVsZXRlIjoxMjAwMDAwMDAwMDAwfX0="
        }
      ]
    },
    {
      "mode": "managed",
      "type": "aws_ecr_repository",
      "name": "dashboard",
      "provider": "provider[\"registry.terraform.io/hashicorp/aws\"]",
      "instances": [
        {
          "schema_version": 0,
          "attributes": {
            "arn": "arn:aws:ecr:eu-west-3:339518963654:repository/6fire-dashboard",
            "encryption_configuration": [
              {
                "encryption_type": "AES256",
                "kms_key": ""
              }
            ],
            "id": "6fire-dashboard",
            "image_scanning_configuration": [
              {
                "scan_on_push": false
              }
            ],
            "image_tag_mutability": "MUTABLE",
            "name": "6fire-dashboard",
            "registry_id": "339518963654",
            "repository_url": "339518963654.dkr.ecr.eu-west-3.amazonaws.com/6fire-dashboard",
            "tags": {
              "project": "6fire"
            },
            "tags_all": {
              "project": "6fire"
            },
            "timeouts": null
          },
          "sensitive_attributes": [],
          "private": "eyJlMmJmYjczMC1lY2FhLTExZTYtOGY4OC0zNDM2M2JjN2M0YzAiOnsiZGVsZXRlIjoxMjAwMDAwMDAwMDAwfX0="
        }
      ]
    },
    {
      "mode": "managed",
      "type": "aws_ecr_repository_policy",
      "name": "api",
      "provider": "provider[\"registry.terraform.io/hashicorp/aws\"]",
      "instances": [
        {
          "schema_version": 0,
          "attributes": {
            "id": "6fire-api",
            "policy": "{\"Statement\":[{\"Action\":[\"ecr:BatchCheckLayerAvailability\",\"ecr:BatchGetImage\",\"ecr:CompleteLayerUpload\",\"ecr:GetDownloadUrlForLayer\",\"ecr:GetLifecyclePolicy\",\"ecr:InitiateLayerUpload\",\"ecr:PutImage\",\"ecr:UploadLayerPart\"],\"Effect\":\"Allow\",\"Principal\":\"*\",\"Sid\":\"adds full ecr access to the demo repository\"}],\"Version\":\"2008-10-17\"}",
            "registry_id": "339518963654",
            "repository": "6fire-api"
          },
          "sensitive_attributes": [],
          "private": "bnVsbA==",
          "dependencies": [
            "aws_ecr_repository.api"
          ]
        }
      ]
    },
    {
      "mode": "managed",
      "type": "aws_ecr_repository_policy",
      "name": "client",
      "provider": "provider[\"registry.terraform.io/hashicorp/aws\"]",
      "instances": [
        {
          "schema_version": 0,
          "attributes": {
            "id": "6fire-client",
            "policy": "{\"Statement\":[{\"Action\":[\"ecr:BatchCheckLayerAvailability\",\"ecr:BatchGetImage\",\"ecr:CompleteLayerUpload\",\"ecr:GetDownloadUrlForLayer\",\"ecr:GetLifecyclePolicy\",\"ecr:InitiateLayerUpload\",\"ecr:PutImage\",\"ecr:UploadLayerPart\"],\"Effect\":\"Allow\",\"Principal\":\"*\",\"Sid\":\"adds full ecr access to the demo repository\"}],\"Version\":\"2008-10-17\"}",
            "registry_id": "339518963654",
            "repository": "6fire-client"
          },
          "sensitive_attributes": [],
          "private": "bnVsbA==",
          "dependencies": [
            "aws_ecr_repository.client"
          ]
        }
      ]
    },
    {
      "mode": "managed",
      "type": "aws_ecr_repository_policy",
      "name": "dashboard",
      "provider": "provider[\"registry.terraform.io/hashicorp/aws\"]",
      "instances": [
        {
          "schema_version": 0,
          "attributes": {
            "id": "6fire-dashboard",
            "policy": "{\"Statement\":[{\"Action\":[\"ecr:BatchCheckLayerAvailability\",\"ecr:BatchGetImage\",\"ecr:CompleteLayerUpload\",\"ecr:GetDownloadUrlForLayer\",\"ecr:GetLifecyclePolicy\",\"ecr:InitiateLayerUpload\",\"ecr:PutImage\",\"ecr:UploadLayerPart\"],\"Effect\":\"Allow\",\"Principal\":\"*\",\"Sid\":\"adds full ecr access to the demo repository\"}],\"Version\":\"2008-10-17\"}",
            "registry_id": "339518963654",
            "repository": "6fire-dashboard"
          },
          "sensitive_attributes": [],
          "private": "bnVsbA==",
          "dependencies": [
            "aws_ecr_repository.dashboard"
          ]
        }
      ]
    },
    {
      "mode": "managed",
      "type": "aws_ecs_cluster",
      "name": "default",
      "provider": "provider[\"registry.terraform.io/hashicorp/aws\"]",
      "instances": [
        {
          "schema_version": 0,
          "attributes": {
            "arn": "arn:aws:ecs:eu-west-3:339518963654:cluster/6fire-ecs-cluster",
            "capacity_providers": [],
            "configuration": [],
            "default_capacity_provider_strategy": [],
            "id": "arn:aws:ecs:eu-west-3:339518963654:cluster/6fire-ecs-cluster",
            "name": "6fire-ecs-cluster",
            "setting": [
              {
                "name": "containerInsights",
                "value": "disabled"
              }
            ],
            "tags": {
              "project": "6fire"
            },
            "tags_all": {
              "project": "6fire"
            }
          },
          "sensitive_attributes": [],
          "private": "bnVsbA=="
        }
      ]
    },
    {
      "mode": "managed",
      "type": "aws_ecs_service",
      "name": "api",
      "provider": "provider[\"registry.terraform.io/hashicorp/aws\"]",
      "instances": [
        {
          "schema_version": 0,
          "attributes": {
            "capacity_provider_strategy": [],
            "cluster": "arn:aws:ecs:eu-west-3:339518963654:cluster/6fire-ecs-cluster",
            "deployment_circuit_breaker": [
              {
                "enable": false,
                "rollback": false
              }
            ],
            "deployment_controller": [
              {
                "type": "ECS"
              }
            ],
            "deployment_maximum_percent": 200,
            "deployment_minimum_healthy_percent": 100,
            "desired_count": 2,
            "enable_ecs_managed_tags": false,
            "enable_execute_command": false,
            "force_new_deployment": null,
            "health_check_grace_period_seconds": 0,
            "iam_role": "aws-service-role",
            "id": "arn:aws:ecs:eu-west-3:339518963654:service/6fire-ecs-cluster/6fire-ecs-service-api",
            "launch_type": "FARGATE",
            "load_balancer": [
              {
                "container_name": "api",
                "container_port": 3333,
                "elb_name": "",
                "target_group_arn": "arn:aws:elasticloadbalancing:eu-west-3:339518963654:targetgroup/6fire-ecs-alb-tg-api/7f25f5b3592343dc"
              }
            ],
            "name": "6fire-ecs-service-api",
            "network_configuration": [
              {
                "assign_public_ip": true,
                "security_groups": [
                  "sg-015a69d0bedce18e7",
                  "sg-01e4d866c323a3293",
                  "sg-079dabb7d44fb2c4f",
                  "sg-0b072a5875f0996b1"
                ],
                "subnets": [
                  "subnet-038b556a2f621cf6c",
                  "subnet-0922f2786df67e914",
                  "subnet-09240d8880b31dd26",
                  "subnet-098a035b04483f60e",
                  "subnet-0b3a71a2b2cc27a9c"
                ]
              }
            ],
            "ordered_placement_strategy": [],
            "placement_constraints": [],
            "platform_version": "LATEST",
            "propagate_tags": "NONE",
            "scheduling_strategy": "REPLICA",
            "service_registries": [],
            "tags": {
              "project": "6fire"
            },
            "tags_all": {
              "project": "6fire"
            },
            "task_definition": "arn:aws:ecs:eu-west-3:339518963654:task-definition/6fire-ecs-task-definition-family-api:55",
            "timeouts": null,
            "wait_for_steady_state": false
          },
          "sensitive_attributes": [],
          "private": "eyJlMmJmYjczMC1lY2FhLTExZTYtOGY4OC0zNDM2M2JjN2M0YzAiOnsiZGVsZXRlIjoxMjAwMDAwMDAwMDAwfX0=",
          "dependencies": [
            "aws_alb_target_group.api",
            "aws_cloudwatch_log_group.api",
            "aws_db_instance.default",
            "aws_ecr_repository.api",
            "aws_ecs_cluster.default",
            "aws_ecs_task_definition.api",
            "aws_efs_access_point.storage",
            "aws_efs_file_system.main",
            "aws_iam_role.ecs_task_role",
            "aws_iam_role.esc_execution_role",
            "aws_security_group.ecs_tasks",
            "aws_security_group.lb_api",
            "aws_security_group.rds_sg",
            "aws_security_group.storage",
            "aws_subnet.private",
            "aws_subnet.public",
            "aws_subnet.storage"
          ]
        }
      ]
    },
    {
      "mode": "managed",
      "type": "aws_ecs_service",
      "name": "client",
      "provider": "provider[\"registry.terraform.io/hashicorp/aws\"]",
      "instances": [
        {
          "schema_version": 0,
          "attributes": {
            "capacity_provider_strategy": [],
            "cluster": "arn:aws:ecs:eu-west-3:339518963654:cluster/6fire-ecs-cluster",
            "deployment_circuit_breaker": [
              {
                "enable": false,
                "rollback": false
              }
            ],
            "deployment_controller": [
              {
                "type": "ECS"
              }
            ],
            "deployment_maximum_percent": 200,
            "deployment_minimum_healthy_percent": 100,
            "desired_count": 2,
            "enable_ecs_managed_tags": false,
            "enable_execute_command": false,
            "force_new_deployment": null,
            "health_check_grace_period_seconds": 0,
            "iam_role": "aws-service-role",
            "id": "arn:aws:ecs:eu-west-3:339518963654:service/6fire-ecs-cluster/6fire-ecs-service-client",
            "launch_type": "FARGATE",
            "load_balancer": [
              {
                "container_name": "client",
                "container_port": 3000,
                "elb_name": "",
                "target_group_arn": "arn:aws:elasticloadbalancing:eu-west-3:339518963654:targetgroup/6fire-ecs-alb-tg-client/6770cc4c6f42104d"
              }
            ],
            "name": "6fire-ecs-service-client",
            "network_configuration": [
              {
                "assign_public_ip": true,
                "security_groups": [
                  "sg-079dabb7d44fb2c4f"
                ],
                "subnets": [
                  "subnet-038b556a2f621cf6c",
                  "subnet-0922f2786df67e914"
                ]
              }
            ],
            "ordered_placement_strategy": [],
            "placement_constraints": [],
            "platform_version": "LATEST",
            "propagate_tags": "NONE",
            "scheduling_strategy": "REPLICA",
            "service_registries": [],
            "tags": {
              "project": "6fire"
            },
            "tags_all": {
              "project": "6fire"
            },
            "task_definition": "arn:aws:ecs:eu-west-3:339518963654:task-definition/6fire-ecs-task-definition-family-client:46",
            "timeouts": null,
            "wait_for_steady_state": false
          },
          "sensitive_attributes": [],
          "private": "eyJlMmJmYjczMC1lY2FhLTExZTYtOGY4OC0zNDM2M2JjN2M0YzAiOnsiZGVsZXRlIjoxMjAwMDAwMDAwMDAwfX0=",
          "dependencies": [
            "aws_alb_target_group.client",
            "aws_ecs_cluster.default",
            "aws_ecs_task_definition.client",
            "aws_security_group.ecs_tasks",
            "aws_subnet.public"
          ]
        }
      ]
    },
    {
      "mode": "managed",
      "type": "aws_ecs_service",
      "name": "dashboard",
      "provider": "provider[\"registry.terraform.io/hashicorp/aws\"]",
      "instances": [
        {
          "schema_version": 0,
          "attributes": {
            "capacity_provider_strategy": [],
            "cluster": "arn:aws:ecs:eu-west-3:339518963654:cluster/6fire-ecs-cluster",
            "deployment_circuit_breaker": [
              {
                "enable": false,
                "rollback": false
              }
            ],
            "deployment_controller": [
              {
                "type": "ECS"
              }
            ],
            "deployment_maximum_percent": 200,
            "deployment_minimum_healthy_percent": 100,
            "desired_count": 2,
            "enable_ecs_managed_tags": false,
            "enable_execute_command": false,
            "force_new_deployment": null,
            "health_check_grace_period_seconds": 0,
            "iam_role": "aws-service-role",
            "id": "arn:aws:ecs:eu-west-3:339518963654:service/6fire-ecs-cluster/6fire-ecs-service-dashboard",
            "launch_type": "FARGATE",
            "load_balancer": [
              {
                "container_name": "dashboard",
                "container_port": 3000,
                "elb_name": "",
                "target_group_arn": "arn:aws:elasticloadbalancing:eu-west-3:339518963654:targetgroup/6fire-ecs-alb-tg-dashboard/931664e153ef919c"
              }
            ],
            "name": "6fire-ecs-service-dashboard",
            "network_configuration": [
              {
                "assign_public_ip": true,
                "security_groups": [
                  "sg-079dabb7d44fb2c4f"
                ],
                "subnets": [
                  "subnet-038b556a2f621cf6c",
                  "subnet-0922f2786df67e914"
                ]
              }
            ],
            "ordered_placement_strategy": [],
            "placement_constraints": [],
            "platform_version": "LATEST",
            "propagate_tags": "NONE",
            "scheduling_strategy": "REPLICA",
            "service_registries": [],
            "tags": {
              "project": "6fire"
            },
            "tags_all": {
              "project": "6fire"
            },
            "task_definition": "arn:aws:ecs:eu-west-3:339518963654:task-definition/6fire-ecs-task-definition-family-dashboard:40",
            "timeouts": null,
            "wait_for_steady_state": false
          },
          "sensitive_attributes": [],
          "private": "eyJlMmJmYjczMC1lY2FhLTExZTYtOGY4OC0zNDM2M2JjN2M0YzAiOnsiZGVsZXRlIjoxMjAwMDAwMDAwMDAwfX0=",
          "dependencies": [
            "aws_alb_target_group.dashboard",
            "aws_ecs_cluster.default",
            "aws_ecs_task_definition.dashboard",
            "aws_security_group.ecs_tasks",
            "aws_subnet.public"
          ]
        }
      ]
    },
    {
      "mode": "managed",
      "type": "aws_ecs_task_definition",
      "name": "api",
      "provider": "provider[\"registry.terraform.io/hashicorp/aws\"]",
      "instances": [
        {
          "schema_version": 1,
          "attributes": {
            "arn": "arn:aws:ecs:eu-west-3:339518963654:task-definition/6fire-ecs-task-definition-family-api:55",
            "container_definitions": "[{\"cpu\":512,\"environment\":[{\"name\":\"DATABASE_URL\",\"value\":\"postgres://postgres:postgres@rds-6fire-backend.cteb0vg4smt6.eu-west-3.rds.amazonaws.com:5432\"},{\"name\":\"DB_HOST\",\"value\":\"rds-6fire-backend.cteb0vg4smt6.eu-west-3.rds.amazonaws.com\"},{\"name\":\"DB_NAME\",\"value\":\"db6fire\"},{\"name\":\"DB_PASSWORD\",\"value\":\"postgres\"},{\"name\":\"DB_PORT\",\"value\":\"5432\"},{\"name\":\"DB_USER\",\"value\":\"postgres\"},{\"name\":\"MOLLIE_API_KEY\",\"value\":\"test_SrAzbqPq3Kb7Ctk6KywGzmhSsVrEVt\"}],\"essential\":true,\"image\":\"339518963654.dkr.ecr.eu-west-3.amazonaws.com/6fire-api:latest\",\"logConfiguration\":{\"logDriver\":\"awslogs\",\"options\":{\"awslogs-group\":\"6fire-api\",\"awslogs-region\":\"eu-west-3\",\"awslogs-stream-prefix\":\"api\"}},\"memory\":1024,\"mountPoints\":[{\"containerPath\":\"/upload\",\"sourceVolume\":\"6fire-efs-token\"}],\"name\":\"api\",\"portMappings\":[{\"containerPort\":3333,\"hostPort\":3333,\"protocol\":\"tcp\"}],\"volumesFrom\":[]}]",
            "cpu": "512",
            "ephemeral_storage": [],
            "execution_role_arn": "arn:aws:iam::339518963654:role/ecs_execution_role",
            "family": "6fire-ecs-task-definition-family-api",
            "id": "6fire-ecs-task-definition-family-api",
            "inference_accelerator": [],
            "ipc_mode": "",
            "memory": "1024",
            "network_mode": "awsvpc",
            "pid_mode": "",
            "placement_constraints": [],
            "proxy_configuration": [],
            "requires_compatibilities": [
              "FARGATE"
            ],
            "revision": 55,
            "runtime_platform": [],
            "skip_destroy": false,
            "tags": {
              "project": "6fire"
            },
            "tags_all": {
              "project": "6fire"
            },
            "task_role_arn": "arn:aws:iam::339518963654:role/ecs_task_role",
            "volume": [
              {
                "docker_volume_configuration": [],
                "efs_volume_configuration": [
                  {
                    "authorization_config": [
                      {
                        "access_point_id": "fsap-020d29a260ec4e026",
                        "iam": ""
                      }
                    ],
                    "file_system_id": "fs-0cf24d589adb19ab4",
                    "root_directory": "/upload",
                    "transit_encryption": "ENABLED",
                    "transit_encryption_port": null
                  }
                ],
                "fsx_windows_file_server_volume_configuration": [],
                "host_path": "",
                "name": "6fire-efs-token"
              }
            ]
          },
          "sensitive_attributes": [
            [
              {
                "type": "get_attr",
                "value": "container_definitions"
              }
            ]
          ],
          "private": "eyJzY2hlbWFfdmVyc2lvbiI6IjEifQ==",
          "dependencies": [
            "aws_cloudwatch_log_group.api",
            "aws_db_instance.default",
            "aws_ecr_repository.api",
            "aws_efs_access_point.storage",
            "aws_efs_file_system.main",
            "aws_iam_role.ecs_task_role",
            "aws_iam_role.esc_execution_role",
            "aws_security_group.ecs_tasks"
          ]
        }
      ]
    },
    {
      "mode": "managed",
      "type": "aws_ecs_task_definition",
      "name": "client",
      "provider": "provider[\"registry.terraform.io/hashicorp/aws\"]",
      "instances": [
        {
          "schema_version": 1,
          "attributes": {
            "arn": "arn:aws:ecs:eu-west-3:339518963654:task-definition/6fire-ecs-task-definition-family-client:46",
            "container_definitions": "[{\"cpu\":512,\"environment\":[{\"name\":\"API_HOST\",\"value\":\"6fire-ecs-alb-api-756683120.eu-west-3.elb.amazonaws.com\"}],\"essential\":true,\"image\":\"339518963654.dkr.ecr.eu-west-3.amazonaws.com/6fire-client:latest\",\"logConfiguration\":{\"logDriver\":\"awslogs\",\"options\":{\"awslogs-group\":\"6fire-client\",\"awslogs-region\":\"eu-west-3\",\"awslogs-stream-prefix\":\"client\"}},\"memory\":1024,\"mountPoints\":[],\"name\":\"client\",\"portMappings\":[{\"containerPort\":3000,\"hostPort\":3000,\"protocol\":\"tcp\"}],\"volumesFrom\":[]}]",
            "cpu": "512",
            "ephemeral_storage": [],
            "execution_role_arn": "arn:aws:iam::339518963654:role/ecs_execution_role",
            "family": "6fire-ecs-task-definition-family-client",
            "id": "6fire-ecs-task-definition-family-client",
            "inference_accelerator": [],
            "ipc_mode": "",
            "memory": "1024",
            "network_mode": "awsvpc",
            "pid_mode": "",
            "placement_constraints": [],
            "proxy_configuration": [],
            "requires_compatibilities": [
              "FARGATE"
            ],
            "revision": 46,
            "runtime_platform": [],
            "skip_destroy": false,
            "tags": {
              "project": "6fire"
            },
            "tags_all": {
              "project": "6fire"
            },
            "task_role_arn": "arn:aws:iam::339518963654:role/ecs_task_role",
            "volume": []
          },
          "sensitive_attributes": [],
          "private": "eyJzY2hlbWFfdmVyc2lvbiI6IjEifQ==",
          "dependencies": [
            "aws_alb.api",
            "aws_cloudwatch_log_group.client",
            "aws_ecr_repository.client",
            "aws_iam_role.ecs_task_role",
            "aws_iam_role.esc_execution_role",
            "aws_security_group.ecs_tasks",
            "aws_security_group.lb_api",
            "aws_subnet.public",
            "aws_vpc.main",
            "data.aws_availability_zones.available"
          ]
        }
      ]
    },
    {
      "mode": "managed",
      "type": "aws_ecs_task_definition",
      "name": "dashboard",
      "provider": "provider[\"registry.terraform.io/hashicorp/aws\"]",
      "instances": [
        {
          "schema_version": 1,
          "attributes": {
            "arn": "arn:aws:ecs:eu-west-3:339518963654:task-definition/6fire-ecs-task-definition-family-dashboard:40",
            "container_definitions": "[{\"cpu\":512,\"environment\":[{\"name\":\"API_HOST\",\"value\":\"6fire-ecs-alb-api-756683120.eu-west-3.elb.amazonaws.com\"}],\"essential\":true,\"image\":\"339518963654.dkr.ecr.eu-west-3.amazonaws.com/6fire-dashboard:latest\",\"logConfiguration\":{\"logDriver\":\"awslogs\",\"options\":{\"awslogs-group\":\"6fire-dashboard\",\"awslogs-region\":\"eu-west-3\",\"awslogs-stream-prefix\":\"dashboard\"}},\"memory\":1024,\"mountPoints\":[],\"name\":\"dashboard\",\"portMappings\":[{\"containerPort\":3000,\"hostPort\":3000,\"protocol\":\"tcp\"}],\"volumesFrom\":[]}]",
            "cpu": "512",
            "ephemeral_storage": [],
            "execution_role_arn": "arn:aws:iam::339518963654:role/ecs_execution_role",
            "family": "6fire-ecs-task-definition-family-dashboard",
            "id": "6fire-ecs-task-definition-family-dashboard",
            "inference_accelerator": [],
            "ipc_mode": "",
            "memory": "1024",
            "network_mode": "awsvpc",
            "pid_mode": "",
            "placement_constraints": [],
            "proxy_configuration": [],
            "requires_compatibilities": [
              "FARGATE"
            ],
            "revision": 40,
            "runtime_platform": [],
            "skip_destroy": false,
            "tags": {
              "project": "6fire"
            },
            "tags_all": {
              "project": "6fire"
            },
            "task_role_arn": "arn:aws:iam::339518963654:role/ecs_task_role",
            "volume": []
          },
          "sensitive_attributes": [],
          "private": "eyJzY2hlbWFfdmVyc2lvbiI6IjEifQ==",
          "dependencies": [
            "aws_alb.api",
            "aws_cloudwatch_log_group.dashboard",
            "aws_ecr_repository.dashboard",
            "aws_iam_role.ecs_task_role",
            "aws_iam_role.esc_execution_role",
            "aws_security_group.lb_api",
            "aws_subnet.public",
            "aws_vpc.main",
            "data.aws_availability_zones.available"
          ]
        }
      ]
    },
    {
      "mode": "managed",
      "type": "aws_efs_access_point",
      "name": "storage",
      "provider": "provider[\"registry.terraform.io/hashicorp/aws\"]",
      "instances": [
        {
          "schema_version": 0,
          "attributes": {
            "arn": "arn:aws:elasticfilesystem:eu-west-3:339518963654:access-point/fsap-020d29a260ec4e026",
            "file_system_arn": "arn:aws:elasticfilesystem:eu-west-3:339518963654:file-system/fs-0cf24d589adb19ab4",
            "file_system_id": "fs-0cf24d589adb19ab4",
            "id": "fsap-020d29a260ec4e026",
            "owner_id": "339518963654",
            "posix_user": [
              {
                "gid": 1000,
                "secondary_gids": [],
                "uid": 1000
              }
            ],
            "root_directory": [
              {
                "creation_info": [
                  {
                    "owner_gid": 1000,
                    "owner_uid": 1000,
                    "permissions": "755"
                  }
                ],
                "path": "/upload"
              }
            ],
            "tags": {
              "project": "6fire"
            },
            "tags_all": {
              "project": "6fire"
            }
          },
          "sensitive_attributes": [],
          "private": "bnVsbA==",
          "dependencies": [
            "aws_efs_file_system.main"
          ]
        }
      ]
    },
    {
      "mode": "managed",
      "type": "aws_efs_file_system",
      "name": "main",
      "provider": "provider[\"registry.terraform.io/hashicorp/aws\"]",
      "instances": [
        {
          "schema_version": 0,
          "attributes": {
            "arn": "arn:aws:elasticfilesystem:eu-west-3:339518963654:file-system/fs-0cf24d589adb19ab4",
            "availability_zone_id": "euw3-az1",
            "availability_zone_name": "eu-west-3a",
            "creation_token": "6fire-efs-token",
            "dns_name": "fs-0cf24d589adb19ab4.efs.eu-west-3.amazonaws.com",
            "encrypted": false,
            "id": "fs-0cf24d589adb19ab4",
            "kms_key_id": "",
            "lifecycle_policy": [],
            "number_of_mount_targets": 1,
            "owner_id": "339518963654",
            "performance_mode": "generalPurpose",
            "provisioned_throughput_in_mibps": 0,
            "size_in_bytes": [
              {
                "value": 12288,
                "value_in_ia": 0,
                "value_in_standard": 12288
              }
            ],
            "tags": {
              "project": "6fire"
            },
            "tags_all": {
              "project": "6fire"
            },
            "throughput_mode": "bursting"
          },
          "sensitive_attributes": [],
          "private": "bnVsbA=="
        }
      ]
    },
    {
      "mode": "managed",
      "type": "aws_efs_mount_target",
      "name": "main",
      "provider": "provider[\"registry.terraform.io/hashicorp/aws\"]",
      "instances": [
        {
          "schema_version": 0,
          "attributes": {
            "availability_zone_id": "euw3-az1",
            "availability_zone_name": "eu-west-3a",
            "dns_name": "fs-0cf24d589adb19ab4.efs.eu-west-3.amazonaws.com",
            "file_system_arn": "arn:aws:elasticfilesystem:eu-west-3:339518963654:file-system/fs-0cf24d589adb19ab4",
            "file_system_id": "fs-0cf24d589adb19ab4",
            "id": "fsmt-0b4bc7618d0bb5afe",
            "ip_address": "172.19.12.37",
            "mount_target_dns_name": "eu-west-3a.fs-0cf24d589adb19ab4.efs.eu-west-3.amazonaws.com",
            "network_interface_id": "eni-033880808074ddf81",
            "owner_id": "339518963654",
            "security_groups": [
              "sg-01e4d866c323a3293"
            ],
            "subnet_id": "subnet-098a035b04483f60e"
          },
          "sensitive_attributes": [],
          "private": "bnVsbA==",
          "dependencies": [
            "aws_efs_file_system.main",
            "aws_security_group.lb_api",
            "aws_subnet.storage",
            "aws_vpc.main"
          ]
        }
      ]
    },
    {
      "mode": "managed",
      "type": "aws_eip",
      "name": "gw",
      "provider": "provider[\"registry.terraform.io/hashicorp/aws\"]",
      "instances": [
        {
          "index_key": 0,
          "schema_version": 0,
          "attributes": {
            "address": null,
            "allocation_id": "eipalloc-035c3b26405bd95a9",
            "associate_with_private_ip": null,
            "association_id": "eipassoc-095ea527a5d0a2cfc",
            "carrier_ip": "",
            "customer_owned_ip": "",
            "customer_owned_ipv4_pool": "",
            "domain": "vpc",
            "id": "eipalloc-035c3b26405bd95a9",
            "instance": "",
            "network_border_group": "eu-west-3",
            "network_interface": "eni-0d01b9b34a47e9daa",
            "private_dns": "ip-172-19-2-104.eu-west-3.compute.internal",
            "private_ip": "172.19.2.104",
            "public_dns": "ec2-13-36-196-12.eu-west-3.compute.amazonaws.com",
            "public_ip": "13.36.196.12",
            "public_ipv4_pool": "amazon",
            "tags": {
              "project": "6fire"
            },
            "tags_all": {
              "project": "6fire"
            },
            "timeouts": null,
            "vpc": true
          },
          "sensitive_attributes": [],
          "private": "eyJlMmJmYjczMC1lY2FhLTExZTYtOGY4OC0zNDM2M2JjN2M0YzAiOnsiZGVsZXRlIjoxODAwMDAwMDAwMDAsInJlYWQiOjkwMDAwMDAwMDAwMCwidXBkYXRlIjozMDAwMDAwMDAwMDB9fQ==",
          "dependencies": [
            "aws_internet_gateway.gw",
            "aws_vpc.main"
          ]
        },
        {
          "index_key": 1,
          "schema_version": 0,
          "attributes": {
            "address": null,
            "allocation_id": "eipalloc-08e8725963f21f9eb",
            "associate_with_private_ip": null,
            "association_id": "eipassoc-0009c32a5fd520f1d",
            "carrier_ip": "",
            "customer_owned_ip": "",
            "customer_owned_ipv4_pool": "",
            "domain": "vpc",
            "id": "eipalloc-08e8725963f21f9eb",
            "instance": "",
            "network_border_group": "eu-west-3",
            "network_interface": "eni-0c60852bd0d0a044e",
            "private_dns": "ip-172-19-3-233.eu-west-3.compute.internal",
            "private_ip": "172.19.3.233",
            "public_dns": "ec2-35-180-147-21.eu-west-3.compute.amazonaws.com",
            "public_ip": "35.180.147.21",
            "public_ipv4_pool": "amazon",
            "tags": {
              "project": "6fire"
            },
            "tags_all": {
              "project": "6fire"
            },
            "timeouts": null,
            "vpc": true
          },
          "sensitive_attributes": [],
          "private": "eyJlMmJmYjczMC1lY2FhLTExZTYtOGY4OC0zNDM2M2JjN2M0YzAiOnsiZGVsZXRlIjoxODAwMDAwMDAwMDAsInJlYWQiOjkwMDAwMDAwMDAwMCwidXBkYXRlIjozMDAwMDAwMDAwMDB9fQ==",
          "dependencies": [
            "aws_internet_gateway.gw",
            "aws_vpc.main"
          ]
        }
      ]
    },
    {
      "mode": "managed",
      "type": "aws_iam_role",
      "name": "ecs_task_role",
      "provider": "provider[\"registry.terraform.io/hashicorp/aws\"]",
      "instances": [
        {
          "schema_version": 0,
          "attributes": {
            "arn": "arn:aws:iam::339518963654:role/ecs_task_role",
            "assume_role_policy": "{\"Version\":\"2012-10-17\",\"Statement\":[{\"Effect\":\"Allow\",\"Principal\":{\"Service\":[\"ecs-tasks.amazonaws.com\",\"batch.amazonaws.com\",\"ecs.amazonaws.com\"]},\"Action\":\"sts:AssumeRole\"}]}",
            "create_date": "2022-04-23T15:40:16Z",
            "description": "",
            "force_detach_policies": false,
            "id": "ecs_task_role",
            "inline_policy": [
              {
                "name": "ecs_task_role",
                "policy": "{\n  \"Version\": \"2012-10-17\",\n  \"Statement\": [\n    {\n      \"Effect\": \"Allow\",\n      \"Action\": [\n        \"ecr:GetAuthorizationToken\",\n        \"ecr:BatchCheckLayerAvailability\",\n        \"ecr:GetDownloadUrlForLayer\",\n        \"ecr:BatchGetImage\",\n        \"ecr:GetAuthorizationToken\",\n        \"ecr:BatchCheckLayerAvailability\",\n        \"ecr:GetDownloadUrlForLayer\",\n        \"logs:CreateLogStream\",\n        \"logs:PutLogEvents\",\n        \"ecr:GetAuthorizationToken\",\n        \"ecr:BatchCheckLayerAvailability\",\n        \"ecr:GetDownloadUrlForLayer\",\n        \"ecr:BatchGetImage\",\n        \"ecr:GetRepositoryPolicy\",\n        \"ecr:DescribeRepositories\",\n        \"ecr:ListImages\",\n        \"ecr:DescribeImages\",\n        \"ecs:ListServices\",\n        \"ecs:UpdateService\",\n        \"ecs:ListTasks\",\n        \"ecs:RegisterTaskDefinition\",\n        \"ecs:DescribeServices\",\n        \"ecs:DescribeTasks\",\n        \"ecs:ListTaskDefinitions\",\n        \"ecs:DescribeTaskDefinition\",\n        \"ecs:DeregisterTaskDefinition\"\n      ],\n      \"Resource\": \"*\"\n    }\n  ]\n}\n"
              }
            ],
            "managed_policy_arns": [],
            "max_session_duration": 3600,
            "name": "ecs_task_role",
            "name_prefix": "",
            "path": "/",
            "permissions_boundary": null,
            "tags": {
              "project": "6fire"
            },
            "tags_all": {
              "project": "6fire"
            },
            "unique_id": "AROAU6DHIH7DGHCSLKAMU"
          },
          "sensitive_attributes": [],
          "private": "bnVsbA=="
        }
      ]
    },
    {
      "mode": "managed",
      "type": "aws_iam_role",
      "name": "esc_execution_role",
      "provider": "provider[\"registry.terraform.io/hashicorp/aws\"]",
      "instances": [
        {
          "schema_version": 0,
          "attributes": {
            "arn": "arn:aws:iam::339518963654:role/ecs_execution_role",
            "assume_role_policy": "{\"Version\":\"2012-10-17\",\"Statement\":[{\"Effect\":\"Allow\",\"Principal\":{\"Service\":[\"ecs-tasks.amazonaws.com\",\"ecs.amazonaws.com\",\"batch.amazonaws.com\"]},\"Action\":\"sts:AssumeRole\"}]}",
            "create_date": "2022-04-23T15:40:16Z",
            "description": "",
            "force_detach_policies": false,
            "id": "ecs_execution_role",
            "inline_policy": [
              {
                "name": "ecs_execution_role",
                "policy": "{\n  \"Version\": \"2012-10-17\",\n  \"Statement\": [\n    {\n      \"Effect\": \"Allow\",\n      \"Action\": [\n        \"ecs:StartTask\",\n        \"ecs:StopTask\",\n        \"ecs:DescribeTasks\",\n        \"ecs:DescribeContainerInstances\",\n        \"ecr:GetAuthorizationToken\",\n        \"ecr:BatchCheckLayerAvailability\",\n        \"ecr:GetDownloadUrlForLayer\",\n        \"ecr:BatchGetImage\",\n        \"ecr:GetAuthorizationToken\",\n        \"ecr:BatchCheckLayerAvailability\",\n        \"ecr:GetDownloadUrlForLayer\",\n        \"logs:CreateLogStream\",\n        \"logs:PutLogEvents\",\n        \"ecs:ListServices\",\n        \"ecs:UpdateService\",\n        \"ecs:ListTasks\",\n        \"ecs:RegisterTaskDefinition\",\n        \"ecs:DescribeServices\",\n        \"ecs:DescribeTasks\",\n        \"ecs:ListTaskDefinitions\",\n        \"ecs:DescribeTaskDefinition\",\n        \"ecs:DeregisterTaskDefinition\"\n      ],\n      \"Resource\": \"*\"\n    }\n  ]\n}\n"
              }
            ],
            "managed_policy_arns": [],
            "max_session_duration": 3600,
            "name": "ecs_execution_role",
            "name_prefix": "",
            "path": "/",
            "permissions_boundary": null,
            "tags": {
              "project": "6fire"
            },
            "tags_all": {
              "project": "6fire"
            },
            "unique_id": "AROAU6DHIH7DMLRFOO75T"
          },
          "sensitive_attributes": [],
          "private": "bnVsbA=="
        }
      ]
    },
    {
      "mode": "managed",
      "type": "aws_iam_role_policy",
      "name": "ecs_task_role",
      "provider": "provider[\"registry.terraform.io/hashicorp/aws\"]",
      "instances": [
        {
          "schema_version": 0,
          "attributes": {
            "id": "ecs_task_role:ecs_task_role",
            "name": "ecs_task_role",
            "name_prefix": null,
            "policy": "{\n  \"Version\": \"2012-10-17\",\n  \"Statement\": [\n    {\n      \"Effect\": \"Allow\",\n      \"Action\": [\n        \"ecr:GetAuthorizationToken\",\n        \"ecr:BatchCheckLayerAvailability\",\n        \"ecr:GetDownloadUrlForLayer\",\n        \"ecr:BatchGetImage\",\n        \"ecr:GetAuthorizationToken\",\n        \"ecr:BatchCheckLayerAvailability\",\n        \"ecr:GetDownloadUrlForLayer\",\n        \"logs:CreateLogStream\",\n        \"logs:PutLogEvents\",\n        \"ecr:GetAuthorizationToken\",\n        \"ecr:BatchCheckLayerAvailability\",\n        \"ecr:GetDownloadUrlForLayer\",\n        \"ecr:BatchGetImage\",\n        \"ecr:GetRepositoryPolicy\",\n        \"ecr:DescribeRepositories\",\n        \"ecr:ListImages\",\n        \"ecr:DescribeImages\",\n        \"ecs:ListServices\",\n        \"ecs:UpdateService\",\n        \"ecs:ListTasks\",\n        \"ecs:RegisterTaskDefinition\",\n        \"ecs:DescribeServices\",\n        \"ecs:DescribeTasks\",\n        \"ecs:ListTaskDefinitions\",\n        \"ecs:DescribeTaskDefinition\",\n        \"ecs:DeregisterTaskDefinition\"\n      ],\n      \"Resource\": \"*\"\n    }\n  ]\n}\n",
            "role": "ecs_task_role"
          },
          "sensitive_attributes": [],
          "private": "bnVsbA==",
          "dependencies": [
            "aws_iam_role.ecs_task_role"
          ]
        }
      ]
    },
    {
      "mode": "managed",
      "type": "aws_iam_role_policy",
      "name": "esc_execution_role",
      "provider": "provider[\"registry.terraform.io/hashicorp/aws\"]",
      "instances": [
        {
          "schema_version": 0,
          "attributes": {
            "id": "ecs_execution_role:ecs_execution_role",
            "name": "ecs_execution_role",
            "name_prefix": null,
            "policy": "{\n  \"Version\": \"2012-10-17\",\n  \"Statement\": [\n    {\n      \"Effect\": \"Allow\",\n      \"Action\": [\n        \"ecs:StartTask\",\n        \"ecs:StopTask\",\n        \"ecs:DescribeTasks\",\n        \"ecs:DescribeContainerInstances\",\n        \"ecr:GetAuthorizationToken\",\n        \"ecr:BatchCheckLayerAvailability\",\n        \"ecr:GetDownloadUrlForLayer\",\n        \"ecr:BatchGetImage\",\n        \"ecr:GetAuthorizationToken\",\n        \"ecr:BatchCheckLayerAvailability\",\n        \"ecr:GetDownloadUrlForLayer\",\n        \"logs:CreateLogStream\",\n        \"logs:PutLogEvents\",\n        \"ecs:ListServices\",\n        \"ecs:UpdateService\",\n        \"ecs:ListTasks\",\n        \"ecs:RegisterTaskDefinition\",\n        \"ecs:DescribeServices\",\n        \"ecs:DescribeTasks\",\n        \"ecs:ListTaskDefinitions\",\n        \"ecs:DescribeTaskDefinition\",\n        \"ecs:DeregisterTaskDefinition\"\n      ],\n      \"Resource\": \"*\"\n    }\n  ]\n}\n",
            "role": "ecs_execution_role"
          },
          "sensitive_attributes": [],
          "private": "bnVsbA==",
          "dependencies": [
            "aws_iam_role.esc_execution_role"
          ]
        }
      ]
    },
    {
      "mode": "managed",
      "type": "aws_internet_gateway",
      "name": "gw",
      "provider": "provider[\"registry.terraform.io/hashicorp/aws\"]",
      "instances": [
        {
          "schema_version": 0,
          "attributes": {
            "arn": "arn:aws:ec2:eu-west-3:339518963654:internet-gateway/igw-02e35ec07013f515e",
            "id": "igw-02e35ec07013f515e",
            "owner_id": "339518963654",
            "tags": {
              "project": "6fire"
            },
            "tags_all": {
              "project": "6fire"
            },
            "vpc_id": "vpc-034d17bd6a032c03e"
          },
          "sensitive_attributes": [],
          "private": "bnVsbA==",
          "dependencies": [
            "aws_vpc.main"
          ]
        }
      ]
    },
    {
      "mode": "managed",
      "type": "aws_nat_gateway",
      "name": "gw",
      "provider": "provider[\"registry.terraform.io/hashicorp/aws\"]",
      "instances": [
        {
          "index_key": 0,
          "schema_version": 0,
          "attributes": {
            "allocation_id": "eipalloc-035c3b26405bd95a9",
            "connectivity_type": "public",
            "id": "nat-0620f268c0b785c23",
            "network_interface_id": "eni-0d01b9b34a47e9daa",
            "private_ip": "172.19.2.104",
            "public_ip": "13.36.196.12",
            "subnet_id": "subnet-0922f2786df67e914",
            "tags": {
              "project": "6fire"
            },
            "tags_all": {
              "project": "6fire"
            }
          },
          "sensitive_attributes": [],
          "private": "bnVsbA==",
          "dependencies": [
            "aws_eip.gw",
            "aws_internet_gateway.gw",
            "aws_subnet.public",
            "aws_vpc.main",
            "data.aws_availability_zones.available"
          ]
        },
        {
          "index_key": 1,
          "schema_version": 0,
          "attributes": {
            "allocation_id": "eipalloc-08e8725963f21f9eb",
            "connectivity_type": "public",
            "id": "nat-0695c45d631e0221e",
            "network_interface_id": "eni-0c60852bd0d0a044e",
            "private_ip": "172.19.3.233",
            "public_ip": "35.180.147.21",
            "subnet_id": "subnet-038b556a2f621cf6c",
            "tags": {
              "project": "6fire"
            },
            "tags_all": {
              "project": "6fire"
            }
          },
          "sensitive_attributes": [],
          "private": "bnVsbA==",
          "dependencies": [
            "aws_eip.gw",
            "aws_internet_gateway.gw",
            "aws_subnet.public",
            "aws_vpc.main",
            "data.aws_availability_zones.available"
          ]
        }
      ]
    },
    {
      "mode": "managed",
      "type": "aws_route",
      "name": "internet_access",
      "provider": "provider[\"registry.terraform.io/hashicorp/aws\"]",
      "instances": [
        {
          "schema_version": 0,
          "attributes": {
            "carrier_gateway_id": "",
            "destination_cidr_block": "0.0.0.0/0",
            "destination_ipv6_cidr_block": "",
            "destination_prefix_list_id": "",
            "egress_only_gateway_id": "",
            "gateway_id": "igw-02e35ec07013f515e",
            "id": "r-rtb-02ca788c8a073c9a21080289494",
            "instance_id": "",
            "instance_owner_id": "",
            "local_gateway_id": "",
            "nat_gateway_id": "",
            "network_interface_id": "",
            "origin": "CreateRoute",
            "route_table_id": "rtb-02ca788c8a073c9a2",
            "state": "active",
            "timeouts": null,
            "transit_gateway_id": "",
            "vpc_endpoint_id": "",
            "vpc_peering_connection_id": ""
          },
          "sensitive_attributes": [],
          "private": "eyJlMmJmYjczMC1lY2FhLTExZTYtOGY4OC0zNDM2M2JjN2M0YzAiOnsiY3JlYXRlIjozMDAwMDAwMDAwMDAsImRlbGV0ZSI6MzAwMDAwMDAwMDAwLCJ1cGRhdGUiOjEyMDAwMDAwMDAwMH19",
          "dependencies": [
            "aws_internet_gateway.gw",
            "aws_vpc.main"
          ]
        }
      ]
    },
    {
      "mode": "managed",
      "type": "aws_route_table",
      "name": "private",
      "provider": "provider[\"registry.terraform.io/hashicorp/aws\"]",
      "instances": [
        {
          "index_key": 0,
          "schema_version": 0,
          "attributes": {
            "arn": "arn:aws:ec2:eu-west-3:339518963654:route-table/rtb-0847172a7d6feb7b7",
            "id": "rtb-0847172a7d6feb7b7",
            "owner_id": "339518963654",
            "propagating_vgws": [],
            "route": [
              {
                "carrier_gateway_id": "",
                "cidr_block": "0.0.0.0/0",
                "destination_prefix_list_id": "",
                "egress_only_gateway_id": "",
                "gateway_id": "",
                "instance_id": "",
                "ipv6_cidr_block": "",
                "local_gateway_id": "",
                "nat_gateway_id": "nat-0620f268c0b785c23",
                "network_interface_id": "",
                "transit_gateway_id": "",
                "vpc_endpoint_id": "",
                "vpc_peering_connection_id": ""
              }
            ],
            "tags": {
              "project": "6fire"
            },
            "tags_all": {
              "project": "6fire"
            },
            "timeouts": null,
            "vpc_id": "vpc-034d17bd6a032c03e"
          },
          "sensitive_attributes": [],
          "private": "eyJlMmJmYjczMC1lY2FhLTExZTYtOGY4OC0zNDM2M2JjN2M0YzAiOnsiY3JlYXRlIjozMDAwMDAwMDAwMDAsImRlbGV0ZSI6MzAwMDAwMDAwMDAwLCJ1cGRhdGUiOjEyMDAwMDAwMDAwMH19",
          "dependencies": [
            "aws_eip.gw",
            "aws_internet_gateway.gw",
            "aws_nat_gateway.gw",
            "aws_subnet.public",
            "aws_vpc.main",
            "data.aws_availability_zones.available"
          ]
        },
        {
          "index_key": 1,
          "schema_version": 0,
          "attributes": {
            "arn": "arn:aws:ec2:eu-west-3:339518963654:route-table/rtb-03720a45ce64d3874",
            "id": "rtb-03720a45ce64d3874",
            "owner_id": "339518963654",
            "propagating_vgws": [],
            "route": [
              {
                "carrier_gateway_id": "",
                "cidr_block": "0.0.0.0/0",
                "destination_prefix_list_id": "",
                "egress_only_gateway_id": "",
                "gateway_id": "",
                "instance_id": "",
                "ipv6_cidr_block": "",
                "local_gateway_id": "",
                "nat_gateway_id": "nat-0695c45d631e0221e",
                "network_interface_id": "",
                "transit_gateway_id": "",
                "vpc_endpoint_id": "",
                "vpc_peering_connection_id": ""
              }
            ],
            "tags": {
              "project": "6fire"
            },
            "tags_all": {
              "project": "6fire"
            },
            "timeouts": null,
            "vpc_id": "vpc-034d17bd6a032c03e"
          },
          "sensitive_attributes": [],
          "private": "eyJlMmJmYjczMC1lY2FhLTExZTYtOGY4OC0zNDM2M2JjN2M0YzAiOnsiY3JlYXRlIjozMDAwMDAwMDAwMDAsImRlbGV0ZSI6MzAwMDAwMDAwMDAwLCJ1cGRhdGUiOjEyMDAwMDAwMDAwMH19",
          "dependencies": [
            "aws_eip.gw",
            "aws_internet_gateway.gw",
            "aws_nat_gateway.gw",
            "aws_subnet.public",
            "aws_vpc.main",
            "data.aws_availability_zones.available"
          ]
        }
      ]
    },
    {
      "mode": "managed",
      "type": "aws_route_table_association",
      "name": "private",
      "provider": "provider[\"registry.terraform.io/hashicorp/aws\"]",
      "instances": [
        {
          "index_key": 0,
          "schema_version": 0,
          "attributes": {
            "gateway_id": "",
            "id": "rtbassoc-09aa5b0ab31630403",
            "route_table_id": "rtb-0847172a7d6feb7b7",
            "subnet_id": "subnet-09240d8880b31dd26"
          },
          "sensitive_attributes": [],
          "private": "bnVsbA==",
          "dependencies": [
            "aws_eip.gw",
            "aws_internet_gateway.gw",
            "aws_nat_gateway.gw",
            "aws_route_table.private",
            "aws_subnet.private",
            "aws_subnet.public",
            "aws_vpc.main",
            "data.aws_availability_zones.available"
          ]
        },
        {
          "index_key": 1,
          "schema_version": 0,
          "attributes": {
            "gateway_id": "",
            "id": "rtbassoc-05a85305a50fc7625",
            "route_table_id": "rtb-03720a45ce64d3874",
            "subnet_id": "subnet-0b3a71a2b2cc27a9c"
          },
          "sensitive_attributes": [],
          "private": "bnVsbA==",
          "dependencies": [
            "aws_eip.gw",
            "aws_internet_gateway.gw",
            "aws_nat_gateway.gw",
            "aws_route_table.private",
            "aws_subnet.private",
            "aws_subnet.public",
            "aws_vpc.main",
            "data.aws_availability_zones.available"
          ]
        }
      ]
    },
    {
      "mode": "managed",
      "type": "aws_security_group",
      "name": "ecs_tasks",
      "provider": "provider[\"registry.terraform.io/hashicorp/aws\"]",
      "instances": [
        {
          "schema_version": 1,
          "attributes": {
            "arn": "arn:aws:ec2:eu-west-3:339518963654:security-group/sg-079dabb7d44fb2c4f",
            "description": "allow inbound access from the ALB only",
            "egress": [
              {
                "cidr_blocks": [
                  "0.0.0.0/0"
                ],
                "description": "",
                "from_port": 0,
                "ipv6_cidr_blocks": [],
                "prefix_list_ids": [],
                "protocol": "-1",
                "security_groups": [],
                "self": false,
                "to_port": 0
              }
            ],
            "id": "sg-079dabb7d44fb2c4f",
            "ingress": [
              {
                "cidr_blocks": [],
                "description": "",
                "from_port": 2000,
                "ipv6_cidr_blocks": [],
                "prefix_list_ids": [],
                "protocol": "tcp",
                "security_groups": [
                  "sg-01e4d866c323a3293"
                ],
                "self": false,
                "to_port": 3333
              }
            ],
            "name": "6fire-ecs-tasks",
            "name_prefix": "",
            "owner_id": "339518963654",
            "revoke_rules_on_delete": false,
            "tags": {
              "project": "6fire"
            },
            "tags_all": {
              "project": "6fire"
            },
            "timeouts": null,
            "vpc_id": "vpc-034d17bd6a032c03e"
          },
          "sensitive_attributes": [],
          "private": "eyJlMmJmYjczMC1lY2FhLTExZTYtOGY4OC0zNDM2M2JjN2M0YzAiOnsiY3JlYXRlIjo2MDAwMDAwMDAwMDAsImRlbGV0ZSI6OTAwMDAwMDAwMDAwfSwic2NoZW1hX3ZlcnNpb24iOiIxIn0=",
          "dependencies": [
            "aws_security_group.lb_api",
            "aws_vpc.main"
          ]
        }
      ]
    },
    {
      "mode": "managed",
      "type": "aws_security_group",
      "name": "lb_api",
      "provider": "provider[\"registry.terraform.io/hashicorp/aws\"]",
      "instances": [
        {
          "schema_version": 1,
          "attributes": {
            "arn": "arn:aws:ec2:eu-west-3:339518963654:security-group/sg-01e4d866c323a3293",
            "description": "controls access to the ALB",
            "egress": [
              {
                "cidr_blocks": [
                  "0.0.0.0/0"
                ],
                "description": "",
                "from_port": 0,
                "ipv6_cidr_blocks": [],
                "prefix_list_ids": [],
                "protocol": "-1",
                "security_groups": [],
                "self": false,
                "to_port": 0
              }
            ],
            "id": "sg-01e4d866c323a3293",
            "ingress": [
              {
                "cidr_blocks": [
                  "0.0.0.0/0"
                ],
                "description": "",
                "from_port": 80,
                "ipv6_cidr_blocks": [],
                "prefix_list_ids": [],
                "protocol": "tcp",
                "security_groups": [],
                "self": false,
                "to_port": 3333
              }
            ],
            "name": "6fire-ecs-alb",
            "name_prefix": "",
            "owner_id": "339518963654",
            "revoke_rules_on_delete": false,
            "tags": {
              "project": "6fire"
            },
            "tags_all": {
              "project": "6fire"
            },
            "timeouts": null,
            "vpc_id": "vpc-034d17bd6a032c03e"
          },
          "sensitive_attributes": [],
          "private": "eyJlMmJmYjczMC1lY2FhLTExZTYtOGY4OC0zNDM2M2JjN2M0YzAiOnsiY3JlYXRlIjo2MDAwMDAwMDAwMDAsImRlbGV0ZSI6OTAwMDAwMDAwMDAwfSwic2NoZW1hX3ZlcnNpb24iOiIxIn0=",
          "dependencies": [
            "aws_vpc.main"
          ]
        }
      ]
    },
    {
      "mode": "managed",
      "type": "aws_security_group",
      "name": "rds_sg",
      "provider": "provider[\"registry.terraform.io/hashicorp/aws\"]",
      "instances": [
        {
          "schema_version": 1,
          "attributes": {
            "arn": "arn:aws:ec2:eu-west-3:339518963654:security-group/sg-015a69d0bedce18e7",
            "description": "6fire rds security group",
            "egress": [
              {
                "cidr_blocks": [
                  "0.0.0.0/0"
                ],
                "description": "",
                "from_port": 0,
                "ipv6_cidr_blocks": [],
                "prefix_list_ids": [],
                "protocol": "-1",
                "security_groups": [],
                "self": false,
                "to_port": 0
              }
            ],
            "id": "sg-015a69d0bedce18e7",
            "ingress": [
              {
                "cidr_blocks": [
                  "0.0.0.0/0"
                ],
                "description": "",
                "from_port": 5432,
                "ipv6_cidr_blocks": [],
                "prefix_list_ids": [],
                "protocol": "tcp",
                "security_groups": [],
                "self": false,
                "to_port": 5432
              }
            ],
            "name": "terraform-20220423171156989400000001",
            "name_prefix": "terraform-",
            "owner_id": "339518963654",
            "revoke_rules_on_delete": false,
            "tags": {},
            "tags_all": {},
            "timeouts": null,
            "vpc_id": "vpc-034d17bd6a032c03e"
          },
          "sensitive_attributes": [],
          "private": "eyJlMmJmYjczMC1lY2FhLTExZTYtOGY4OC0zNDM2M2JjN2M0YzAiOnsiY3JlYXRlIjo2MDAwMDAwMDAwMDAsImRlbGV0ZSI6OTAwMDAwMDAwMDAwfSwic2NoZW1hX3ZlcnNpb24iOiIxIn0=",
          "dependencies": [
            "aws_vpc.main"
          ]
        }
      ]
    },
    {
      "mode": "managed",
      "type": "aws_security_group",
      "name": "storage",
      "provider": "provider[\"registry.terraform.io/hashicorp/aws\"]",
      "instances": [
        {
          "schema_version": 1,
          "attributes": {
            "arn": "arn:aws:ec2:eu-west-3:339518963654:security-group/sg-0b072a5875f0996b1",
            "description": "Managed by Terraform",
            "egress": [],
            "id": "sg-0b072a5875f0996b1",
            "ingress": [
              {
                "cidr_blocks": [
                  "0.0.0.0/0"
                ],
                "description": "",
                "from_port": 2049,
                "ipv6_cidr_blocks": [],
                "prefix_list_ids": [],
                "protocol": "tcp",
                "security_groups": [],
                "self": false,
                "to_port": 2049
              }
            ],
            "name": "6fire-storage",
            "name_prefix": "",
            "owner_id": "339518963654",
            "revoke_rules_on_delete": false,
            "tags": {
              "project": "6fire"
            },
            "tags_all": {
              "project": "6fire"
            },
            "timeouts": null,
            "vpc_id": "vpc-034d17bd6a032c03e"
          },
          "sensitive_attributes": [],
          "private": "eyJlMmJmYjczMC1lY2FhLTExZTYtOGY4OC0zNDM2M2JjN2M0YzAiOnsiY3JlYXRlIjo2MDAwMDAwMDAwMDAsImRlbGV0ZSI6OTAwMDAwMDAwMDAwfSwic2NoZW1hX3ZlcnNpb24iOiIxIn0=",
          "dependencies": [
            "aws_vpc.main"
          ]
        }
      ]
    },
    {
      "mode": "managed",
      "type": "aws_subnet",
      "name": "private",
      "provider": "provider[\"registry.terraform.io/hashicorp/aws\"]",
      "instances": [
        {
          "index_key": 0,
          "schema_version": 1,
          "attributes": {
            "arn": "arn:aws:ec2:eu-west-3:339518963654:subnet/subnet-09240d8880b31dd26",
            "assign_ipv6_address_on_creation": false,
            "availability_zone": "eu-west-3a",
            "availability_zone_id": "euw3-az1",
            "cidr_block": "172.19.0.0/24",
            "customer_owned_ipv4_pool": "",
            "enable_dns64": false,
            "enable_resource_name_dns_a_record_on_launch": false,
            "enable_resource_name_dns_aaaa_record_on_launch": false,
            "id": "subnet-09240d8880b31dd26",
            "ipv6_cidr_block": "",
            "ipv6_cidr_block_association_id": "",
            "ipv6_native": false,
            "map_customer_owned_ip_on_launch": false,
            "map_public_ip_on_launch": false,
            "outpost_arn": "",
            "owner_id": "339518963654",
            "private_dns_hostname_type_on_launch": "ip-name",
            "tags": {
              "project": "6fire"
            },
            "tags_all": {
              "project": "6fire"
            },
            "timeouts": null,
            "vpc_id": "vpc-034d17bd6a032c03e"
          },
          "sensitive_attributes": [],
          "private": "eyJlMmJmYjczMC1lY2FhLTExZTYtOGY4OC0zNDM2M2JjN2M0YzAiOnsiY3JlYXRlIjo2MDAwMDAwMDAwMDAsImRlbGV0ZSI6MTIwMDAwMDAwMDAwMH0sInNjaGVtYV92ZXJzaW9uIjoiMSJ9",
          "dependencies": [
            "aws_vpc.main",
            "data.aws_availability_zones.available"
          ]
        },
        {
          "index_key": 1,
          "schema_version": 1,
          "attributes": {
            "arn": "arn:aws:ec2:eu-west-3:339518963654:subnet/subnet-0b3a71a2b2cc27a9c",
            "assign_ipv6_address_on_creation": false,
            "availability_zone": "eu-west-3b",
            "availability_zone_id": "euw3-az2",
            "cidr_block": "172.19.1.0/24",
            "customer_owned_ipv4_pool": "",
            "enable_dns64": false,
            "enable_resource_name_dns_a_record_on_launch": false,
            "enable_resource_name_dns_aaaa_record_on_launch": false,
            "id": "subnet-0b3a71a2b2cc27a9c",
            "ipv6_cidr_block": "",
            "ipv6_cidr_block_association_id": "",
            "ipv6_native": false,
            "map_customer_owned_ip_on_launch": false,
            "map_public_ip_on_launch": false,
            "outpost_arn": "",
            "owner_id": "339518963654",
            "private_dns_hostname_type_on_launch": "ip-name",
            "tags": {
              "project": "6fire"
            },
            "tags_all": {
              "project": "6fire"
            },
            "timeouts": null,
            "vpc_id": "vpc-034d17bd6a032c03e"
          },
          "sensitive_attributes": [],
          "private": "eyJlMmJmYjczMC1lY2FhLTExZTYtOGY4OC0zNDM2M2JjN2M0YzAiOnsiY3JlYXRlIjo2MDAwMDAwMDAwMDAsImRlbGV0ZSI6MTIwMDAwMDAwMDAwMH0sInNjaGVtYV92ZXJzaW9uIjoiMSJ9",
          "dependencies": [
            "aws_vpc.main",
            "data.aws_availability_zones.available"
          ]
        }
      ]
    },
    {
      "mode": "managed",
      "type": "aws_subnet",
      "name": "public",
      "provider": "provider[\"registry.terraform.io/hashicorp/aws\"]",
      "instances": [
        {
          "index_key": 0,
          "schema_version": 1,
          "attributes": {
            "arn": "arn:aws:ec2:eu-west-3:339518963654:subnet/subnet-0922f2786df67e914",
            "assign_ipv6_address_on_creation": false,
            "availability_zone": "eu-west-3a",
            "availability_zone_id": "euw3-az1",
            "cidr_block": "172.19.2.0/24",
            "customer_owned_ipv4_pool": "",
            "enable_dns64": false,
            "enable_resource_name_dns_a_record_on_launch": false,
            "enable_resource_name_dns_aaaa_record_on_launch": false,
            "id": "subnet-0922f2786df67e914",
            "ipv6_cidr_block": "",
            "ipv6_cidr_block_association_id": "",
            "ipv6_native": false,
            "map_customer_owned_ip_on_launch": false,
            "map_public_ip_on_launch": true,
            "outpost_arn": "",
            "owner_id": "339518963654",
            "private_dns_hostname_type_on_launch": "ip-name",
            "tags": {
              "project": "6fire"
            },
            "tags_all": {
              "project": "6fire"
            },
            "timeouts": null,
            "vpc_id": "vpc-034d17bd6a032c03e"
          },
          "sensitive_attributes": [],
          "private": "eyJlMmJmYjczMC1lY2FhLTExZTYtOGY4OC0zNDM2M2JjN2M0YzAiOnsiY3JlYXRlIjo2MDAwMDAwMDAwMDAsImRlbGV0ZSI6MTIwMDAwMDAwMDAwMH0sInNjaGVtYV92ZXJzaW9uIjoiMSJ9",
          "dependencies": [
            "aws_vpc.main",
            "data.aws_availability_zones.available"
          ]
        },
        {
          "index_key": 1,
          "schema_version": 1,
          "attributes": {
            "arn": "arn:aws:ec2:eu-west-3:339518963654:subnet/subnet-038b556a2f621cf6c",
            "assign_ipv6_address_on_creation": false,
            "availability_zone": "eu-west-3b",
            "availability_zone_id": "euw3-az2",
            "cidr_block": "172.19.3.0/24",
            "customer_owned_ipv4_pool": "",
            "enable_dns64": false,
            "enable_resource_name_dns_a_record_on_launch": false,
            "enable_resource_name_dns_aaaa_record_on_launch": false,
            "id": "subnet-038b556a2f621cf6c",
            "ipv6_cidr_block": "",
            "ipv6_cidr_block_association_id": "",
            "ipv6_native": false,
            "map_customer_owned_ip_on_launch": false,
            "map_public_ip_on_launch": true,
            "outpost_arn": "",
            "owner_id": "339518963654",
            "private_dns_hostname_type_on_launch": "ip-name",
            "tags": {
              "project": "6fire"
            },
            "tags_all": {
              "project": "6fire"
            },
            "timeouts": null,
            "vpc_id": "vpc-034d17bd6a032c03e"
          },
          "sensitive_attributes": [],
          "private": "eyJlMmJmYjczMC1lY2FhLTExZTYtOGY4OC0zNDM2M2JjN2M0YzAiOnsiY3JlYXRlIjo2MDAwMDAwMDAwMDAsImRlbGV0ZSI6MTIwMDAwMDAwMDAwMH0sInNjaGVtYV92ZXJzaW9uIjoiMSJ9",
          "dependencies": [
            "aws_vpc.main",
            "data.aws_availability_zones.available"
          ]
        }
      ]
    },
    {
      "mode": "managed",
      "type": "aws_subnet",
      "name": "storage",
      "provider": "provider[\"registry.terraform.io/hashicorp/aws\"]",
      "instances": [
        {
          "schema_version": 1,
          "attributes": {
            "arn": "arn:aws:ec2:eu-west-3:339518963654:subnet/subnet-098a035b04483f60e",
            "assign_ipv6_address_on_creation": false,
            "availability_zone": "eu-west-3a",
            "availability_zone_id": "euw3-az1",
            "cidr_block": "172.19.12.0/24",
            "customer_owned_ipv4_pool": "",
            "enable_dns64": false,
            "enable_resource_name_dns_a_record_on_launch": false,
            "enable_resource_name_dns_aaaa_record_on_launch": false,
            "id": "subnet-098a035b04483f60e",
            "ipv6_cidr_block": "",
            "ipv6_cidr_block_association_id": "",
            "ipv6_native": false,
            "map_customer_owned_ip_on_launch": false,
            "map_public_ip_on_launch": false,
            "outpost_arn": "",
            "owner_id": "339518963654",
            "private_dns_hostname_type_on_launch": "ip-name",
            "tags": {
              "project": "6fire"
            },
            "tags_all": {
              "project": "6fire"
            },
            "timeouts": null,
            "vpc_id": "vpc-034d17bd6a032c03e"
          },
          "sensitive_attributes": [],
          "private": "eyJlMmJmYjczMC1lY2FhLTExZTYtOGY4OC0zNDM2M2JjN2M0YzAiOnsiY3JlYXRlIjo2MDAwMDAwMDAwMDAsImRlbGV0ZSI6MTIwMDAwMDAwMDAwMH0sInNjaGVtYV92ZXJzaW9uIjoiMSJ9",
          "dependencies": [
            "aws_vpc.main"
          ]
        }
      ]
    },
    {
      "mode": "managed",
      "type": "aws_vpc",
      "name": "main",
      "provider": "provider[\"registry.terraform.io/hashicorp/aws\"]",
      "instances": [
        {
          "schema_version": 1,
          "attributes": {
            "arn": "arn:aws:ec2:eu-west-3:339518963654:vpc/vpc-034d17bd6a032c03e",
            "assign_generated_ipv6_cidr_block": false,
            "cidr_block": "172.19.0.0/16",
            "default_network_acl_id": "acl-09aa6ad885c710f9b",
            "default_route_table_id": "rtb-02ca788c8a073c9a2",
            "default_security_group_id": "sg-0fe8e45e7a9bc9d72",
            "dhcp_options_id": "dopt-659d8f0c",
            "enable_classiclink": false,
            "enable_classiclink_dns_support": false,
            "enable_dns_hostnames": true,
            "enable_dns_support": true,
            "id": "vpc-034d17bd6a032c03e",
            "instance_tenancy": "default",
            "ipv4_ipam_pool_id": null,
            "ipv4_netmask_length": null,
            "ipv6_association_id": "",
            "ipv6_cidr_block": "",
            "ipv6_cidr_block_network_border_group": "",
            "ipv6_ipam_pool_id": "",
            "ipv6_netmask_length": 0,
            "main_route_table_id": "rtb-02ca788c8a073c9a2",
            "owner_id": "339518963654",
            "tags": {
              "project": "6fire"
            },
            "tags_all": {
              "project": "6fire"
            }
          },
          "sensitive_attributes": [],
          "private": "eyJzY2hlbWFfdmVyc2lvbiI6IjEifQ=="
        }
      ]
    }
  ]
}
