{
  "version": 4,
  "terraform_version": "1.1.8",
  "serial": 1398,
  "lineage": "44b92347-0113-d05c-4281-04b27946d865",
  "outputs": {},
  "resources": [
    {
      "mode": "data",
      "type": "aws_availability_zones",
      "name": "available",
      "provider": "provider[\"registry.terraform.io/hashicorp/aws\"]",
      "instances": [
        {
          "schema_version": 0,
          "attributes": {
            "all_availability_zones": null,
            "exclude_names": null,
            "exclude_zone_ids": null,
            "filter": null,
            "group_names": [
              "eu-west-3"
            ],
            "id": "eu-west-3",
            "names": [
              "eu-west-3a",
              "eu-west-3b",
              "eu-west-3c"
            ],
            "state": null,
            "zone_ids": [
              "euw3-az1",
              "euw3-az2",
              "euw3-az3"
            ]
          },
          "sensitive_attributes": []
        }
      ]
    },
    {
      "mode": "managed",
      "type": "aws_alb",
      "name": "api",
      "provider": "provider[\"registry.terraform.io/hashicorp/aws\"]",
      "instances": [
        {
          "schema_version": 0,
          "attributes": {
            "access_logs": [
              {
                "bucket": "",
                "enabled": false,
                "prefix": ""
              }
            ],
            "arn": "arn:aws:elasticloadbalancing:eu-west-3:339518963654:loadbalancer/app/6fire-ecs-alb-api/53cade1089be8df4",
            "arn_suffix": "app/6fire-ecs-alb-api/53cade1089be8df4",
            "customer_owned_ipv4_pool": "",
            "desync_mitigation_mode": "defensive",
            "dns_name": "6fire-ecs-alb-api-377633159.eu-west-3.elb.amazonaws.com",
            "drop_invalid_header_fields": false,
            "enable_cross_zone_load_balancing": null,
            "enable_deletion_protection": false,
            "enable_http2": true,
            "enable_waf_fail_open": false,
            "id": "arn:aws:elasticloadbalancing:eu-west-3:339518963654:loadbalancer/app/6fire-ecs-alb-api/53cade1089be8df4",
            "idle_timeout": 60,
            "internal": false,
            "ip_address_type": "ipv4",
            "load_balancer_type": "application",
            "name": "6fire-ecs-alb-api",
            "name_prefix": null,
            "security_groups": [
              "sg-0c63ceed84564856f"
            ],
            "subnet_mapping": [
              {
                "allocation_id": "",
                "ipv6_address": "",
                "outpost_id": "",
                "private_ipv4_address": "",
                "subnet_id": "subnet-0d439c4e30c209567"
              },
              {
                "allocation_id": "",
                "ipv6_address": "",
                "outpost_id": "",
                "private_ipv4_address": "",
                "subnet_id": "subnet-0d9f4005bec1dc21c"
              }
            ],
            "subnets": [
              "subnet-0d439c4e30c209567",
              "subnet-0d9f4005bec1dc21c"
            ],
            "tags": {
              "project": "6fire"
            },
            "tags_all": {
              "project": "6fire"
            },
            "timeouts": null,
            "vpc_id": "vpc-03d9f5416b50ecddc",
            "zone_id": "Z3Q77PNBQS71R4"
          },
          "sensitive_attributes": [],
          "private": "eyJlMmJmYjczMC1lY2FhLTExZTYtOGY4OC0zNDM2M2JjN2M0YzAiOnsiY3JlYXRlIjo2MDAwMDAwMDAwMDAsImRlbGV0ZSI6NjAwMDAwMDAwMDAwLCJ1cGRhdGUiOjYwMDAwMDAwMDAwMH19",
          "dependencies": [
            "aws_security_group.lb_api",
            "aws_subnet.public",
            "aws_vpc.main",
            "data.aws_availability_zones.available"
          ]
        }
      ]
    },
    {
      "mode": "managed",
      "type": "aws_alb",
      "name": "client",
      "provider": "provider[\"registry.terraform.io/hashicorp/aws\"]",
      "instances": [
        {
          "schema_version": 0,
          "attributes": {
            "access_logs": [
              {
                "bucket": "",
                "enabled": false,
                "prefix": ""
              }
            ],
            "arn": "arn:aws:elasticloadbalancing:eu-west-3:339518963654:loadbalancer/app/6fire-ecs-alb-client/56fb9ba08608dbdb",
            "arn_suffix": "app/6fire-ecs-alb-client/56fb9ba08608dbdb",
            "customer_owned_ipv4_pool": "",
            "desync_mitigation_mode": "defensive",
            "dns_name": "6fire-ecs-alb-client-1232983704.eu-west-3.elb.amazonaws.com",
            "drop_invalid_header_fields": false,
            "enable_cross_zone_load_balancing": null,
            "enable_deletion_protection": false,
            "enable_http2": true,
            "enable_waf_fail_open": false,
            "id": "arn:aws:elasticloadbalancing:eu-west-3:339518963654:loadbalancer/app/6fire-ecs-alb-client/56fb9ba08608dbdb",
            "idle_timeout": 60,
            "internal": false,
            "ip_address_type": "ipv4",
            "load_balancer_type": "application",
            "name": "6fire-ecs-alb-client",
            "name_prefix": null,
            "security_groups": [
              "sg-0c63ceed84564856f"
            ],
            "subnet_mapping": [
              {
                "allocation_id": "",
                "ipv6_address": "",
                "outpost_id": "",
                "private_ipv4_address": "",
                "subnet_id": "subnet-0d439c4e30c209567"
              },
              {
                "allocation_id": "",
                "ipv6_address": "",
                "outpost_id": "",
                "private_ipv4_address": "",
                "subnet_id": "subnet-0d9f4005bec1dc21c"
              }
            ],
            "subnets": [
              "subnet-0d439c4e30c209567",
              "subnet-0d9f4005bec1dc21c"
            ],
            "tags": {
              "project": "6fire"
            },
            "tags_all": {
              "project": "6fire"
            },
            "timeouts": null,
            "vpc_id": "vpc-03d9f5416b50ecddc",
            "zone_id": "Z3Q77PNBQS71R4"
          },
          "sensitive_attributes": [],
          "private": "eyJlMmJmYjczMC1lY2FhLTExZTYtOGY4OC0zNDM2M2JjN2M0YzAiOnsiY3JlYXRlIjo2MDAwMDAwMDAwMDAsImRlbGV0ZSI6NjAwMDAwMDAwMDAwLCJ1cGRhdGUiOjYwMDAwMDAwMDAwMH19",
          "dependencies": [
            "aws_security_group.lb_api",
            "aws_subnet.public",
            "aws_vpc.main",
            "data.aws_availability_zones.available"
          ]
        }
      ]
    },
    {
      "mode": "managed",
      "type": "aws_alb",
      "name": "dashboard",
      "provider": "provider[\"registry.terraform.io/hashicorp/aws\"]",
      "instances": [
        {
          "schema_version": 0,
          "attributes": {
            "access_logs": [
              {
                "bucket": "",
                "enabled": false,
                "prefix": ""
              }
            ],
            "arn": "arn:aws:elasticloadbalancing:eu-west-3:339518963654:loadbalancer/app/6fire-ecs-alb-dashboard/8d83178f6d21cb40",
            "arn_suffix": "app/6fire-ecs-alb-dashboard/8d83178f6d21cb40",
            "customer_owned_ipv4_pool": "",
            "desync_mitigation_mode": "defensive",
            "dns_name": "6fire-ecs-alb-dashboard-7069015.eu-west-3.elb.amazonaws.com",
            "drop_invalid_header_fields": false,
            "enable_cross_zone_load_balancing": null,
            "enable_deletion_protection": false,
            "enable_http2": true,
            "enable_waf_fail_open": false,
            "id": "arn:aws:elasticloadbalancing:eu-west-3:339518963654:loadbalancer/app/6fire-ecs-alb-dashboard/8d83178f6d21cb40",
            "idle_timeout": 60,
            "internal": false,
            "ip_address_type": "ipv4",
            "load_balancer_type": "application",
            "name": "6fire-ecs-alb-dashboard",
            "name_prefix": null,
            "security_groups": [
              "sg-0c63ceed84564856f"
            ],
            "subnet_mapping": [
              {
                "allocation_id": "",
                "ipv6_address": "",
                "outpost_id": "",
                "private_ipv4_address": "",
                "subnet_id": "subnet-0d439c4e30c209567"
              },
              {
                "allocation_id": "",
                "ipv6_address": "",
                "outpost_id": "",
                "private_ipv4_address": "",
                "subnet_id": "subnet-0d9f4005bec1dc21c"
              }
            ],
            "subnets": [
              "subnet-0d439c4e30c209567",
              "subnet-0d9f4005bec1dc21c"
            ],
            "tags": {
              "project": "6fire"
            },
            "tags_all": {
              "project": "6fire"
            },
            "timeouts": null,
            "vpc_id": "vpc-03d9f5416b50ecddc",
            "zone_id": "Z3Q77PNBQS71R4"
          },
          "sensitive_attributes": [],
          "private": "eyJlMmJmYjczMC1lY2FhLTExZTYtOGY4OC0zNDM2M2JjN2M0YzAiOnsiY3JlYXRlIjo2MDAwMDAwMDAwMDAsImRlbGV0ZSI6NjAwMDAwMDAwMDAwLCJ1cGRhdGUiOjYwMDAwMDAwMDAwMH19",
          "dependencies": [
            "aws_security_group.lb_api",
            "aws_subnet.public",
            "aws_vpc.main",
            "data.aws_availability_zones.available"
          ]
        }
      ]
    },
    {
      "mode": "managed",
      "type": "aws_alb_listener",
      "name": "api",
      "provider": "provider[\"registry.terraform.io/hashicorp/aws\"]",
      "instances": [
        {
          "schema_version": 0,
          "attributes": {
            "alpn_policy": null,
            "arn": "arn:aws:elasticloadbalancing:eu-west-3:339518963654:listener/app/6fire-ecs-alb-api/53cade1089be8df4/36b9f3200970025a",
            "certificate_arn": null,
            "default_action": [
              {
                "authenticate_cognito": [],
                "authenticate_oidc": [],
                "fixed_response": [],
                "forward": [],
                "order": 1,
                "redirect": [],
                "target_group_arn": "arn:aws:elasticloadbalancing:eu-west-3:339518963654:targetgroup/6fire-ecs-alb-tg-api/cb821f6d952979ba",
                "type": "forward"
              }
            ],
            "id": "arn:aws:elasticloadbalancing:eu-west-3:339518963654:listener/app/6fire-ecs-alb-api/53cade1089be8df4/36b9f3200970025a",
            "load_balancer_arn": "arn:aws:elasticloadbalancing:eu-west-3:339518963654:loadbalancer/app/6fire-ecs-alb-api/53cade1089be8df4",
            "port": 80,
            "protocol": "HTTP",
            "ssl_policy": "",
            "tags": {
              "project": "6fire"
            },
            "tags_all": {
              "project": "6fire"
            },
            "timeouts": null
          },
          "sensitive_attributes": [],
          "private": "eyJlMmJmYjczMC1lY2FhLTExZTYtOGY4OC0zNDM2M2JjN2M0YzAiOnsicmVhZCI6NjAwMDAwMDAwMDAwfX0=",
          "dependencies": [
            "aws_alb.api",
            "aws_alb_target_group.api",
            "aws_security_group.lb_api",
            "aws_subnet.public",
            "aws_vpc.main",
            "data.aws_availability_zones.available"
          ]
        }
      ]
    },
    {
      "mode": "managed",
      "type": "aws_alb_listener",
      "name": "client",
      "provider": "provider[\"registry.terraform.io/hashicorp/aws\"]",
      "instances": [
        {
          "schema_version": 0,
          "attributes": {
            "alpn_policy": null,
            "arn": "arn:aws:elasticloadbalancing:eu-west-3:339518963654:listener/app/6fire-ecs-alb-client/56fb9ba08608dbdb/9e2c028c4a930f1a",
            "certificate_arn": null,
            "default_action": [
              {
                "authenticate_cognito": [],
                "authenticate_oidc": [],
                "fixed_response": [],
                "forward": [],
                "order": 1,
                "redirect": [],
                "target_group_arn": "arn:aws:elasticloadbalancing:eu-west-3:339518963654:targetgroup/6fire-ecs-alb-tg-client/91d6b17767e79b76",
                "type": "forward"
              }
            ],
            "id": "arn:aws:elasticloadbalancing:eu-west-3:339518963654:listener/app/6fire-ecs-alb-client/56fb9ba08608dbdb/9e2c028c4a930f1a",
            "load_balancer_arn": "arn:aws:elasticloadbalancing:eu-west-3:339518963654:loadbalancer/app/6fire-ecs-alb-client/56fb9ba08608dbdb",
            "port": 80,
            "protocol": "HTTP",
            "ssl_policy": "",
            "tags": {
              "project": "6fire"
            },
            "tags_all": {
              "project": "6fire"
            },
            "timeouts": null
          },
          "sensitive_attributes": [],
          "private": "eyJlMmJmYjczMC1lY2FhLTExZTYtOGY4OC0zNDM2M2JjN2M0YzAiOnsicmVhZCI6NjAwMDAwMDAwMDAwfX0=",
          "dependencies": [
            "aws_alb.client",
            "aws_alb_target_group.client",
            "aws_security_group.lb_api",
            "aws_subnet.public",
            "aws_vpc.main",
            "data.aws_availability_zones.available"
          ]
        }
      ]
    },
    {
      "mode": "managed",
      "type": "aws_alb_listener",
      "name": "dashboard",
      "provider": "provider[\"registry.terraform.io/hashicorp/aws\"]",
      "instances": [
        {
          "schema_version": 0,
          "attributes": {
            "alpn_policy": null,
            "arn": "arn:aws:elasticloadbalancing:eu-west-3:339518963654:listener/app/6fire-ecs-alb-dashboard/8d83178f6d21cb40/044f959349756608",
            "certificate_arn": null,
            "default_action": [
              {
                "authenticate_cognito": [],
                "authenticate_oidc": [],
                "fixed_response": [],
                "forward": [],
                "order": 1,
                "redirect": [],
                "target_group_arn": "arn:aws:elasticloadbalancing:eu-west-3:339518963654:targetgroup/6fire-ecs-alb-tg-dashboard/0dbc6b257bf6e685",
                "type": "forward"
              }
            ],
            "id": "arn:aws:elasticloadbalancing:eu-west-3:339518963654:listener/app/6fire-ecs-alb-dashboard/8d83178f6d21cb40/044f959349756608",
            "load_balancer_arn": "arn:aws:elasticloadbalancing:eu-west-3:339518963654:loadbalancer/app/6fire-ecs-alb-dashboard/8d83178f6d21cb40",
            "port": 80,
            "protocol": "HTTP",
            "ssl_policy": "",
            "tags": {
              "project": "6fire"
            },
            "tags_all": {
              "project": "6fire"
            },
            "timeouts": null
          },
          "sensitive_attributes": [],
          "private": "eyJlMmJmYjczMC1lY2FhLTExZTYtOGY4OC0zNDM2M2JjN2M0YzAiOnsicmVhZCI6NjAwMDAwMDAwMDAwfX0=",
          "dependencies": [
            "aws_alb.dashboard",
            "aws_alb_target_group.dashboard",
            "aws_security_group.lb_api",
            "aws_subnet.public",
            "aws_vpc.main",
            "data.aws_availability_zones.available"
          ]
        }
      ]
    },
    {
      "mode": "managed",
      "type": "aws_alb_target_group",
      "name": "api",
      "provider": "provider[\"registry.terraform.io/hashicorp/aws\"]",
      "instances": [
        {
          "schema_version": 0,
          "attributes": {
            "arn": "arn:aws:elasticloadbalancing:eu-west-3:339518963654:targetgroup/6fire-ecs-alb-tg-api/cb821f6d952979ba",
            "arn_suffix": "targetgroup/6fire-ecs-alb-tg-api/cb821f6d952979ba",
            "connection_termination": false,
            "deregistration_delay": "300",
            "health_check": [
              {
                "enabled": true,
                "healthy_threshold": 5,
                "interval": 30,
                "matcher": "200",
                "path": "/",
                "port": "traffic-port",
                "protocol": "HTTP",
                "timeout": 5,
                "unhealthy_threshold": 2
              }
            ],
            "id": "arn:aws:elasticloadbalancing:eu-west-3:339518963654:targetgroup/6fire-ecs-alb-tg-api/cb821f6d952979ba",
            "lambda_multi_value_headers_enabled": false,
            "load_balancing_algorithm_type": "round_robin",
            "name": "6fire-ecs-alb-tg-api",
            "name_prefix": null,
            "port": 80,
            "preserve_client_ip": null,
            "protocol": "HTTP",
            "protocol_version": "HTTP1",
            "proxy_protocol_v2": false,
            "slow_start": 0,
            "stickiness": [
              {
                "cookie_duration": 86400,
                "cookie_name": "",
                "enabled": false,
                "type": "lb_cookie"
              }
            ],
            "tags": {
              "project": "6fire"
            },
            "tags_all": {
              "project": "6fire"
            },
            "target_type": "ip",
            "vpc_id": "vpc-03d9f5416b50ecddc"
          },
          "sensitive_attributes": [],
          "private": "bnVsbA==",
          "dependencies": [
            "aws_vpc.main"
          ]
        }
      ]
    },
    {
      "mode": "managed",
      "type": "aws_alb_target_group",
      "name": "client",
      "provider": "provider[\"registry.terraform.io/hashicorp/aws\"]",
      "instances": [
        {
          "schema_version": 0,
          "attributes": {
            "arn": "arn:aws:elasticloadbalancing:eu-west-3:339518963654:targetgroup/6fire-ecs-alb-tg-client/91d6b17767e79b76",
            "arn_suffix": "targetgroup/6fire-ecs-alb-tg-client/91d6b17767e79b76",
            "connection_termination": false,
            "deregistration_delay": "300",
            "health_check": [
              {
                "enabled": true,
                "healthy_threshold": 5,
                "interval": 30,
                "matcher": "200",
                "path": "/",
                "port": "traffic-port",
                "protocol": "HTTP",
                "timeout": 5,
                "unhealthy_threshold": 2
              }
            ],
            "id": "arn:aws:elasticloadbalancing:eu-west-3:339518963654:targetgroup/6fire-ecs-alb-tg-client/91d6b17767e79b76",
            "lambda_multi_value_headers_enabled": false,
            "load_balancing_algorithm_type": "round_robin",
            "name": "6fire-ecs-alb-tg-client",
            "name_prefix": null,
            "port": 80,
            "preserve_client_ip": null,
            "protocol": "HTTP",
            "protocol_version": "HTTP1",
            "proxy_protocol_v2": false,
            "slow_start": 0,
            "stickiness": [
              {
                "cookie_duration": 86400,
                "cookie_name": "",
                "enabled": false,
                "type": "lb_cookie"
              }
            ],
            "tags": {
              "project": "6fire"
            },
            "tags_all": {
              "project": "6fire"
            },
            "target_type": "ip",
            "vpc_id": "vpc-03d9f5416b50ecddc"
          },
          "sensitive_attributes": [],
          "private": "bnVsbA==",
          "dependencies": [
            "aws_vpc.main"
          ]
        }
      ]
    },
    {
      "mode": "managed",
      "type": "aws_alb_target_group",
      "name": "dashboard",
      "provider": "provider[\"registry.terraform.io/hashicorp/aws\"]",
      "instances": [
        {
          "schema_version": 0,
          "attributes": {
            "arn": "arn:aws:elasticloadbalancing:eu-west-3:339518963654:targetgroup/6fire-ecs-alb-tg-dashboard/0dbc6b257bf6e685",
            "arn_suffix": "targetgroup/6fire-ecs-alb-tg-dashboard/0dbc6b257bf6e685",
            "connection_termination": false,
            "deregistration_delay": "300",
            "health_check": [
              {
                "enabled": true,
                "healthy_threshold": 5,
                "interval": 30,
                "matcher": "200",
                "path": "/",
                "port": "traffic-port",
                "protocol": "HTTP",
                "timeout": 5,
                "unhealthy_threshold": 2
              }
            ],
            "id": "arn:aws:elasticloadbalancing:eu-west-3:339518963654:targetgroup/6fire-ecs-alb-tg-dashboard/0dbc6b257bf6e685",
            "lambda_multi_value_headers_enabled": false,
            "load_balancing_algorithm_type": "round_robin",
            "name": "6fire-ecs-alb-tg-dashboard",
            "name_prefix": null,
            "port": 80,
            "preserve_client_ip": null,
            "protocol": "HTTP",
            "protocol_version": "HTTP1",
            "proxy_protocol_v2": false,
            "slow_start": 0,
            "stickiness": [
              {
                "cookie_duration": 86400,
                "cookie_name": "",
                "enabled": false,
                "type": "lb_cookie"
              }
            ],
            "tags": {
              "project": "6fire"
            },
            "tags_all": {
              "project": "6fire"
            },
            "target_type": "ip",
            "vpc_id": "vpc-03d9f5416b50ecddc"
          },
          "sensitive_attributes": [],
          "private": "bnVsbA==",
          "dependencies": [
            "aws_vpc.main"
          ]
        }
      ]
    },
    {
      "mode": "managed",
      "type": "aws_appautoscaling_policy",
      "name": "api_policy_cpu",
      "provider": "provider[\"registry.terraform.io/hashicorp/aws\"]",
      "instances": [
        {
          "schema_version": 0,
          "attributes": {
            "arn": "arn:aws:autoscaling:eu-west-3:339518963654:scalingPolicy:8289e341-c136-41ee-9611-f16c3eef127b:resource/ecs/service/6fire-ecs-cluster/6fire-ecs-service-api:policyName/dev-to-cpu",
            "id": "dev-to-cpu",
            "name": "dev-to-cpu",
            "policy_type": "TargetTrackingScaling",
            "resource_id": "service/6fire-ecs-cluster/6fire-ecs-service-api",
            "scalable_dimension": "ecs:service:DesiredCount",
            "service_namespace": "ecs",
            "step_scaling_policy_configuration": [],
            "target_tracking_scaling_policy_configuration": [
              {
                "customized_metric_specification": [],
                "disable_scale_in": false,
                "predefined_metric_specification": [
                  {
                    "predefined_metric_type": "ECSServiceAverageCPUUtilization",
                    "resource_label": ""
                  }
                ],
                "scale_in_cooldown": 60,
                "scale_out_cooldown": 60,
                "target_value": 80
              }
            ]
          },
          "sensitive_attributes": [],
          "private": "bnVsbA==",
          "dependencies": [
            "aws_alb.api",
            "aws_alb_listener.api",
            "aws_alb_target_group.api",
            "aws_appautoscaling_target.api_autoscaling_target",
            "aws_cloudwatch_log_group.api",
            "aws_db_instance.default",
            "aws_db_subnet_group.main",
            "aws_ecr_repository.api",
            "aws_ecs_cluster.default",
            "aws_ecs_service.api",
            "aws_ecs_task_definition.api",
            "aws_iam_role.ecs_task_role",
            "aws_iam_role.esc_execution_role",
            "aws_security_group.ecs_tasks",
            "aws_security_group.lb_api",
            "aws_security_group.rds_sg",
            "aws_subnet.private",
            "aws_subnet.public",
            "aws_vpc.main",
            "data.aws_availability_zones.available"
          ]
        }
      ]
    },
    {
      "mode": "managed",
      "type": "aws_appautoscaling_policy",
      "name": "api_policy_memory",
      "provider": "provider[\"registry.terraform.io/hashicorp/aws\"]",
      "instances": [
        {
          "schema_version": 0,
          "attributes": {
            "arn": "arn:aws:autoscaling:eu-west-3:339518963654:scalingPolicy:8289e341-c136-41ee-9611-f16c3eef127b:resource/ecs/service/6fire-ecs-cluster/6fire-ecs-service-api:policyName/dev-to-memory",
            "id": "dev-to-memory",
            "name": "dev-to-memory",
            "policy_type": "TargetTrackingScaling",
            "resource_id": "service/6fire-ecs-cluster/6fire-ecs-service-api",
            "scalable_dimension": "ecs:service:DesiredCount",
            "service_namespace": "ecs",
            "step_scaling_policy_configuration": [],
            "target_tracking_scaling_policy_configuration": [
              {
                "customized_metric_specification": [],
                "disable_scale_in": false,
                "predefined_metric_specification": [
                  {
                    "predefined_metric_type": "ECSServiceAverageMemoryUtilization",
                    "resource_label": ""
                  }
                ],
                "scale_in_cooldown": 60,
                "scale_out_cooldown": 60,
                "target_value": 80
              }
            ]
          },
          "sensitive_attributes": [],
          "private": "bnVsbA==",
          "dependencies": [
            "aws_alb.api",
            "aws_alb_listener.api",
            "aws_alb_target_group.api",
            "aws_appautoscaling_target.api_autoscaling_target",
            "aws_cloudwatch_log_group.api",
            "aws_db_instance.default",
            "aws_db_subnet_group.main",
            "aws_ecr_repository.api",
            "aws_ecs_cluster.default",
            "aws_ecs_service.api",
            "aws_ecs_task_definition.api",
            "aws_iam_role.ecs_task_role",
            "aws_iam_role.esc_execution_role",
            "aws_security_group.ecs_tasks",
            "aws_security_group.lb_api",
            "aws_security_group.rds_sg",
            "aws_subnet.private",
            "aws_subnet.public",
            "aws_vpc.main",
            "data.aws_availability_zones.available"
          ]
        }
      ]
    },
    {
      "mode": "managed",
      "type": "aws_appautoscaling_policy",
      "name": "client_policy_cpu",
      "provider": "provider[\"registry.terraform.io/hashicorp/aws\"]",
      "instances": [
        {
          "schema_version": 0,
          "attributes": {
            "arn": "arn:aws:autoscaling:eu-west-3:339518963654:scalingPolicy:f6a0e7c3-7933-4da4-9225-44011f2b346c:resource/ecs/service/6fire-ecs-cluster/6fire-ecs-service-client:policyName/dev-to-cpu",
            "id": "dev-to-cpu",
            "name": "dev-to-cpu",
            "policy_type": "TargetTrackingScaling",
            "resource_id": "service/6fire-ecs-cluster/6fire-ecs-service-client",
            "scalable_dimension": "ecs:service:DesiredCount",
            "service_namespace": "ecs",
            "step_scaling_policy_configuration": [],
            "target_tracking_scaling_policy_configuration": [
              {
                "customized_metric_specification": [],
                "disable_scale_in": false,
                "predefined_metric_specification": [
                  {
                    "predefined_metric_type": "ECSServiceAverageCPUUtilization",
                    "resource_label": ""
                  }
                ],
                "scale_in_cooldown": 60,
                "scale_out_cooldown": 60,
                "target_value": 80
              }
            ]
          },
          "sensitive_attributes": [],
          "private": "bnVsbA==",
          "dependencies": [
            "aws_alb.api",
            "aws_alb.client",
            "aws_alb_listener.api",
            "aws_alb_listener.client",
            "aws_alb_target_group.api",
            "aws_alb_target_group.client",
            "aws_appautoscaling_target.client_autoscaling_target",
            "aws_cloudwatch_log_group.api",
            "aws_cloudwatch_log_group.client",
            "aws_db_instance.default",
            "aws_db_subnet_group.main",
            "aws_ecr_repository.api",
            "aws_ecr_repository.client",
            "aws_ecs_cluster.default",
            "aws_ecs_service.api",
            "aws_ecs_service.client",
            "aws_ecs_task_definition.api",
            "aws_ecs_task_definition.client",
            "aws_iam_role.ecs_task_role",
            "aws_iam_role.esc_execution_role",
            "aws_security_group.ecs_tasks",
            "aws_security_group.lb_api",
            "aws_security_group.rds_sg",
            "aws_subnet.private",
            "aws_subnet.public",
            "aws_vpc.main",
            "data.aws_availability_zones.available"
          ]
        }
      ]
    },
    {
      "mode": "managed",
      "type": "aws_appautoscaling_policy",
      "name": "client_policy_memory",
      "provider": "provider[\"registry.terraform.io/hashicorp/aws\"]",
      "instances": [
        {
          "schema_version": 0,
          "attributes": {
            "arn": "arn:aws:autoscaling:eu-west-3:339518963654:scalingPolicy:f6a0e7c3-7933-4da4-9225-44011f2b346c:resource/ecs/service/6fire-ecs-cluster/6fire-ecs-service-client:policyName/dev-to-memory",
            "id": "dev-to-memory",
            "name": "dev-to-memory",
            "policy_type": "TargetTrackingScaling",
            "resource_id": "service/6fire-ecs-cluster/6fire-ecs-service-client",
            "scalable_dimension": "ecs:service:DesiredCount",
            "service_namespace": "ecs",
            "step_scaling_policy_configuration": [],
            "target_tracking_scaling_policy_configuration": [
              {
                "customized_metric_specification": [],
                "disable_scale_in": false,
                "predefined_metric_specification": [
                  {
                    "predefined_metric_type": "ECSServiceAverageMemoryUtilization",
                    "resource_label": ""
                  }
                ],
                "scale_in_cooldown": 60,
                "scale_out_cooldown": 60,
                "target_value": 80
              }
            ]
          },
          "sensitive_attributes": [],
          "private": "bnVsbA==",
          "dependencies": [
            "aws_alb.api",
            "aws_alb.client",
            "aws_alb_listener.api",
            "aws_alb_listener.client",
            "aws_alb_target_group.api",
            "aws_alb_target_group.client",
            "aws_appautoscaling_target.client_autoscaling_target",
            "aws_cloudwatch_log_group.api",
            "aws_cloudwatch_log_group.client",
            "aws_db_instance.default",
            "aws_db_subnet_group.main",
            "aws_ecr_repository.api",
            "aws_ecr_repository.client",
            "aws_ecs_cluster.default",
            "aws_ecs_service.api",
            "aws_ecs_service.client",
            "aws_ecs_task_definition.api",
            "aws_ecs_task_definition.client",
            "aws_iam_role.ecs_task_role",
            "aws_iam_role.esc_execution_role",
            "aws_security_group.ecs_tasks",
            "aws_security_group.lb_api",
            "aws_security_group.rds_sg",
            "aws_subnet.private",
            "aws_subnet.public",
            "aws_vpc.main",
            "data.aws_availability_zones.available"
          ]
        }
      ]
    },
    {
      "mode": "managed",
      "type": "aws_appautoscaling_policy",
      "name": "dashoard_policy_cpu",
      "provider": "provider[\"registry.terraform.io/hashicorp/aws\"]",
      "instances": [
        {
          "schema_version": 0,
          "attributes": {
            "arn": "arn:aws:autoscaling:eu-west-3:339518963654:scalingPolicy:4ca54df3-3be8-4ab5-ae86-6c1c9e7b51da:resource/ecs/service/6fire-ecs-cluster/6fire-ecs-service-dashboard:policyName/dev-to-cpu",
            "id": "dev-to-cpu",
            "name": "dev-to-cpu",
            "policy_type": "TargetTrackingScaling",
            "resource_id": "service/6fire-ecs-cluster/6fire-ecs-service-dashboard",
            "scalable_dimension": "ecs:service:DesiredCount",
            "service_namespace": "ecs",
            "step_scaling_policy_configuration": [],
            "target_tracking_scaling_policy_configuration": [
              {
                "customized_metric_specification": [],
                "disable_scale_in": false,
                "predefined_metric_specification": [
                  {
                    "predefined_metric_type": "ECSServiceAverageCPUUtilization",
                    "resource_label": ""
                  }
                ],
                "scale_in_cooldown": 60,
                "scale_out_cooldown": 60,
                "target_value": 80
              }
            ]
          },
          "sensitive_attributes": [],
          "private": "bnVsbA==",
          "dependencies": [
            "aws_alb.api",
            "aws_alb.dashboard",
            "aws_alb_listener.api",
            "aws_alb_listener.dashboard",
            "aws_alb_target_group.api",
            "aws_alb_target_group.dashboard",
            "aws_appautoscaling_target.dashboard_autoscaling_target",
            "aws_cloudwatch_log_group.api",
            "aws_cloudwatch_log_group.dashboard",
            "aws_db_instance.default",
            "aws_db_subnet_group.main",
            "aws_ecr_repository.api",
            "aws_ecr_repository.dashboard",
            "aws_ecs_cluster.default",
            "aws_ecs_service.api",
            "aws_ecs_service.dashboard",
            "aws_ecs_task_definition.api",
            "aws_ecs_task_definition.dashboard",
            "aws_iam_role.ecs_task_role",
            "aws_iam_role.esc_execution_role",
            "aws_security_group.ecs_tasks",
            "aws_security_group.lb_api",
            "aws_security_group.rds_sg",
            "aws_subnet.private",
            "aws_subnet.public",
            "aws_vpc.main",
            "data.aws_availability_zones.available"
          ]
        }
      ]
    },
    {
      "mode": "managed",
      "type": "aws_appautoscaling_policy",
      "name": "dashoard_policy_memory",
      "provider": "provider[\"registry.terraform.io/hashicorp/aws\"]",
      "instances": [
        {
          "schema_version": 0,
          "attributes": {
            "arn": "arn:aws:autoscaling:eu-west-3:339518963654:scalingPolicy:4ca54df3-3be8-4ab5-ae86-6c1c9e7b51da:resource/ecs/service/6fire-ecs-cluster/6fire-ecs-service-dashboard:policyName/dev-to-memory",
            "id": "dev-to-memory",
            "name": "dev-to-memory",
            "policy_type": "TargetTrackingScaling",
            "resource_id": "service/6fire-ecs-cluster/6fire-ecs-service-dashboard",
            "scalable_dimension": "ecs:service:DesiredCount",
            "service_namespace": "ecs",
            "step_scaling_policy_configuration": [],
            "target_tracking_scaling_policy_configuration": [
              {
                "customized_metric_specification": [],
                "disable_scale_in": false,
                "predefined_metric_specification": [
                  {
                    "predefined_metric_type": "ECSServiceAverageMemoryUtilization",
                    "resource_label": ""
                  }
                ],
                "scale_in_cooldown": 60,
                "scale_out_cooldown": 60,
                "target_value": 80
              }
            ]
          },
          "sensitive_attributes": [],
          "private": "bnVsbA==",
          "dependencies": [
            "aws_alb.api",
            "aws_alb.dashboard",
            "aws_alb_listener.api",
            "aws_alb_listener.dashboard",
            "aws_alb_target_group.api",
            "aws_alb_target_group.dashboard",
            "aws_appautoscaling_target.dashboard_autoscaling_target",
            "aws_cloudwatch_log_group.api",
            "aws_cloudwatch_log_group.dashboard",
            "aws_db_instance.default",
            "aws_db_subnet_group.main",
            "aws_ecr_repository.api",
            "aws_ecr_repository.dashboard",
            "aws_ecs_cluster.default",
            "aws_ecs_service.api",
            "aws_ecs_service.dashboard",
            "aws_ecs_task_definition.api",
            "aws_ecs_task_definition.dashboard",
            "aws_iam_role.ecs_task_role",
            "aws_iam_role.esc_execution_role",
            "aws_security_group.ecs_tasks",
            "aws_security_group.lb_api",
            "aws_security_group.rds_sg",
            "aws_subnet.private",
            "aws_subnet.public",
            "aws_vpc.main",
            "data.aws_availability_zones.available"
          ]
        }
      ]
    },
    {
      "mode": "managed",
      "type": "aws_appautoscaling_target",
      "name": "api_autoscaling_target",
      "provider": "provider[\"registry.terraform.io/hashicorp/aws\"]",
      "instances": [
        {
          "schema_version": 0,
          "attributes": {
            "id": "service/6fire-ecs-cluster/6fire-ecs-service-api",
            "max_capacity": 5,
            "min_capacity": 1,
            "resource_id": "service/6fire-ecs-cluster/6fire-ecs-service-api",
            "role_arn": "arn:aws:iam::339518963654:role/aws-service-role/ecs.application-autoscaling.amazonaws.com/AWSServiceRoleForApplicationAutoScaling_ECSService",
            "scalable_dimension": "ecs:service:DesiredCount",
            "service_namespace": "ecs"
          },
          "sensitive_attributes": [],
          "private": "bnVsbA==",
          "dependencies": [
            "aws_alb.api",
            "aws_alb_listener.api",
            "aws_alb_target_group.api",
            "aws_cloudwatch_log_group.api",
            "aws_db_instance.default",
            "aws_db_subnet_group.main",
            "aws_ecr_repository.api",
            "aws_ecs_cluster.default",
            "aws_ecs_service.api",
            "aws_ecs_task_definition.api",
            "aws_iam_role.ecs_task_role",
            "aws_iam_role.esc_execution_role",
            "aws_security_group.ecs_tasks",
            "aws_security_group.lb_api",
            "aws_security_group.rds_sg",
            "aws_subnet.private",
            "aws_subnet.public",
            "aws_vpc.main",
            "data.aws_availability_zones.available"
          ]
        }
      ]
    },
    {
      "mode": "managed",
      "type": "aws_appautoscaling_target",
      "name": "client_autoscaling_target",
      "provider": "provider[\"registry.terraform.io/hashicorp/aws\"]",
      "instances": [
        {
          "schema_version": 0,
          "attributes": {
            "id": "service/6fire-ecs-cluster/6fire-ecs-service-client",
            "max_capacity": 5,
            "min_capacity": 1,
            "resource_id": "service/6fire-ecs-cluster/6fire-ecs-service-client",
            "role_arn": "arn:aws:iam::339518963654:role/aws-service-role/ecs.application-autoscaling.amazonaws.com/AWSServiceRoleForApplicationAutoScaling_ECSService",
            "scalable_dimension": "ecs:service:DesiredCount",
            "service_namespace": "ecs"
          },
          "sensitive_attributes": [],
          "private": "bnVsbA==",
          "dependencies": [
            "aws_alb.api",
            "aws_alb.client",
            "aws_alb_listener.api",
            "aws_alb_listener.client",
            "aws_alb_target_group.api",
            "aws_alb_target_group.client",
            "aws_cloudwatch_log_group.api",
            "aws_cloudwatch_log_group.client",
            "aws_db_instance.default",
            "aws_db_subnet_group.main",
            "aws_ecr_repository.api",
            "aws_ecr_repository.client",
            "aws_ecs_cluster.default",
            "aws_ecs_service.api",
            "aws_ecs_service.client",
            "aws_ecs_task_definition.api",
            "aws_ecs_task_definition.client",
            "aws_iam_role.ecs_task_role",
            "aws_iam_role.esc_execution_role",
            "aws_security_group.ecs_tasks",
            "aws_security_group.lb_api",
            "aws_security_group.rds_sg",
            "aws_subnet.private",
            "aws_subnet.public",
            "aws_vpc.main",
            "data.aws_availability_zones.available"
          ]
        }
      ]
    },
    {
      "mode": "managed",
      "type": "aws_appautoscaling_target",
      "name": "dashboard_autoscaling_target",
      "provider": "provider[\"registry.terraform.io/hashicorp/aws\"]",
      "instances": [
        {
          "schema_version": 0,
          "attributes": {
            "id": "service/6fire-ecs-cluster/6fire-ecs-service-dashboard",
            "max_capacity": 5,
            "min_capacity": 1,
            "resource_id": "service/6fire-ecs-cluster/6fire-ecs-service-dashboard",
            "role_arn": "arn:aws:iam::339518963654:role/aws-service-role/ecs.application-autoscaling.amazonaws.com/AWSServiceRoleForApplicationAutoScaling_ECSService",
            "scalable_dimension": "ecs:service:DesiredCount",
            "service_namespace": "ecs"
          },
          "sensitive_attributes": [],
          "private": "bnVsbA==",
          "dependencies": [
            "aws_alb.api",
            "aws_alb.dashboard",
            "aws_alb_listener.api",
            "aws_alb_listener.dashboard",
            "aws_alb_target_group.api",
            "aws_alb_target_group.dashboard",
            "aws_cloudwatch_log_group.api",
            "aws_cloudwatch_log_group.dashboard",
            "aws_db_instance.default",
            "aws_db_subnet_group.main",
            "aws_ecr_repository.api",
            "aws_ecr_repository.dashboard",
            "aws_ecs_cluster.default",
            "aws_ecs_service.api",
            "aws_ecs_service.dashboard",
            "aws_ecs_task_definition.api",
            "aws_ecs_task_definition.dashboard",
            "aws_iam_role.ecs_task_role",
            "aws_iam_role.esc_execution_role",
            "aws_security_group.ecs_tasks",
            "aws_security_group.lb_api",
            "aws_security_group.rds_sg",
            "aws_subnet.private",
            "aws_subnet.public",
            "aws_vpc.main",
            "data.aws_availability_zones.available"
          ]
        }
      ]
    },
    {
      "mode": "managed",
      "type": "aws_cloudwatch_log_group",
      "name": "api",
      "provider": "provider[\"registry.terraform.io/hashicorp/aws\"]",
      "instances": [
        {
          "schema_version": 0,
          "attributes": {
            "arn": "arn:aws:logs:eu-west-3:339518963654:log-group:6fire-api",
            "id": "6fire-api",
            "kms_key_id": "",
            "name": "6fire-api",
            "name_prefix": null,
            "retention_in_days": 0,
            "tags": {},
            "tags_all": {}
          },
          "sensitive_attributes": [],
          "private": "bnVsbA=="
        }
      ]
    },
    {
      "mode": "managed",
      "type": "aws_cloudwatch_log_group",
      "name": "client",
      "provider": "provider[\"registry.terraform.io/hashicorp/aws\"]",
      "instances": [
        {
          "schema_version": 0,
          "attributes": {
            "arn": "arn:aws:logs:eu-west-3:339518963654:log-group:6fire-client",
            "id": "6fire-client",
            "kms_key_id": "",
            "name": "6fire-client",
            "name_prefix": null,
            "retention_in_days": 0,
            "tags": {},
            "tags_all": {}
          },
          "sensitive_attributes": [],
          "private": "bnVsbA=="
        }
      ]
    },
    {
      "mode": "managed",
      "type": "aws_cloudwatch_log_group",
      "name": "dashboard",
      "provider": "provider[\"registry.terraform.io/hashicorp/aws\"]",
      "instances": [
        {
          "schema_version": 0,
          "attributes": {
            "arn": "arn:aws:logs:eu-west-3:339518963654:log-group:6fire-dashboard",
            "id": "6fire-dashboard",
            "kms_key_id": "",
            "name": "6fire-dashboard",
            "name_prefix": null,
            "retention_in_days": 0,
            "tags": {},
            "tags_all": {}
          },
          "sensitive_attributes": [],
          "private": "bnVsbA=="
        }
      ]
    },
    {
      "mode": "managed",
      "type": "aws_db_instance",
      "name": "default",
      "provider": "provider[\"registry.terraform.io/hashicorp/aws\"]",
      "instances": [
        {
          "schema_version": 1,
          "attributes": {
            "address": "rds-6fire-backend.cteb0vg4smt6.eu-west-3.rds.amazonaws.com",
            "allocated_storage": 15,
            "allow_major_version_upgrade": null,
            "apply_immediately": null,
            "arn": "arn:aws:rds:eu-west-3:339518963654:db:rds-6fire-backend",
            "auto_minor_version_upgrade": true,
            "availability_zone": "eu-west-3b",
            "backup_retention_period": 0,
            "backup_window": "12:47-13:17",
            "ca_cert_identifier": "rds-ca-2019",
            "character_set_name": "",
            "copy_tags_to_snapshot": false,
            "customer_owned_ip_enabled": false,
            "db_subnet_group_name": "rds-6fire-cluster",
            "delete_automated_backups": true,
            "deletion_protection": false,
            "domain": "",
            "domain_iam_role_name": "",
            "enabled_cloudwatch_logs_exports": [],
            "endpoint": "rds-6fire-backend.cteb0vg4smt6.eu-west-3.rds.amazonaws.com:5432",
            "engine": "postgres",
            "engine_version": "13.4",
            "engine_version_actual": "13.4",
            "final_snapshot_identifier": null,
            "hosted_zone_id": "ZMESEXB7ZGGQ3",
            "iam_database_authentication_enabled": false,
            "id": "rds-6fire-backend",
            "identifier": "rds-6fire-backend",
            "identifier_prefix": null,
            "instance_class": "db.t3.small",
            "iops": 0,
            "kms_key_id": "",
            "latest_restorable_time": "0001-01-01T00:00:00Z",
            "license_model": "postgresql-license",
            "maintenance_window": "fri:03:25-fri:03:55",
            "max_allocated_storage": 0,
            "monitoring_interval": 0,
            "monitoring_role_arn": "",
            "multi_az": false,
            "name": "db6fire",
            "nchar_character_set_name": "",
            "option_group_name": "default:postgres-13",
            "parameter_group_name": "default.postgres13",
            "password": "postgres",
            "performance_insights_enabled": false,
            "performance_insights_kms_key_id": "",
            "performance_insights_retention_period": 0,
            "port": 5432,
            "publicly_accessible": true,
            "replica_mode": "",
            "replicas": [],
            "replicate_source_db": "",
            "resource_id": "db-ZEVOQF6VJEVGUZ2XZXA7X22G6E",
            "restore_to_point_in_time": [],
            "s3_import": [],
            "security_group_names": [],
            "skip_final_snapshot": true,
            "snapshot_identifier": null,
            "status": "available",
            "storage_encrypted": false,
            "storage_type": "gp2",
            "tags": {
              "project": "6fire"
            },
            "tags_all": {
              "project": "6fire"
            },
            "timeouts": null,
            "timezone": "",
            "username": "postgres",
            "vpc_security_group_ids": [
              "sg-07d3d747a6f4fcd81",
              "sg-0c63ceed84564856f",
              "sg-0dda77c3d8f412ee7"
            ]
          },
          "sensitive_attributes": [],
          "private": "eyJlMmJmYjczMC1lY2FhLTExZTYtOGY4OC0zNDM2M2JjN2M0YzAiOnsiY3JlYXRlIjoyNDAwMDAwMDAwMDAwLCJkZWxldGUiOjM2MDAwMDAwMDAwMDAsInVwZGF0ZSI6NDgwMDAwMDAwMDAwMH0sInNjaGVtYV92ZXJzaW9uIjoiMSJ9",
          "dependencies": [
            "aws_db_subnet_group.main",
            "aws_security_group.ecs_tasks",
            "aws_security_group.lb_api",
            "aws_security_group.rds_sg",
            "aws_subnet.private",
            "aws_subnet.public",
            "aws_vpc.main",
            "data.aws_availability_zones.available"
          ]
        }
      ]
    },
    {
      "mode": "managed",
      "type": "aws_db_subnet_group",
      "name": "main",
      "provider": "provider[\"registry.terraform.io/hashicorp/aws\"]",
      "instances": [
        {
          "schema_version": 0,
          "attributes": {
            "arn": "arn:aws:rds:eu-west-3:339518963654:subgrp:rds-6fire-cluster",
            "description": "6fire-backend-vpc",
            "id": "rds-6fire-cluster",
            "name": "rds-6fire-cluster",
            "name_prefix": null,
            "subnet_ids": [
              "subnet-044041e5d36ee1bcb",
              "subnet-05a94453f826cfd4b",
              "subnet-0d439c4e30c209567",
              "subnet-0d9f4005bec1dc21c"
            ],
            "tags": {
              "project": "6fire"
            },
            "tags_all": {
              "project": "6fire"
            }
          },
          "sensitive_attributes": [],
          "private": "bnVsbA==",
          "dependencies": [
            "aws_subnet.private",
            "aws_subnet.public"
          ]
        }
      ]
    },
    {
      "mode": "managed",
      "type": "aws_ecr_repository",
      "name": "api",
      "provider": "provider[\"registry.terraform.io/hashicorp/aws\"]",
      "instances": [
        {
          "schema_version": 0,
          "attributes": {
            "arn": "arn:aws:ecr:eu-west-3:339518963654:repository/6fire-api",
            "encryption_configuration": [
              {
                "encryption_type": "AES256",
                "kms_key": ""
              }
            ],
            "id": "6fire-api",
            "image_scanning_configuration": [
              {
                "scan_on_push": false
              }
            ],
            "image_tag_mutability": "MUTABLE",
            "name": "6fire-api",
            "registry_id": "339518963654",
            "repository_url": "339518963654.dkr.ecr.eu-west-3.amazonaws.com/6fire-api",
            "tags": {
              "project": "6fire"
            },
            "tags_all": {
              "project": "6fire"
            },
            "timeouts": null
          },
          "sensitive_attributes": [],
          "private": "eyJlMmJmYjczMC1lY2FhLTExZTYtOGY4OC0zNDM2M2JjN2M0YzAiOnsiZGVsZXRlIjoxMjAwMDAwMDAwMDAwfX0="
        }
      ]
    },
    {
      "mode": "managed",
      "type": "aws_ecr_repository",
      "name": "client",
      "provider": "provider[\"registry.terraform.io/hashicorp/aws\"]",
      "instances": [
        {
          "schema_version": 0,
          "attributes": {
            "arn": "arn:aws:ecr:eu-west-3:339518963654:repository/6fire-client",
            "encryption_configuration": [
              {
                "encryption_type": "AES256",
                "kms_key": ""
              }
            ],
            "id": "6fire-client",
            "image_scanning_configuration": [
              {
                "scan_on_push": false
              }
            ],
            "image_tag_mutability": "MUTABLE",
            "name": "6fire-client",
            "registry_id": "339518963654",
            "repository_url": "339518963654.dkr.ecr.eu-west-3.amazonaws.com/6fire-client",
            "tags": {
              "project": "6fire"
            },
            "tags_all": {
              "project": "6fire"
            },
            "timeouts": null
          },
          "sensitive_attributes": [],
          "private": "eyJlMmJmYjczMC1lY2FhLTExZTYtOGY4OC0zNDM2M2JjN2M0YzAiOnsiZGVsZXRlIjoxMjAwMDAwMDAwMDAwfX0="
        }
      ]
    },
    {
      "mode": "managed",
      "type": "aws_ecr_repository",
      "name": "dashboard",
      "provider": "provider[\"registry.terraform.io/hashicorp/aws\"]",
      "instances": [
        {
          "schema_version": 0,
          "attributes": {
            "arn": "arn:aws:ecr:eu-west-3:339518963654:repository/6fire-dashboard",
            "encryption_configuration": [
              {
                "encryption_type": "AES256",
                "kms_key": ""
              }
            ],
            "id": "6fire-dashboard",
            "image_scanning_configuration": [
              {
                "scan_on_push": false
              }
            ],
            "image_tag_mutability": "MUTABLE",
            "name": "6fire-dashboard",
            "registry_id": "339518963654",
            "repository_url": "339518963654.dkr.ecr.eu-west-3.amazonaws.com/6fire-dashboard",
            "tags": {
              "project": "6fire"
            },
            "tags_all": {
              "project": "6fire"
            },
            "timeouts": null
          },
          "sensitive_attributes": [],
          "private": "eyJlMmJmYjczMC1lY2FhLTExZTYtOGY4OC0zNDM2M2JjN2M0YzAiOnsiZGVsZXRlIjoxMjAwMDAwMDAwMDAwfX0="
        }
      ]
    },
    {
      "mode": "managed",
      "type": "aws_ecr_repository_policy",
      "name": "api",
      "provider": "provider[\"registry.terraform.io/hashicorp/aws\"]",
      "instances": [
        {
          "schema_version": 0,
          "attributes": {
            "id": "6fire-api",
            "policy": "{\"Statement\":[{\"Action\":[\"ecr:BatchCheckLayerAvailability\",\"ecr:BatchGetImage\",\"ecr:CompleteLayerUpload\",\"ecr:GetDownloadUrlForLayer\",\"ecr:GetLifecyclePolicy\",\"ecr:InitiateLayerUpload\",\"ecr:PutImage\",\"ecr:UploadLayerPart\"],\"Effect\":\"Allow\",\"Principal\":\"*\",\"Sid\":\"adds full ecr access to the demo repository\"}],\"Version\":\"2008-10-17\"}",
            "registry_id": "339518963654",
            "repository": "6fire-api"
          },
          "sensitive_attributes": [],
          "private": "bnVsbA==",
          "dependencies": [
            "aws_ecr_repository.api"
          ]
        }
      ]
    },
    {
      "mode": "managed",
      "type": "aws_ecr_repository_policy",
      "name": "client",
      "provider": "provider[\"registry.terraform.io/hashicorp/aws\"]",
      "instances": [
        {
          "schema_version": 0,
          "attributes": {
            "id": "6fire-client",
            "policy": "{\"Statement\":[{\"Action\":[\"ecr:BatchCheckLayerAvailability\",\"ecr:BatchGetImage\",\"ecr:CompleteLayerUpload\",\"ecr:GetDownloadUrlForLayer\",\"ecr:GetLifecyclePolicy\",\"ecr:InitiateLayerUpload\",\"ecr:PutImage\",\"ecr:UploadLayerPart\"],\"Effect\":\"Allow\",\"Principal\":\"*\",\"Sid\":\"adds full ecr access to the demo repository\"}],\"Version\":\"2008-10-17\"}",
            "registry_id": "339518963654",
            "repository": "6fire-client"
          },
          "sensitive_attributes": [],
          "private": "bnVsbA==",
          "dependencies": [
            "aws_ecr_repository.client"
          ]
        }
      ]
    },
    {
      "mode": "managed",
      "type": "aws_ecr_repository_policy",
      "name": "dashboard",
      "provider": "provider[\"registry.terraform.io/hashicorp/aws\"]",
      "instances": [
        {
          "schema_version": 0,
          "attributes": {
            "id": "6fire-dashboard",
            "policy": "{\"Statement\":[{\"Action\":[\"ecr:BatchCheckLayerAvailability\",\"ecr:BatchGetImage\",\"ecr:CompleteLayerUpload\",\"ecr:GetDownloadUrlForLayer\",\"ecr:GetLifecyclePolicy\",\"ecr:InitiateLayerUpload\",\"ecr:PutImage\",\"ecr:UploadLayerPart\"],\"Effect\":\"Allow\",\"Principal\":\"*\",\"Sid\":\"adds full ecr access to the demo repository\"}],\"Version\":\"2008-10-17\"}",
            "registry_id": "339518963654",
            "repository": "6fire-dashboard"
          },
          "sensitive_attributes": [],
          "private": "bnVsbA==",
          "dependencies": [
            "aws_ecr_repository.dashboard"
          ]
        }
      ]
    },
    {
      "mode": "managed",
      "type": "aws_ecs_cluster",
      "name": "default",
      "provider": "provider[\"registry.terraform.io/hashicorp/aws\"]",
      "instances": [
        {
          "schema_version": 0,
          "attributes": {
            "arn": "arn:aws:ecs:eu-west-3:339518963654:cluster/6fire-ecs-cluster",
            "capacity_providers": [],
            "configuration": [],
            "default_capacity_provider_strategy": [],
            "id": "arn:aws:ecs:eu-west-3:339518963654:cluster/6fire-ecs-cluster",
            "name": "6fire-ecs-cluster",
            "setting": [
              {
                "name": "containerInsights",
                "value": "disabled"
              }
            ],
            "tags": {
              "project": "6fire"
            },
            "tags_all": {
              "project": "6fire"
            }
          },
          "sensitive_attributes": [],
          "private": "bnVsbA=="
        }
      ]
    },
    {
      "mode": "managed",
      "type": "aws_ecs_service",
      "name": "api",
      "provider": "provider[\"registry.terraform.io/hashicorp/aws\"]",
      "instances": [
        {
          "schema_version": 0,
          "attributes": {
            "capacity_provider_strategy": [],
            "cluster": "arn:aws:ecs:eu-west-3:339518963654:cluster/6fire-ecs-cluster",
            "deployment_circuit_breaker": [
              {
                "enable": false,
                "rollback": false
              }
            ],
            "deployment_controller": [
              {
                "type": "ECS"
              }
            ],
            "deployment_maximum_percent": 200,
            "deployment_minimum_healthy_percent": 100,
            "desired_count": 1,
            "enable_ecs_managed_tags": false,
            "enable_execute_command": false,
            "force_new_deployment": null,
            "health_check_grace_period_seconds": 0,
            "iam_role": "aws-service-role",
            "id": "arn:aws:ecs:eu-west-3:339518963654:service/6fire-ecs-cluster/6fire-ecs-service-api",
            "launch_type": "FARGATE",
            "load_balancer": [
              {
                "container_name": "api",
                "container_port": 3333,
                "elb_name": "",
                "target_group_arn": "arn:aws:elasticloadbalancing:eu-west-3:339518963654:targetgroup/6fire-ecs-alb-tg-api/cb821f6d952979ba"
              }
            ],
            "name": "6fire-ecs-service-api",
            "network_configuration": [
              {
                "assign_public_ip": true,
                "security_groups": [
                  "sg-07d3d747a6f4fcd81"
                ],
                "subnets": [
                  "subnet-044041e5d36ee1bcb",
                  "subnet-05a94453f826cfd4b",
                  "subnet-0d439c4e30c209567",
                  "subnet-0d9f4005bec1dc21c"
                ]
              }
            ],
            "ordered_placement_strategy": [],
            "placement_constraints": [],
            "platform_version": "1.3.0",
            "propagate_tags": "NONE",
            "scheduling_strategy": "REPLICA",
            "service_registries": [],
            "tags": {
              "project": "6fire"
            },
            "tags_all": {
              "project": "6fire"
            },
            "task_definition": "arn:aws:ecs:eu-west-3:339518963654:task-definition/6fire-ecs-task-definition-family-api:35",
            "timeouts": null,
            "wait_for_steady_state": false
          },
          "sensitive_attributes": [],
          "private": "eyJlMmJmYjczMC1lY2FhLTExZTYtOGY4OC0zNDM2M2JjN2M0YzAiOnsiZGVsZXRlIjoxMjAwMDAwMDAwMDAwfX0=",
          "dependencies": [
            "aws_alb.api",
            "aws_alb_listener.api",
            "aws_alb_target_group.api",
            "aws_cloudwatch_log_group.api",
            "aws_db_instance.default",
            "aws_db_subnet_group.main",
            "aws_ecr_repository.api",
            "aws_ecs_cluster.default",
            "aws_ecs_task_definition.api",
            "aws_iam_role.ecs_task_role",
            "aws_iam_role.esc_execution_role",
            "aws_security_group.ecs_tasks",
            "aws_security_group.lb_api",
            "aws_security_group.rds_sg",
            "aws_subnet.private",
            "aws_subnet.public",
            "aws_vpc.main",
            "data.aws_availability_zones.available"
          ]
        }
      ]
    },
    {
      "mode": "managed",
      "type": "aws_ecs_service",
      "name": "client",
      "provider": "provider[\"registry.terraform.io/hashicorp/aws\"]",
      "instances": [
        {
          "schema_version": 0,
          "attributes": {
            "capacity_provider_strategy": [],
            "cluster": "arn:aws:ecs:eu-west-3:339518963654:cluster/6fire-ecs-cluster",
            "deployment_circuit_breaker": [
              {
                "enable": false,
                "rollback": false
              }
            ],
            "deployment_controller": [
              {
                "type": "ECS"
              }
            ],
            "deployment_maximum_percent": 200,
            "deployment_minimum_healthy_percent": 100,
            "desired_count": 1,
            "enable_ecs_managed_tags": false,
            "enable_execute_command": false,
            "force_new_deployment": null,
            "health_check_grace_period_seconds": 0,
            "iam_role": "aws-service-role",
            "id": "arn:aws:ecs:eu-west-3:339518963654:service/6fire-ecs-cluster/6fire-ecs-service-client",
            "launch_type": "FARGATE",
            "load_balancer": [
              {
                "container_name": "client",
                "container_port": 3000,
                "elb_name": "",
                "target_group_arn": "arn:aws:elasticloadbalancing:eu-west-3:339518963654:targetgroup/6fire-ecs-alb-tg-client/91d6b17767e79b76"
              }
            ],
            "name": "6fire-ecs-service-client",
            "network_configuration": [
              {
                "assign_public_ip": true,
                "security_groups": [
                  "sg-07d3d747a6f4fcd81"
                ],
                "subnets": [
                  "subnet-0d439c4e30c209567",
                  "subnet-0d9f4005bec1dc21c"
                ]
              }
            ],
            "ordered_placement_strategy": [],
            "placement_constraints": [],
            "platform_version": "1.3.0",
            "propagate_tags": "NONE",
            "scheduling_strategy": "REPLICA",
            "service_registries": [],
            "tags": {
              "project": "6fire"
            },
            "tags_all": {
              "project": "6fire"
            },
            "task_definition": "arn:aws:ecs:eu-west-3:339518963654:task-definition/6fire-ecs-task-definition-family-client:39",
            "timeouts": null,
            "wait_for_steady_state": false
          },
          "sensitive_attributes": [],
          "private": "eyJlMmJmYjczMC1lY2FhLTExZTYtOGY4OC0zNDM2M2JjN2M0YzAiOnsiZGVsZXRlIjoxMjAwMDAwMDAwMDAwfX0=",
          "dependencies": [
            "aws_alb.api",
            "aws_alb.client",
            "aws_alb_listener.api",
            "aws_alb_listener.client",
            "aws_alb_target_group.api",
            "aws_alb_target_group.client",
            "aws_cloudwatch_log_group.api",
            "aws_cloudwatch_log_group.client",
            "aws_db_instance.default",
            "aws_db_subnet_group.main",
            "aws_ecr_repository.api",
            "aws_ecr_repository.client",
            "aws_ecs_cluster.default",
            "aws_ecs_service.api",
            "aws_ecs_task_definition.api",
            "aws_ecs_task_definition.client",
            "aws_iam_role.ecs_task_role",
            "aws_iam_role.esc_execution_role",
            "aws_security_group.ecs_tasks",
            "aws_security_group.lb_api",
            "aws_security_group.rds_sg",
            "aws_subnet.private",
            "aws_subnet.public",
            "aws_vpc.main",
            "data.aws_availability_zones.available"
          ]
        }
      ]
    },
    {
      "mode": "managed",
      "type": "aws_ecs_service",
      "name": "dashboard",
      "provider": "provider[\"registry.terraform.io/hashicorp/aws\"]",
      "instances": [
        {
          "schema_version": 0,
          "attributes": {
            "capacity_provider_strategy": [],
            "cluster": "arn:aws:ecs:eu-west-3:339518963654:cluster/6fire-ecs-cluster",
            "deployment_circuit_breaker": [
              {
                "enable": false,
                "rollback": false
              }
            ],
            "deployment_controller": [
              {
                "type": "ECS"
              }
            ],
            "deployment_maximum_percent": 200,
            "deployment_minimum_healthy_percent": 100,
            "desired_count": 1,
            "enable_ecs_managed_tags": false,
            "enable_execute_command": false,
            "force_new_deployment": null,
            "health_check_grace_period_seconds": 0,
            "iam_role": "aws-service-role",
            "id": "arn:aws:ecs:eu-west-3:339518963654:service/6fire-ecs-cluster/6fire-ecs-service-dashboard",
            "launch_type": "FARGATE",
            "load_balancer": [
              {
                "container_name": "dashboard",
                "container_port": 3000,
                "elb_name": "",
                "target_group_arn": "arn:aws:elasticloadbalancing:eu-west-3:339518963654:targetgroup/6fire-ecs-alb-tg-dashboard/0dbc6b257bf6e685"
              }
            ],
            "name": "6fire-ecs-service-dashboard",
            "network_configuration": [
              {
                "assign_public_ip": true,
                "security_groups": [
                  "sg-07d3d747a6f4fcd81"
                ],
                "subnets": [
                  "subnet-0d439c4e30c209567",
                  "subnet-0d9f4005bec1dc21c"
                ]
              }
            ],
            "ordered_placement_strategy": [],
            "placement_constraints": [],
            "platform_version": "1.3.0",
            "propagate_tags": "NONE",
            "scheduling_strategy": "REPLICA",
            "service_registries": [],
            "tags": {
              "project": "6fire"
            },
            "tags_all": {
              "project": "6fire"
            },
            "task_definition": "arn:aws:ecs:eu-west-3:339518963654:task-definition/6fire-ecs-task-definition-family-dashboard:34",
            "timeouts": null,
            "wait_for_steady_state": false
          },
          "sensitive_attributes": [],
          "private": "eyJlMmJmYjczMC1lY2FhLTExZTYtOGY4OC0zNDM2M2JjN2M0YzAiOnsiZGVsZXRlIjoxMjAwMDAwMDAwMDAwfX0=",
          "dependencies": [
            "aws_alb.api",
            "aws_alb.dashboard",
            "aws_alb_listener.api",
            "aws_alb_listener.dashboard",
            "aws_alb_target_group.api",
            "aws_alb_target_group.dashboard",
            "aws_cloudwatch_log_group.api",
            "aws_cloudwatch_log_group.dashboard",
            "aws_db_instance.default",
            "aws_db_subnet_group.main",
            "aws_ecr_repository.api",
            "aws_ecr_repository.dashboard",
            "aws_ecs_cluster.default",
            "aws_ecs_service.api",
            "aws_ecs_task_definition.api",
            "aws_ecs_task_definition.dashboard",
            "aws_iam_role.ecs_task_role",
            "aws_iam_role.esc_execution_role",
            "aws_security_group.ecs_tasks",
            "aws_security_group.lb_api",
            "aws_security_group.rds_sg",
            "aws_subnet.private",
            "aws_subnet.public",
            "aws_vpc.main",
            "data.aws_availability_zones.available"
          ]
        }
      ]
    },
    {
      "mode": "managed",
      "type": "aws_ecs_task_definition",
      "name": "api",
      "provider": "provider[\"registry.terraform.io/hashicorp/aws\"]",
      "instances": [
        {
          "schema_version": 1,
          "attributes": {
            "arn": "arn:aws:ecs:eu-west-3:339518963654:task-definition/6fire-ecs-task-definition-family-api:35",
            "container_definitions": "[{\"cpu\":512,\"environment\":[{\"name\":\"DATABASE_URL\",\"value\":\"postgres://postgres:postgres@rds-6fire-backend.cteb0vg4smt6.eu-west-3.rds.amazonaws.com:5432/db6fire\"},{\"name\":\"DB_HOST\",\"value\":\"rds-6fire-backend.cteb0vg4smt6.eu-west-3.rds.amazonaws.com\"},{\"name\":\"DB_NAME\",\"value\":\"6fire\"},{\"name\":\"DB_PASSWORD\",\"value\":\"postgres\"},{\"name\":\"DB_PORT\",\"value\":\"5432\"},{\"name\":\"DB_USER\",\"value\":\"postgres\"}],\"essential\":true,\"image\":\"339518963654.dkr.ecr.eu-west-3.amazonaws.com/6fire-api:latest\",\"logConfiguration\":{\"logDriver\":\"awslogs\",\"options\":{\"awslogs-group\":\"6fire-api\",\"awslogs-region\":\"eu-west-3\",\"awslogs-stream-prefix\":\"api\"}},\"memory\":1024,\"mountPoints\":[],\"name\":\"api\",\"portMappings\":[{\"containerPort\":3333,\"hostPort\":3333,\"protocol\":\"tcp\"}],\"volumesFrom\":[]}]",
            "cpu": "512",
            "ephemeral_storage": [],
            "execution_role_arn": "arn:aws:iam::339518963654:role/ecs_execution_role",
            "family": "6fire-ecs-task-definition-family-api",
            "id": "6fire-ecs-task-definition-family-api",
            "inference_accelerator": [],
            "ipc_mode": "",
            "memory": "1024",
            "network_mode": "awsvpc",
            "pid_mode": "",
            "placement_constraints": [],
            "proxy_configuration": [],
            "requires_compatibilities": [
              "FARGATE"
            ],
            "revision": 35,
            "runtime_platform": [],
            "skip_destroy": false,
            "tags": {
              "project": "6fire"
            },
            "tags_all": {
              "project": "6fire"
            },
            "task_role_arn": "arn:aws:iam::339518963654:role/ecs_task_role",
            "volume": []
          },
          "sensitive_attributes": [
            [
              {
                "type": "get_attr",
                "value": "container_definitions"
              }
            ]
          ],
          "private": "eyJzY2hlbWFfdmVyc2lvbiI6IjEifQ==",
          "dependencies": [
            "aws_cloudwatch_log_group.api",
            "aws_db_instance.default",
            "aws_db_subnet_group.main",
            "aws_ecr_repository.api",
            "aws_iam_role.ecs_task_role",
            "aws_iam_role.esc_execution_role",
            "aws_security_group.ecs_tasks",
            "aws_security_group.lb_api",
            "aws_security_group.rds_sg",
            "aws_subnet.private",
            "aws_subnet.public",
            "aws_vpc.main",
            "data.aws_availability_zones.available"
          ]
        }
      ]
    },
    {
      "mode": "managed",
      "type": "aws_ecs_task_definition",
      "name": "client",
      "provider": "provider[\"registry.terraform.io/hashicorp/aws\"]",
      "instances": [
        {
          "schema_version": 1,
          "attributes": {
            "arn": "arn:aws:ecs:eu-west-3:339518963654:task-definition/6fire-ecs-task-definition-family-client:39",
            "container_definitions": "[{\"cpu\":512,\"environment\":[{\"name\":\"API_HOST\",\"value\":\"6fire-ecs-alb-api-377633159.eu-west-3.elb.amazonaws.com\"}],\"essential\":true,\"image\":\"339518963654.dkr.ecr.eu-west-3.amazonaws.com/6fire-client:latest\",\"logConfiguration\":{\"logDriver\":\"awslogs\",\"options\":{\"awslogs-group\":\"6fire-client\",\"awslogs-region\":\"eu-west-3\",\"awslogs-stream-prefix\":\"client\"}},\"memory\":1024,\"mountPoints\":[],\"name\":\"client\",\"portMappings\":[{\"containerPort\":3000,\"hostPort\":3000,\"protocol\":\"tcp\"}],\"volumesFrom\":[]}]",
            "cpu": "512",
            "ephemeral_storage": [],
            "execution_role_arn": "arn:aws:iam::339518963654:role/ecs_execution_role",
            "family": "6fire-ecs-task-definition-family-client",
            "id": "6fire-ecs-task-definition-family-client",
            "inference_accelerator": [],
            "ipc_mode": "",
            "memory": "1024",
            "network_mode": "awsvpc",
            "pid_mode": "",
            "placement_constraints": [],
            "proxy_configuration": [],
            "requires_compatibilities": [
              "FARGATE"
            ],
            "revision": 39,
            "runtime_platform": [],
            "skip_destroy": false,
            "tags": {
              "project": "6fire"
            },
            "tags_all": {
              "project": "6fire"
            },
            "task_role_arn": "arn:aws:iam::339518963654:role/ecs_task_role",
            "volume": []
          },
          "sensitive_attributes": [],
          "private": "eyJzY2hlbWFfdmVyc2lvbiI6IjEifQ==",
          "dependencies": [
            "aws_alb.api",
            "aws_cloudwatch_log_group.client",
            "aws_ecr_repository.api",
            "aws_ecr_repository.client",
            "aws_iam_role.ecs_task_role",
            "aws_iam_role.esc_execution_role",
            "aws_security_group.ecs_tasks",
            "aws_security_group.lb_api",
            "aws_subnet.public",
            "aws_vpc.main",
            "data.aws_availability_zones.available"
          ]
        }
      ]
    },
    {
      "mode": "managed",
      "type": "aws_ecs_task_definition",
      "name": "dashboard",
      "provider": "provider[\"registry.terraform.io/hashicorp/aws\"]",
      "instances": [
        {
          "schema_version": 1,
          "attributes": {
            "arn": "arn:aws:ecs:eu-west-3:339518963654:task-definition/6fire-ecs-task-definition-family-dashboard:34",
            "container_definitions": "[{\"cpu\":512,\"environment\":[{\"name\":\"API_HOST\",\"value\":\"6fire-ecs-alb-api-377633159.eu-west-3.elb.amazonaws.com\"}],\"essential\":true,\"image\":\"339518963654.dkr.ecr.eu-west-3.amazonaws.com/6fire-dashboard:latest\",\"logConfiguration\":{\"logDriver\":\"awslogs\",\"options\":{\"awslogs-group\":\"6fire-dashboard\",\"awslogs-region\":\"eu-west-3\",\"awslogs-stream-prefix\":\"dashboard\"}},\"memory\":1024,\"mountPoints\":[],\"name\":\"dashboard\",\"portMappings\":[{\"containerPort\":3000,\"hostPort\":3000,\"protocol\":\"tcp\"}],\"volumesFrom\":[]}]",
            "cpu": "512",
            "ephemeral_storage": [],
            "execution_role_arn": "arn:aws:iam::339518963654:role/ecs_execution_role",
            "family": "6fire-ecs-task-definition-family-dashboard",
            "id": "6fire-ecs-task-definition-family-dashboard",
            "inference_accelerator": [],
            "ipc_mode": "",
            "memory": "1024",
            "network_mode": "awsvpc",
            "pid_mode": "",
            "placement_constraints": [],
            "proxy_configuration": [],
            "requires_compatibilities": [
              "FARGATE"
            ],
            "revision": 34,
            "runtime_platform": [],
            "skip_destroy": false,
            "tags": {
              "project": "6fire"
            },
            "tags_all": {
              "project": "6fire"
            },
            "task_role_arn": "arn:aws:iam::339518963654:role/ecs_task_role",
            "volume": []
          },
          "sensitive_attributes": [],
          "private": "eyJzY2hlbWFfdmVyc2lvbiI6IjEifQ==",
          "dependencies": [
            "aws_alb.api",
            "aws_cloudwatch_log_group.dashboard",
            "aws_ecr_repository.api",
            "aws_ecr_repository.dashboard",
            "aws_iam_role.ecs_task_role",
            "aws_iam_role.esc_execution_role",
            "aws_security_group.lb_api",
            "aws_subnet.public",
            "aws_vpc.main",
            "data.aws_availability_zones.available"
          ]
        }
      ]
    },
    {
      "mode": "managed",
      "type": "aws_eip",
      "name": "gw",
      "provider": "provider[\"registry.terraform.io/hashicorp/aws\"]",
      "instances": [
        {
          "index_key": 0,
          "schema_version": 0,
          "attributes": {
            "address": null,
            "allocation_id": "eipalloc-07f031288045a9861",
            "associate_with_private_ip": null,
            "association_id": "eipassoc-0e80eb5f21344e353",
            "carrier_ip": "",
            "customer_owned_ip": "",
            "customer_owned_ipv4_pool": "",
            "domain": "vpc",
            "id": "eipalloc-07f031288045a9861",
            "instance": "",
            "network_border_group": "eu-west-3",
            "network_interface": "eni-00fb010105f5eb9ee",
            "private_dns": "ip-172-19-2-196.eu-west-3.compute.internal",
            "private_ip": "172.19.2.196",
            "public_dns": "ec2-13-36-248-43.eu-west-3.compute.amazonaws.com",
            "public_ip": "13.36.248.43",
            "public_ipv4_pool": "amazon",
            "tags": {
              "project": "6fire"
            },
            "tags_all": {
              "project": "6fire"
            },
            "timeouts": null,
            "vpc": true
          },
          "sensitive_attributes": [],
          "private": "eyJlMmJmYjczMC1lY2FhLTExZTYtOGY4OC0zNDM2M2JjN2M0YzAiOnsiZGVsZXRlIjoxODAwMDAwMDAwMDAsInJlYWQiOjkwMDAwMDAwMDAwMCwidXBkYXRlIjozMDAwMDAwMDAwMDB9fQ==",
          "dependencies": [
            "aws_internet_gateway.gw",
            "aws_vpc.main"
          ]
        },
        {
          "index_key": 1,
          "schema_version": 0,
          "attributes": {
            "address": null,
            "allocation_id": "eipalloc-0200c15b1091591f5",
            "associate_with_private_ip": null,
            "association_id": "eipassoc-0a005adc1d51de15a",
            "carrier_ip": "",
            "customer_owned_ip": "",
            "customer_owned_ipv4_pool": "",
            "domain": "vpc",
            "id": "eipalloc-0200c15b1091591f5",
            "instance": "",
            "network_border_group": "eu-west-3",
            "network_interface": "eni-0834fc882fe0eb955",
            "private_dns": "ip-172-19-3-59.eu-west-3.compute.internal",
            "private_ip": "172.19.3.59",
            "public_dns": "ec2-13-38-197-186.eu-west-3.compute.amazonaws.com",
            "public_ip": "13.38.197.186",
            "public_ipv4_pool": "amazon",
            "tags": {
              "project": "6fire"
            },
            "tags_all": {
              "project": "6fire"
            },
            "timeouts": null,
            "vpc": true
          },
          "sensitive_attributes": [],
          "private": "eyJlMmJmYjczMC1lY2FhLTExZTYtOGY4OC0zNDM2M2JjN2M0YzAiOnsiZGVsZXRlIjoxODAwMDAwMDAwMDAsInJlYWQiOjkwMDAwMDAwMDAwMCwidXBkYXRlIjozMDAwMDAwMDAwMDB9fQ==",
          "dependencies": [
            "aws_internet_gateway.gw",
            "aws_vpc.main"
          ]
        }
      ]
    },
    {
      "mode": "managed",
      "type": "aws_iam_role",
      "name": "ecs_task_role",
      "provider": "provider[\"registry.terraform.io/hashicorp/aws\"]",
      "instances": [
        {
          "schema_version": 0,
          "attributes": {
            "arn": "arn:aws:iam::339518963654:role/ecs_task_role",
            "assume_role_policy": "{\"Version\":\"2012-10-17\",\"Statement\":[{\"Effect\":\"Allow\",\"Principal\":{\"Service\":[\"batch.amazonaws.com\",\"ecs-tasks.amazonaws.com\",\"ecs.amazonaws.com\"]},\"Action\":\"sts:AssumeRole\"}]}",
            "create_date": "2022-04-17T16:12:10Z",
            "description": "",
            "force_detach_policies": false,
            "id": "ecs_task_role",
            "inline_policy": [
              {
                "name": "ecs_task_role",
                "policy": "{\n  \"Version\": \"2012-10-17\",\n  \"Statement\": [\n    {\n      \"Effect\": \"Allow\",\n      \"Action\": [\n        \"ecr:GetAuthorizationToken\",\n        \"ecr:BatchCheckLayerAvailability\",\n        \"ecr:GetDownloadUrlForLayer\",\n        \"ecr:BatchGetImage\",\n        \"ecr:GetAuthorizationToken\",\n        \"ecr:BatchCheckLayerAvailability\",\n        \"ecr:GetDownloadUrlForLayer\",\n        \"logs:CreateLogStream\",\n        \"logs:PutLogEvents\",\n        \"ecr:GetAuthorizationToken\",\n        \"ecr:BatchCheckLayerAvailability\",\n        \"ecr:GetDownloadUrlForLayer\",\n        \"ecr:BatchGetImage\",\n        \"ecr:GetRepositoryPolicy\",\n        \"ecr:DescribeRepositories\",\n        \"ecr:ListImages\",\n        \"ecr:DescribeImages\"\n      ],\n      \"Resource\": \"*\"\n    }\n  ]\n}\n"
              }
            ],
            "managed_policy_arns": [],
            "max_session_duration": 3600,
            "name": "ecs_task_role",
            "name_prefix": "",
            "path": "/",
            "permissions_boundary": null,
            "tags": {
              "project": "6fire"
            },
            "tags_all": {
              "project": "6fire"
            },
            "unique_id": "AROAU6DHIH7DKCRZZFA7F"
          },
          "sensitive_attributes": [],
          "private": "bnVsbA=="
        }
      ]
    },
    {
      "mode": "managed",
      "type": "aws_iam_role",
      "name": "esc_execution_role",
      "provider": "provider[\"registry.terraform.io/hashicorp/aws\"]",
      "instances": [
        {
          "schema_version": 0,
          "attributes": {
            "arn": "arn:aws:iam::339518963654:role/ecs_execution_role",
            "assume_role_policy": "{\"Version\":\"2012-10-17\",\"Statement\":[{\"Effect\":\"Allow\",\"Principal\":{\"Service\":[\"batch.amazonaws.com\",\"ecs-tasks.amazonaws.com\",\"ecs.amazonaws.com\"]},\"Action\":\"sts:AssumeRole\"}]}",
            "create_date": "2022-04-17T16:12:10Z",
            "description": "",
            "force_detach_policies": false,
            "id": "ecs_execution_role",
            "inline_policy": [
              {
                "name": "ecs_execution_role",
                "policy": "{\n  \"Version\": \"2012-10-17\",\n  \"Statement\": [\n    {\n      \"Effect\": \"Allow\",\n      \"Action\": [\n        \"ecs:StartTask\",\n        \"ecs:StopTask\",\n        \"ecs:DescribeTasks\",\n        \"ecs:DescribeContainerInstances\",\n        \"ecr:GetAuthorizationToken\",\n        \"ecr:BatchCheckLayerAvailability\",\n        \"ecr:GetDownloadUrlForLayer\",\n        \"ecr:BatchGetImage\",\n        \"ecr:GetAuthorizationToken\",\n        \"ecr:BatchCheckLayerAvailability\",\n        \"ecr:GetDownloadUrlForLayer\",\n        \"logs:CreateLogStream\",\n        \"logs:PutLogEvents\"\n      ],\n      \"Resource\": \"*\"\n    }\n  ]\n}\n"
              }
            ],
            "managed_policy_arns": [],
            "max_session_duration": 3600,
            "name": "ecs_execution_role",
            "name_prefix": "",
            "path": "/",
            "permissions_boundary": null,
            "tags": {
              "project": "6fire"
            },
            "tags_all": {
              "project": "6fire"
            },
            "unique_id": "AROAU6DHIH7DOTFVP66O6"
          },
          "sensitive_attributes": [],
          "private": "bnVsbA=="
        }
      ]
    },
    {
      "mode": "managed",
      "type": "aws_iam_role_policy",
      "name": "ecs_task_role",
      "provider": "provider[\"registry.terraform.io/hashicorp/aws\"]",
      "instances": [
        {
          "schema_version": 0,
          "attributes": {
            "id": "ecs_task_role:ecs_task_role",
            "name": "ecs_task_role",
            "name_prefix": null,
            "policy": "{\n  \"Version\": \"2012-10-17\",\n  \"Statement\": [\n    {\n      \"Effect\": \"Allow\",\n      \"Action\": [\n        \"ecr:GetAuthorizationToken\",\n        \"ecr:BatchCheckLayerAvailability\",\n        \"ecr:GetDownloadUrlForLayer\",\n        \"ecr:BatchGetImage\",\n        \"ecr:GetAuthorizationToken\",\n        \"ecr:BatchCheckLayerAvailability\",\n        \"ecr:GetDownloadUrlForLayer\",\n        \"logs:CreateLogStream\",\n        \"logs:PutLogEvents\",\n        \"ecr:GetAuthorizationToken\",\n        \"ecr:BatchCheckLayerAvailability\",\n        \"ecr:GetDownloadUrlForLayer\",\n        \"ecr:BatchGetImage\",\n        \"ecr:GetRepositoryPolicy\",\n        \"ecr:DescribeRepositories\",\n        \"ecr:ListImages\",\n        \"ecr:DescribeImages\"\n      ],\n      \"Resource\": \"*\"\n    }\n  ]\n}\n",
            "role": "ecs_task_role"
          },
          "sensitive_attributes": [],
          "private": "bnVsbA==",
          "dependencies": [
            "aws_iam_role.ecs_task_role"
          ]
        }
      ]
    },
    {
      "mode": "managed",
      "type": "aws_iam_role_policy",
      "name": "esc_execution_role",
      "provider": "provider[\"registry.terraform.io/hashicorp/aws\"]",
      "instances": [
        {
          "schema_version": 0,
          "attributes": {
            "id": "ecs_execution_role:ecs_execution_role",
            "name": "ecs_execution_role",
            "name_prefix": null,
            "policy": "{\n  \"Version\": \"2012-10-17\",\n  \"Statement\": [\n    {\n      \"Effect\": \"Allow\",\n      \"Action\": [\n        \"ecs:StartTask\",\n        \"ecs:StopTask\",\n        \"ecs:DescribeTasks\",\n        \"ecs:DescribeContainerInstances\",\n        \"ecr:GetAuthorizationToken\",\n        \"ecr:BatchCheckLayerAvailability\",\n        \"ecr:GetDownloadUrlForLayer\",\n        \"ecr:BatchGetImage\",\n        \"ecr:GetAuthorizationToken\",\n        \"ecr:BatchCheckLayerAvailability\",\n        \"ecr:GetDownloadUrlForLayer\",\n        \"logs:CreateLogStream\",\n        \"logs:PutLogEvents\"\n      ],\n      \"Resource\": \"*\"\n    }\n  ]\n}\n",
            "role": "ecs_execution_role"
          },
          "sensitive_attributes": [],
          "private": "bnVsbA==",
          "dependencies": [
            "aws_iam_role.esc_execution_role"
          ]
        }
      ]
    },
    {
      "mode": "managed",
      "type": "aws_internet_gateway",
      "name": "gw",
      "provider": "provider[\"registry.terraform.io/hashicorp/aws\"]",
      "instances": [
        {
          "schema_version": 0,
          "attributes": {
            "arn": "arn:aws:ec2:eu-west-3:339518963654:internet-gateway/igw-0a174a8ae559fcd17",
            "id": "igw-0a174a8ae559fcd17",
            "owner_id": "339518963654",
            "tags": {
              "project": "6fire"
            },
            "tags_all": {
              "project": "6fire"
            },
            "vpc_id": "vpc-03d9f5416b50ecddc"
          },
          "sensitive_attributes": [],
          "private": "bnVsbA==",
          "dependencies": [
            "aws_vpc.main"
          ]
        }
      ]
    },
    {
      "mode": "managed",
      "type": "aws_nat_gateway",
      "name": "gw",
      "provider": "provider[\"registry.terraform.io/hashicorp/aws\"]",
      "instances": [
        {
          "index_key": 0,
          "schema_version": 0,
          "attributes": {
            "allocation_id": "eipalloc-07f031288045a9861",
            "connectivity_type": "public",
            "id": "nat-04c6670c97c5f3ca1",
            "network_interface_id": "eni-00fb010105f5eb9ee",
            "private_ip": "172.19.2.196",
            "public_ip": "13.36.248.43",
            "subnet_id": "subnet-0d439c4e30c209567",
            "tags": {
              "project": "6fire"
            },
            "tags_all": {
              "project": "6fire"
            }
          },
          "sensitive_attributes": [],
          "private": "bnVsbA==",
          "dependencies": [
            "aws_eip.gw",
            "aws_internet_gateway.gw",
            "aws_subnet.public",
            "aws_vpc.main",
            "data.aws_availability_zones.available"
          ]
        },
        {
          "index_key": 1,
          "schema_version": 0,
          "attributes": {
            "allocation_id": "eipalloc-0200c15b1091591f5",
            "connectivity_type": "public",
            "id": "nat-014498bacd0f583ad",
            "network_interface_id": "eni-0834fc882fe0eb955",
            "private_ip": "172.19.3.59",
            "public_ip": "13.38.197.186",
            "subnet_id": "subnet-0d9f4005bec1dc21c",
            "tags": {
              "project": "6fire"
            },
            "tags_all": {
              "project": "6fire"
            }
          },
          "sensitive_attributes": [],
          "private": "bnVsbA==",
          "dependencies": [
            "aws_eip.gw",
            "aws_internet_gateway.gw",
            "aws_subnet.public",
            "aws_vpc.main",
            "data.aws_availability_zones.available"
          ]
        }
      ]
    },
    {
      "mode": "managed",
      "type": "aws_route",
      "name": "internet_access",
      "provider": "provider[\"registry.terraform.io/hashicorp/aws\"]",
      "instances": [
        {
          "schema_version": 0,
          "attributes": {
            "carrier_gateway_id": "",
            "destination_cidr_block": "0.0.0.0/0",
            "destination_ipv6_cidr_block": "",
            "destination_prefix_list_id": "",
            "egress_only_gateway_id": "",
            "gateway_id": "igw-0a174a8ae559fcd17",
            "id": "r-rtb-03c6118ebcfe6bcc01080289494",
            "instance_id": "",
            "instance_owner_id": "",
            "local_gateway_id": "",
            "nat_gateway_id": "",
            "network_interface_id": "",
            "origin": "CreateRoute",
            "route_table_id": "rtb-03c6118ebcfe6bcc0",
            "state": "active",
            "timeouts": null,
            "transit_gateway_id": "",
            "vpc_endpoint_id": "",
            "vpc_peering_connection_id": ""
          },
          "sensitive_attributes": [],
          "private": "eyJlMmJmYjczMC1lY2FhLTExZTYtOGY4OC0zNDM2M2JjN2M0YzAiOnsiY3JlYXRlIjozMDAwMDAwMDAwMDAsImRlbGV0ZSI6MzAwMDAwMDAwMDAwLCJ1cGRhdGUiOjEyMDAwMDAwMDAwMH19",
          "dependencies": [
            "aws_internet_gateway.gw",
            "aws_vpc.main"
          ]
        }
      ]
    },
    {
      "mode": "managed",
      "type": "aws_route_table",
      "name": "private",
      "provider": "provider[\"registry.terraform.io/hashicorp/aws\"]",
      "instances": [
        {
          "index_key": 0,
          "schema_version": 0,
          "attributes": {
            "arn": "arn:aws:ec2:eu-west-3:339518963654:route-table/rtb-047d00f9e799e63aa",
            "id": "rtb-047d00f9e799e63aa",
            "owner_id": "339518963654",
            "propagating_vgws": [],
            "route": [
              {
                "carrier_gateway_id": "",
                "cidr_block": "0.0.0.0/0",
                "destination_prefix_list_id": "",
                "egress_only_gateway_id": "",
                "gateway_id": "",
                "instance_id": "",
                "ipv6_cidr_block": "",
                "local_gateway_id": "",
                "nat_gateway_id": "nat-04c6670c97c5f3ca1",
                "network_interface_id": "",
                "transit_gateway_id": "",
                "vpc_endpoint_id": "",
                "vpc_peering_connection_id": ""
              }
            ],
            "tags": {
              "project": "6fire"
            },
            "tags_all": {
              "project": "6fire"
            },
            "timeouts": null,
            "vpc_id": "vpc-03d9f5416b50ecddc"
          },
          "sensitive_attributes": [],
          "private": "eyJlMmJmYjczMC1lY2FhLTExZTYtOGY4OC0zNDM2M2JjN2M0YzAiOnsiY3JlYXRlIjozMDAwMDAwMDAwMDAsImRlbGV0ZSI6MzAwMDAwMDAwMDAwLCJ1cGRhdGUiOjEyMDAwMDAwMDAwMH19",
          "dependencies": [
            "aws_eip.gw",
            "aws_internet_gateway.gw",
            "aws_nat_gateway.gw",
            "aws_subnet.public",
            "aws_vpc.main",
            "data.aws_availability_zones.available"
          ]
        },
        {
          "index_key": 1,
          "schema_version": 0,
          "attributes": {
            "arn": "arn:aws:ec2:eu-west-3:339518963654:route-table/rtb-0e26ccb761579f799",
            "id": "rtb-0e26ccb761579f799",
            "owner_id": "339518963654",
            "propagating_vgws": [],
            "route": [
              {
                "carrier_gateway_id": "",
                "cidr_block": "0.0.0.0/0",
                "destination_prefix_list_id": "",
                "egress_only_gateway_id": "",
                "gateway_id": "",
                "instance_id": "",
                "ipv6_cidr_block": "",
                "local_gateway_id": "",
                "nat_gateway_id": "nat-014498bacd0f583ad",
                "network_interface_id": "",
                "transit_gateway_id": "",
                "vpc_endpoint_id": "",
                "vpc_peering_connection_id": ""
              }
            ],
            "tags": {
              "project": "6fire"
            },
            "tags_all": {
              "project": "6fire"
            },
            "timeouts": null,
            "vpc_id": "vpc-03d9f5416b50ecddc"
          },
          "sensitive_attributes": [],
          "private": "eyJlMmJmYjczMC1lY2FhLTExZTYtOGY4OC0zNDM2M2JjN2M0YzAiOnsiY3JlYXRlIjozMDAwMDAwMDAwMDAsImRlbGV0ZSI6MzAwMDAwMDAwMDAwLCJ1cGRhdGUiOjEyMDAwMDAwMDAwMH19",
          "dependencies": [
            "aws_eip.gw",
            "aws_internet_gateway.gw",
            "aws_nat_gateway.gw",
            "aws_subnet.public",
            "aws_vpc.main",
            "data.aws_availability_zones.available"
          ]
        }
      ]
    },
    {
      "mode": "managed",
      "type": "aws_route_table_association",
      "name": "private",
      "provider": "provider[\"registry.terraform.io/hashicorp/aws\"]",
      "instances": [
        {
          "index_key": 0,
          "schema_version": 0,
          "attributes": {
            "gateway_id": "",
            "id": "rtbassoc-066fe0b8ffdccdd17",
            "route_table_id": "rtb-047d00f9e799e63aa",
            "subnet_id": "subnet-05a94453f826cfd4b"
          },
          "sensitive_attributes": [],
          "private": "bnVsbA==",
          "dependencies": [
            "aws_eip.gw",
            "aws_internet_gateway.gw",
            "aws_nat_gateway.gw",
            "aws_route_table.private",
            "aws_subnet.private",
            "aws_subnet.public",
            "aws_vpc.main",
            "data.aws_availability_zones.available"
          ]
        },
        {
          "index_key": 1,
          "schema_version": 0,
          "attributes": {
            "gateway_id": "",
            "id": "rtbassoc-0ae590c4584d89517",
            "route_table_id": "rtb-0e26ccb761579f799",
            "subnet_id": "subnet-044041e5d36ee1bcb"
          },
          "sensitive_attributes": [],
          "private": "bnVsbA==",
          "dependencies": [
            "aws_eip.gw",
            "aws_internet_gateway.gw",
            "aws_nat_gateway.gw",
            "aws_route_table.private",
            "aws_subnet.private",
            "aws_subnet.public",
            "aws_vpc.main",
            "data.aws_availability_zones.available"
          ]
        }
      ]
    },
    {
      "mode": "managed",
      "type": "aws_security_group",
      "name": "ecs_tasks",
      "provider": "provider[\"registry.terraform.io/hashicorp/aws\"]",
      "instances": [
        {
          "schema_version": 1,
          "attributes": {
            "arn": "arn:aws:ec2:eu-west-3:339518963654:security-group/sg-07d3d747a6f4fcd81",
            "description": "allow inbound access from the ALB only",
            "egress": [
              {
                "cidr_blocks": [
                  "0.0.0.0/0"
                ],
                "description": "",
                "from_port": 0,
                "ipv6_cidr_blocks": [],
                "prefix_list_ids": [],
                "protocol": "-1",
                "security_groups": [],
                "self": false,
                "to_port": 0
              }
            ],
            "id": "sg-07d3d747a6f4fcd81",
            "ingress": [
              {
                "cidr_blocks": [],
                "description": "",
                "from_port": 3000,
                "ipv6_cidr_blocks": [],
                "prefix_list_ids": [],
                "protocol": "tcp",
                "security_groups": [
                  "sg-0c63ceed84564856f"
                ],
                "self": false,
                "to_port": 3333
              }
            ],
            "name": "6fire-ecs-tasks",
            "name_prefix": "",
            "owner_id": "339518963654",
            "revoke_rules_on_delete": false,
            "tags": {
              "project": "6fire"
            },
            "tags_all": {
              "project": "6fire"
            },
            "timeouts": null,
            "vpc_id": "vpc-03d9f5416b50ecddc"
          },
          "sensitive_attributes": [],
          "private": "eyJlMmJmYjczMC1lY2FhLTExZTYtOGY4OC0zNDM2M2JjN2M0YzAiOnsiY3JlYXRlIjo2MDAwMDAwMDAwMDAsImRlbGV0ZSI6OTAwMDAwMDAwMDAwfSwic2NoZW1hX3ZlcnNpb24iOiIxIn0=",
          "dependencies": [
            "aws_security_group.lb_api",
            "aws_vpc.main"
          ]
        }
      ]
    },
    {
      "mode": "managed",
      "type": "aws_security_group",
      "name": "lb_api",
      "provider": "provider[\"registry.terraform.io/hashicorp/aws\"]",
      "instances": [
        {
          "schema_version": 1,
          "attributes": {
            "arn": "arn:aws:ec2:eu-west-3:339518963654:security-group/sg-0c63ceed84564856f",
            "description": "controls access to the ALB",
            "egress": [
              {
                "cidr_blocks": [
                  "0.0.0.0/0"
                ],
                "description": "",
                "from_port": 0,
                "ipv6_cidr_blocks": [],
                "prefix_list_ids": [],
                "protocol": "-1",
                "security_groups": [],
                "self": false,
                "to_port": 0
              }
            ],
            "id": "sg-0c63ceed84564856f",
            "ingress": [
              {
                "cidr_blocks": [
                  "0.0.0.0/0"
                ],
                "description": "",
                "from_port": 80,
                "ipv6_cidr_blocks": [],
                "prefix_list_ids": [],
                "protocol": "tcp",
                "security_groups": [],
                "self": false,
                "to_port": 8080
              }
            ],
            "name": "6fire-ecs-alb",
            "name_prefix": "",
            "owner_id": "339518963654",
            "revoke_rules_on_delete": false,
            "tags": {
              "project": "6fire"
            },
            "tags_all": {
              "project": "6fire"
            },
            "timeouts": null,
            "vpc_id": "vpc-03d9f5416b50ecddc"
          },
          "sensitive_attributes": [],
          "private": "eyJlMmJmYjczMC1lY2FhLTExZTYtOGY4OC0zNDM2M2JjN2M0YzAiOnsiY3JlYXRlIjo2MDAwMDAwMDAwMDAsImRlbGV0ZSI6OTAwMDAwMDAwMDAwfSwic2NoZW1hX3ZlcnNpb24iOiIxIn0=",
          "dependencies": [
            "aws_vpc.main"
          ]
        }
      ]
    },
    {
      "mode": "managed",
      "type": "aws_security_group",
      "name": "rds_sg",
      "provider": "provider[\"registry.terraform.io/hashicorp/aws\"]",
      "instances": [
        {
          "schema_version": 1,
          "attributes": {
            "arn": "arn:aws:ec2:eu-west-3:339518963654:security-group/sg-0dda77c3d8f412ee7",
            "description": "6fire rds security group",
            "egress": [],
            "id": "sg-0dda77c3d8f412ee7",
            "ingress": [
              {
                "cidr_blocks": [
                  "179.0.0.1/32"
                ],
                "description": "",
                "from_port": 5432,
                "ipv6_cidr_blocks": [],
                "prefix_list_ids": [],
                "protocol": "tcp",
                "security_groups": [],
                "self": false,
                "to_port": 5432
              }
            ],
            "name": "6fire-rds-sg",
            "name_prefix": "",
            "owner_id": "339518963654",
            "revoke_rules_on_delete": false,
            "tags": {},
            "tags_all": {},
            "timeouts": null,
            "vpc_id": "vpc-03d9f5416b50ecddc"
          },
          "sensitive_attributes": [],
          "private": "eyJlMmJmYjczMC1lY2FhLTExZTYtOGY4OC0zNDM2M2JjN2M0YzAiOnsiY3JlYXRlIjo2MDAwMDAwMDAwMDAsImRlbGV0ZSI6OTAwMDAwMDAwMDAwfSwic2NoZW1hX3ZlcnNpb24iOiIxIn0=",
          "dependencies": [
            "aws_vpc.main"
          ]
        }
      ]
    },
    {
      "mode": "managed",
      "type": "aws_subnet",
      "name": "private",
      "provider": "provider[\"registry.terraform.io/hashicorp/aws\"]",
      "instances": [
        {
          "index_key": 0,
          "schema_version": 1,
          "attributes": {
            "arn": "arn:aws:ec2:eu-west-3:339518963654:subnet/subnet-05a94453f826cfd4b",
            "assign_ipv6_address_on_creation": false,
            "availability_zone": "eu-west-3a",
            "availability_zone_id": "euw3-az1",
            "cidr_block": "172.19.0.0/24",
            "customer_owned_ipv4_pool": "",
            "enable_dns64": false,
            "enable_resource_name_dns_a_record_on_launch": false,
            "enable_resource_name_dns_aaaa_record_on_launch": false,
            "id": "subnet-05a94453f826cfd4b",
            "ipv6_cidr_block": "",
            "ipv6_cidr_block_association_id": "",
            "ipv6_native": false,
            "map_customer_owned_ip_on_launch": false,
            "map_public_ip_on_launch": false,
            "outpost_arn": "",
            "owner_id": "339518963654",
            "private_dns_hostname_type_on_launch": "ip-name",
            "tags": {
              "project": "6fire"
            },
            "tags_all": {
              "project": "6fire"
            },
            "timeouts": null,
            "vpc_id": "vpc-03d9f5416b50ecddc"
          },
          "sensitive_attributes": [],
          "private": "eyJlMmJmYjczMC1lY2FhLTExZTYtOGY4OC0zNDM2M2JjN2M0YzAiOnsiY3JlYXRlIjo2MDAwMDAwMDAwMDAsImRlbGV0ZSI6MTIwMDAwMDAwMDAwMH0sInNjaGVtYV92ZXJzaW9uIjoiMSJ9",
          "dependencies": [
            "aws_vpc.main",
            "data.aws_availability_zones.available"
          ]
        },
        {
          "index_key": 1,
          "schema_version": 1,
          "attributes": {
            "arn": "arn:aws:ec2:eu-west-3:339518963654:subnet/subnet-044041e5d36ee1bcb",
            "assign_ipv6_address_on_creation": false,
            "availability_zone": "eu-west-3b",
            "availability_zone_id": "euw3-az2",
            "cidr_block": "172.19.1.0/24",
            "customer_owned_ipv4_pool": "",
            "enable_dns64": false,
            "enable_resource_name_dns_a_record_on_launch": false,
            "enable_resource_name_dns_aaaa_record_on_launch": false,
            "id": "subnet-044041e5d36ee1bcb",
            "ipv6_cidr_block": "",
            "ipv6_cidr_block_association_id": "",
            "ipv6_native": false,
            "map_customer_owned_ip_on_launch": false,
            "map_public_ip_on_launch": false,
            "outpost_arn": "",
            "owner_id": "339518963654",
            "private_dns_hostname_type_on_launch": "ip-name",
            "tags": {
              "project": "6fire"
            },
            "tags_all": {
              "project": "6fire"
            },
            "timeouts": null,
            "vpc_id": "vpc-03d9f5416b50ecddc"
          },
          "sensitive_attributes": [],
          "private": "eyJlMmJmYjczMC1lY2FhLTExZTYtOGY4OC0zNDM2M2JjN2M0YzAiOnsiY3JlYXRlIjo2MDAwMDAwMDAwMDAsImRlbGV0ZSI6MTIwMDAwMDAwMDAwMH0sInNjaGVtYV92ZXJzaW9uIjoiMSJ9",
          "dependencies": [
            "aws_vpc.main",
            "data.aws_availability_zones.available"
          ]
        }
      ]
    },
    {
      "mode": "managed",
      "type": "aws_subnet",
      "name": "public",
      "provider": "provider[\"registry.terraform.io/hashicorp/aws\"]",
      "instances": [
        {
          "index_key": 0,
          "schema_version": 1,
          "attributes": {
            "arn": "arn:aws:ec2:eu-west-3:339518963654:subnet/subnet-0d439c4e30c209567",
            "assign_ipv6_address_on_creation": false,
            "availability_zone": "eu-west-3a",
            "availability_zone_id": "euw3-az1",
            "cidr_block": "172.19.2.0/24",
            "customer_owned_ipv4_pool": "",
            "enable_dns64": false,
            "enable_resource_name_dns_a_record_on_launch": false,
            "enable_resource_name_dns_aaaa_record_on_launch": false,
            "id": "subnet-0d439c4e30c209567",
            "ipv6_cidr_block": "",
            "ipv6_cidr_block_association_id": "",
            "ipv6_native": false,
            "map_customer_owned_ip_on_launch": false,
            "map_public_ip_on_launch": true,
            "outpost_arn": "",
            "owner_id": "339518963654",
            "private_dns_hostname_type_on_launch": "ip-name",
            "tags": {
              "project": "6fire"
            },
            "tags_all": {
              "project": "6fire"
            },
            "timeouts": null,
            "vpc_id": "vpc-03d9f5416b50ecddc"
          },
          "sensitive_attributes": [],
          "private": "eyJlMmJmYjczMC1lY2FhLTExZTYtOGY4OC0zNDM2M2JjN2M0YzAiOnsiY3JlYXRlIjo2MDAwMDAwMDAwMDAsImRlbGV0ZSI6MTIwMDAwMDAwMDAwMH0sInNjaGVtYV92ZXJzaW9uIjoiMSJ9",
          "dependencies": [
            "aws_vpc.main",
            "data.aws_availability_zones.available"
          ]
        },
        {
          "index_key": 1,
          "schema_version": 1,
          "attributes": {
            "arn": "arn:aws:ec2:eu-west-3:339518963654:subnet/subnet-0d9f4005bec1dc21c",
            "assign_ipv6_address_on_creation": false,
            "availability_zone": "eu-west-3b",
            "availability_zone_id": "euw3-az2",
            "cidr_block": "172.19.3.0/24",
            "customer_owned_ipv4_pool": "",
            "enable_dns64": false,
            "enable_resource_name_dns_a_record_on_launch": false,
            "enable_resource_name_dns_aaaa_record_on_launch": false,
            "id": "subnet-0d9f4005bec1dc21c",
            "ipv6_cidr_block": "",
            "ipv6_cidr_block_association_id": "",
            "ipv6_native": false,
            "map_customer_owned_ip_on_launch": false,
            "map_public_ip_on_launch": true,
            "outpost_arn": "",
            "owner_id": "339518963654",
            "private_dns_hostname_type_on_launch": "ip-name",
            "tags": {
              "project": "6fire"
            },
            "tags_all": {
              "project": "6fire"
            },
            "timeouts": null,
            "vpc_id": "vpc-03d9f5416b50ecddc"
          },
          "sensitive_attributes": [],
          "private": "eyJlMmJmYjczMC1lY2FhLTExZTYtOGY4OC0zNDM2M2JjN2M0YzAiOnsiY3JlYXRlIjo2MDAwMDAwMDAwMDAsImRlbGV0ZSI6MTIwMDAwMDAwMDAwMH0sInNjaGVtYV92ZXJzaW9uIjoiMSJ9",
          "dependencies": [
            "aws_vpc.main",
            "data.aws_availability_zones.available"
          ]
        }
      ]
    },
    {
      "mode": "managed",
      "type": "aws_vpc",
      "name": "main",
      "provider": "provider[\"registry.terraform.io/hashicorp/aws\"]",
      "instances": [
        {
          "schema_version": 1,
          "attributes": {
            "arn": "arn:aws:ec2:eu-west-3:339518963654:vpc/vpc-03d9f5416b50ecddc",
            "assign_generated_ipv6_cidr_block": false,
            "cidr_block": "172.19.0.0/16",
            "default_network_acl_id": "acl-0f41afdaf0f1c8ce8",
            "default_route_table_id": "rtb-03c6118ebcfe6bcc0",
            "default_security_group_id": "sg-0530135fa27420728",
            "dhcp_options_id": "dopt-659d8f0c",
            "enable_classiclink": false,
            "enable_classiclink_dns_support": false,
            "enable_dns_hostnames": true,
            "enable_dns_support": true,
            "id": "vpc-03d9f5416b50ecddc",
            "instance_tenancy": "default",
            "ipv4_ipam_pool_id": null,
            "ipv4_netmask_length": null,
            "ipv6_association_id": "",
            "ipv6_cidr_block": "",
            "ipv6_cidr_block_network_border_group": "",
            "ipv6_ipam_pool_id": "",
            "ipv6_netmask_length": 0,
            "main_route_table_id": "rtb-03c6118ebcfe6bcc0",
            "owner_id": "339518963654",
            "tags": {
              "project": "6fire"
            },
            "tags_all": {
              "project": "6fire"
            }
          },
          "sensitive_attributes": [],
          "private": "eyJzY2hlbWFfdmVyc2lvbiI6IjEifQ=="
        }
      ]
    }
  ]
}
